// !$*UTF8*$!
{
	archiveVersion = 1;
	classes = {
	};
	objectVersion = 46;
	objects = {

/* Begin PBXBuildFile section */
		74180C77190F496E00A35C82 /* Foundation.framework in Frameworks */ = {isa = PBXBuildFile; fileRef = 74180C76190F496E00A35C82 /* Foundation.framework */; };
		74180C79190F496E00A35C82 /* CoreGraphics.framework in Frameworks */ = {isa = PBXBuildFile; fileRef = 74180C78190F496E00A35C82 /* CoreGraphics.framework */; };
		74180C7B190F496E00A35C82 /* UIKit.framework in Frameworks */ = {isa = PBXBuildFile; fileRef = 74180C7A190F496E00A35C82 /* UIKit.framework */; };
		74180C81190F496E00A35C82 /* InfoPlist.strings in Resources */ = {isa = PBXBuildFile; fileRef = 74180C7F190F496E00A35C82 /* InfoPlist.strings */; };
		74180C83190F496E00A35C82 /* main.m in Sources */ = {isa = PBXBuildFile; fileRef = 74180C82190F496E00A35C82 /* main.m */; };
		74180C87190F496E00A35C82 /* AppDelegate.m in Sources */ = {isa = PBXBuildFile; fileRef = 74180C86190F496E00A35C82 /* AppDelegate.m */; };
		74180C8A190F496E00A35C82 /* Main_iPhone.storyboard in Resources */ = {isa = PBXBuildFile; fileRef = 74180C88190F496E00A35C82 /* Main_iPhone.storyboard */; };
		74180C8D190F496E00A35C82 /* Main_iPad.storyboard in Resources */ = {isa = PBXBuildFile; fileRef = 74180C8B190F496E00A35C82 /* Main_iPad.storyboard */; };
		74180C90190F496E00A35C82 /* ViewController.m in Sources */ = {isa = PBXBuildFile; fileRef = 74180C8F190F496E00A35C82 /* ViewController.m */; };
		74180C99190F496E00A35C82 /* XCTest.framework in Frameworks */ = {isa = PBXBuildFile; fileRef = 74180C98190F496E00A35C82 /* XCTest.framework */; };
		74180C9A190F496E00A35C82 /* Foundation.framework in Frameworks */ = {isa = PBXBuildFile; fileRef = 74180C76190F496E00A35C82 /* Foundation.framework */; };
		74180C9B190F496E00A35C82 /* UIKit.framework in Frameworks */ = {isa = PBXBuildFile; fileRef = 74180C7A190F496E00A35C82 /* UIKit.framework */; };
		74180CA3190F496E00A35C82 /* InfoPlist.strings in Resources */ = {isa = PBXBuildFile; fileRef = 74180CA1190F496E00A35C82 /* InfoPlist.strings */; };
		74180CA5190F496E00A35C82 /* MessageDisplayKitStoryBoradExampleTests.m in Sources */ = {isa = PBXBuildFile; fileRef = 74180CA4190F496E00A35C82 /* MessageDisplayKitStoryBoradExampleTests.m */; };
		74180CE9190F54C100A35C82 /* XHDemoWeChatMessageTableViewController.m in Sources */ = {isa = PBXBuildFile; fileRef = 74180CE8190F54C100A35C82 /* XHDemoWeChatMessageTableViewController.m */; };
		744FBDD01915FFD500FB4A65 /* Default-568h@2x.png in Resources */ = {isa = PBXBuildFile; fileRef = 744FBDCE1915FFD500FB4A65 /* Default-568h@2x.png */; };
		744FBDD11915FFD500FB4A65 /* Default@2x.png in Resources */ = {isa = PBXBuildFile; fileRef = 744FBDCF1915FFD500FB4A65 /* Default@2x.png */; };
		749019BE191D39850049AFF9 /* avator@2x.png in Resources */ = {isa = PBXBuildFile; fileRef = 749019B8191D39850049AFF9 /* avator@2x.png */; };
		749019C1191D39850049AFF9 /* IMG_1555.MOV in Resources */ = {isa = PBXBuildFile; fileRef = 749019BB191D39850049AFF9 /* IMG_1555.MOV */; };
		749019C2191D39850049AFF9 /* placeholderImage@2x.png in Resources */ = {isa = PBXBuildFile; fileRef = 749019BC191D39850049AFF9 /* placeholderImage@2x.png */; };
		749019C3191D39850049AFF9 /* TableViewBackgroundImage@2x.png in Resources */ = {isa = PBXBuildFile; fileRef = 749019BD191D39850049AFF9 /* TableViewBackgroundImage@2x.png */; };
		F751C8D31A4C468B00743ECB /* AddGroupMemberBtn@2x.png in Resources */ = {isa = PBXBuildFile; fileRef = F751C8741A4C468B00743ECB /* AddGroupMemberBtn@2x.png */; };
		F751C8D41A4C468B00743ECB /* AddGroupMemberBtnHL@2x.png in Resources */ = {isa = PBXBuildFile; fileRef = F751C8751A4C468B00743ECB /* AddGroupMemberBtnHL@2x.png */; };
		F751C8D51A4C468B00743ECB /* avator@2x.png in Resources */ = {isa = PBXBuildFile; fileRef = F751C8761A4C468B00743ECB /* avator@2x.png */; };
		F751C8D61A4C468B00743ECB /* CellBlueSelected@2x.png in Resources */ = {isa = PBXBuildFile; fileRef = F751C8771A4C468B00743ECB /* CellBlueSelected@2x.png */; };
		F751C8D71A4C468B00743ECB /* CellGraySelected@2x.png in Resources */ = {isa = PBXBuildFile; fileRef = F751C8781A4C468B00743ECB /* CellGraySelected@2x.png */; };
		F751C8D81A4C468B00743ECB /* CellNotSelected@2x.png in Resources */ = {isa = PBXBuildFile; fileRef = F751C8791A4C468B00743ECB /* CellNotSelected@2x.png */; };
		F751C8D91A4C468B00743ECB /* CellRedSelected@2x.png in Resources */ = {isa = PBXBuildFile; fileRef = F751C87A1A4C468B00743ECB /* CellRedSelected@2x.png */; };
		F751C8DA1A4C468B00743ECB /* contacts_add_friend@2x.png in Resources */ = {isa = PBXBuildFile; fileRef = F751C87B1A4C468B00743ECB /* contacts_add_friend@2x.png */; };
		F751C8DB1A4C468B00743ECB /* contacts_add_newmessage@2x.png in Resources */ = {isa = PBXBuildFile; fileRef = F751C87C1A4C468B00743ECB /* contacts_add_newmessage@2x.png */; };
		F751C8DC1A4C468B00743ECB /* contacts_add_photo@2x.png in Resources */ = {isa = PBXBuildFile; fileRef = F751C87D1A4C468B00743ECB /* contacts_add_photo@2x.png */; };
		F751C8DD1A4C468B00743ECB /* contacts_add_scan@2x.png in Resources */ = {isa = PBXBuildFile; fileRef = F751C87E1A4C468B00743ECB /* contacts_add_scan@2x.png */; };
		F751C8DE1A4C468B00743ECB /* contacts_add_voip@2x.png in Resources */ = {isa = PBXBuildFile; fileRef = F751C87F1A4C468B00743ECB /* contacts_add_voip@2x.png */; };
		F751C8DF1A4C468B00743ECB /* ContactsPanelDotRect@2x.png in Resources */ = {isa = PBXBuildFile; fileRef = F751C8801A4C468B00743ECB /* ContactsPanelDotRect@2x.png */; };
		F751C8E01A4C468B00743ECB /* MessageDisplayKitString.strings in Resources */ = {isa = PBXBuildFile; fileRef = F751C8831A4C468B00743ECB /* MessageDisplayKitString.strings */; };
		F751C8E11A4C468B00743ECB /* face@2x.png in Resources */ = {isa = PBXBuildFile; fileRef = F751C8841A4C468B00743ECB /* face@2x.png */; };
		F751C8E21A4C468B00743ECB /* face_HL@2x.png in Resources */ = {isa = PBXBuildFile; fileRef = F751C8851A4C468B00743ECB /* face_HL@2x.png */; };
		F751C8E31A4C468B00743ECB /* Fav_Cell_Loc@2x.png in Resources */ = {isa = PBXBuildFile; fileRef = F751C8861A4C468B00743ECB /* Fav_Cell_Loc@2x.png */; };
		F751C8E41A4C468B00743ECB /* input-bar-background.png in Resources */ = {isa = PBXBuildFile; fileRef = F751C8871A4C468B00743ECB /* input-bar-background.png */; };
		F751C8E51A4C468B00743ECB /* input-bar-background@2x.png in Resources */ = {isa = PBXBuildFile; fileRef = F751C8881A4C468B00743ECB /* input-bar-background@2x.png */; };
		F751C8E61A4C468B00743ECB /* input-bar-flat.png in Resources */ = {isa = PBXBuildFile; fileRef = F751C8891A4C468B00743ECB /* input-bar-flat.png */; };
		F751C8E71A4C468B00743ECB /* input-bar-flat@2x.png in Resources */ = {isa = PBXBuildFile; fileRef = F751C88A1A4C468B00743ECB /* input-bar-flat@2x.png */; };
		F751C8E81A4C468B00743ECB /* input-field-cover.png in Resources */ = {isa = PBXBuildFile; fileRef = F751C88B1A4C468B00743ECB /* input-field-cover.png */; };
		F751C8E91A4C468B00743ECB /* input-field-cover@2x.png in Resources */ = {isa = PBXBuildFile; fileRef = F751C88C1A4C468B00743ECB /* input-field-cover@2x.png */; };
		F751C8EA1A4C468B00743ECB /* keyborad@2x.png in Resources */ = {isa = PBXBuildFile; fileRef = F751C88D1A4C468B00743ECB /* keyborad@2x.png */; };
		F751C8EB1A4C468B00743ECB /* keyborad_HL@2x.png in Resources */ = {isa = PBXBuildFile; fileRef = F751C88E1A4C468B00743ECB /* keyborad_HL@2x.png */; };
		F751C8EC1A4C468B00743ECB /* MessageVideoPlay@2x.png in Resources */ = {isa = PBXBuildFile; fileRef = F751C88F1A4C468B00743ECB /* MessageVideoPlay@2x.png */; };
		F751C8ED1A4C468B00743ECB /* MoreFunctionFrame@2x.png in Resources */ = {isa = PBXBuildFile; fileRef = F751C8901A4C468B00743ECB /* MoreFunctionFrame@2x.png */; };
		F751C8EE1A4C468B00743ECB /* msg_chat_voice_unread.png in Resources */ = {isa = PBXBuildFile; fileRef = F751C8911A4C468B00743ECB /* msg_chat_voice_unread.png */; };
		F751C8EF1A4C468B00743ECB /* msg_chat_voice_unread@2x.png in Resources */ = {isa = PBXBuildFile; fileRef = F751C8921A4C468B00743ECB /* msg_chat_voice_unread@2x.png */; };
		F751C8F01A4C468B00743ECB /* multiMedia@2x.png in Resources */ = {isa = PBXBuildFile; fileRef = F751C8931A4C468B00743ECB /* multiMedia@2x.png */; };
		F751C8F11A4C468B00743ECB /* multiMedia_HL@2x.png in Resources */ = {isa = PBXBuildFile; fileRef = F751C8941A4C468B00743ECB /* multiMedia_HL@2x.png */; };
		F751C8F21A4C468B00743ECB /* MultiSelectedPanelBkg@2x.png in Resources */ = {isa = PBXBuildFile; fileRef = F751C8951A4C468B00743ECB /* MultiSelectedPanelBkg@2x.png */; };
		F751C8F31A4C468B00743ECB /* MultiSelectedPanelConfirmBtnbKG@2x.png in Resources */ = {isa = PBXBuildFile; fileRef = F751C8961A4C468B00743ECB /* MultiSelectedPanelConfirmBtnbKG@2x.png */; };
		F751C8F41A4C468B00743ECB /* placeholderImage@2x.png in Resources */ = {isa = PBXBuildFile; fileRef = F751C8971A4C468B00743ECB /* placeholderImage@2x.png */; };
		F751C8F51A4C468B00743ECB /* ReceiverVoiceNodePlaying000@2x.png in Resources */ = {isa = PBXBuildFile; fileRef = F751C8981A4C468B00743ECB /* ReceiverVoiceNodePlaying000@2x.png */; };
		F751C8F61A4C468B00743ECB /* ReceiverVoiceNodePlaying001@2x.png in Resources */ = {isa = PBXBuildFile; fileRef = F751C8991A4C468B00743ECB /* ReceiverVoiceNodePlaying001@2x.png */; };
		F751C8F71A4C468B00743ECB /* ReceiverVoiceNodePlaying002@2x.png in Resources */ = {isa = PBXBuildFile; fileRef = F751C89A1A4C468B00743ECB /* ReceiverVoiceNodePlaying002@2x.png */; };
		F751C8F81A4C468B00743ECB /* ReceiverVoiceNodePlaying003@2x.png in Resources */ = {isa = PBXBuildFile; fileRef = F751C89B1A4C468B00743ECB /* ReceiverVoiceNodePlaying003@2x.png */; };
		F751C8F91A4C468B00743ECB /* ReceiverVoiceNodePlaying@2x.png in Resources */ = {isa = PBXBuildFile; fileRef = F751C89C1A4C468B00743ECB /* ReceiverVoiceNodePlaying@2x.png */; };
		F751C8FA1A4C468B00743ECB /* RecordCancel@2x.png in Resources */ = {isa = PBXBuildFile; fileRef = F751C89D1A4C468B00743ECB /* RecordCancel@2x.png */; };
		F751C8FB1A4C468B00743ECB /* RecordingBkg@2x.png in Resources */ = {isa = PBXBuildFile; fileRef = F751C89E1A4C468B00743ECB /* RecordingBkg@2x.png */; };
		F751C8FC1A4C468B00743ECB /* RecordingSignal001@2x.png in Resources */ = {isa = PBXBuildFile; fileRef = F751C89F1A4C468B00743ECB /* RecordingSignal001@2x.png */; };
		F751C8FD1A4C468B00743ECB /* RecordingSignal002@2x.png in Resources */ = {isa = PBXBuildFile; fileRef = F751C8A01A4C468B00743ECB /* RecordingSignal002@2x.png */; };
		F751C8FE1A4C468B00743ECB /* RecordingSignal003@2x.png in Resources */ = {isa = PBXBuildFile; fileRef = F751C8A11A4C468B00743ECB /* RecordingSignal003@2x.png */; };
		F751C8FF1A4C468B00743ECB /* RecordingSignal004@2x.png in Resources */ = {isa = PBXBuildFile; fileRef = F751C8A21A4C468B00743ECB /* RecordingSignal004@2x.png */; };
		F751C9001A4C468B00743ECB /* RecordingSignal005@2x.png in Resources */ = {isa = PBXBuildFile; fileRef = F751C8A31A4C468B00743ECB /* RecordingSignal005@2x.png */; };
		F751C9011A4C468B00743ECB /* RecordingSignal006@2x.png in Resources */ = {isa = PBXBuildFile; fileRef = F751C8A41A4C468B00743ECB /* RecordingSignal006@2x.png */; };
		F751C9021A4C468B00743ECB /* RecordingSignal007@2x.png in Resources */ = {isa = PBXBuildFile; fileRef = F751C8A51A4C468B00743ECB /* RecordingSignal007@2x.png */; };
		F751C9031A4C468B00743ECB /* RecordingSignal008@2x.png in Resources */ = {isa = PBXBuildFile; fileRef = F751C8A61A4C468B00743ECB /* RecordingSignal008@2x.png */; };
		F751C9041A4C468B00743ECB /* SearchIcon@2x.png in Resources */ = {isa = PBXBuildFile; fileRef = F751C8A71A4C468B00743ECB /* SearchIcon@2x.png */; };
		F751C9051A4C468B00743ECB /* SECoreTextView.bundle in Resources */ = {isa = PBXBuildFile; fileRef = F751C8A81A4C468B00743ECB /* SECoreTextView.bundle */; };
		F751C9061A4C468B00743ECB /* section0_emotion0@2x.png in Resources */ = {isa = PBXBuildFile; fileRef = F751C8A91A4C468B00743ECB /* section0_emotion0@2x.png */; };
		F751C9071A4C468B00743ECB /* section0_emotion10@2x.png in Resources */ = {isa = PBXBuildFile; fileRef = F751C8AA1A4C468B00743ECB /* section0_emotion10@2x.png */; };
		F751C9081A4C468B00743ECB /* section0_emotion11@2x.png in Resources */ = {isa = PBXBuildFile; fileRef = F751C8AB1A4C468B00743ECB /* section0_emotion11@2x.png */; };
		F751C9091A4C468B00743ECB /* section0_emotion12@2x.png in Resources */ = {isa = PBXBuildFile; fileRef = F751C8AC1A4C468B00743ECB /* section0_emotion12@2x.png */; };
		F751C90A1A4C468B00743ECB /* section0_emotion13@2x.png in Resources */ = {isa = PBXBuildFile; fileRef = F751C8AD1A4C468B00743ECB /* section0_emotion13@2x.png */; };
		F751C90B1A4C468B00743ECB /* section0_emotion14@2x.png in Resources */ = {isa = PBXBuildFile; fileRef = F751C8AE1A4C468B00743ECB /* section0_emotion14@2x.png */; };
		F751C90C1A4C468B00743ECB /* section0_emotion15@2x.png in Resources */ = {isa = PBXBuildFile; fileRef = F751C8AF1A4C468B00743ECB /* section0_emotion15@2x.png */; };
		F751C90D1A4C468B00743ECB /* section0_emotion1@2x.png in Resources */ = {isa = PBXBuildFile; fileRef = F751C8B01A4C468B00743ECB /* section0_emotion1@2x.png */; };
		F751C90E1A4C468B00743ECB /* section0_emotion2@2x.png in Resources */ = {isa = PBXBuildFile; fileRef = F751C8B11A4C468B00743ECB /* section0_emotion2@2x.png */; };
		F751C90F1A4C468B00743ECB /* section0_emotion3@2x.png in Resources */ = {isa = PBXBuildFile; fileRef = F751C8B21A4C468B00743ECB /* section0_emotion3@2x.png */; };
		F751C9101A4C468B00743ECB /* section0_emotion4@2x.png in Resources */ = {isa = PBXBuildFile; fileRef = F751C8B31A4C468B00743ECB /* section0_emotion4@2x.png */; };
		F751C9111A4C468B00743ECB /* section0_emotion5@2x.png in Resources */ = {isa = PBXBuildFile; fileRef = F751C8B41A4C468B00743ECB /* section0_emotion5@2x.png */; };
		F751C9121A4C468B00743ECB /* section0_emotion6@2x.png in Resources */ = {isa = PBXBuildFile; fileRef = F751C8B51A4C468B00743ECB /* section0_emotion6@2x.png */; };
		F751C9131A4C468B00743ECB /* section0_emotion7@2x.png in Resources */ = {isa = PBXBuildFile; fileRef = F751C8B61A4C468B00743ECB /* section0_emotion7@2x.png */; };
		F751C9141A4C468B00743ECB /* section0_emotion8@2x.png in Resources */ = {isa = PBXBuildFile; fileRef = F751C8B71A4C468B00743ECB /* section0_emotion8@2x.png */; };
		F751C9151A4C468B00743ECB /* section0_emotion9@2x.png in Resources */ = {isa = PBXBuildFile; fileRef = F751C8B81A4C468B00743ECB /* section0_emotion9@2x.png */; };
		F751C9161A4C468B00743ECB /* SenderVoiceNodePlaying000@2x.png in Resources */ = {isa = PBXBuildFile; fileRef = F751C8B91A4C468B00743ECB /* SenderVoiceNodePlaying000@2x.png */; };
		F751C9171A4C468B00743ECB /* SenderVoiceNodePlaying001@2x.png in Resources */ = {isa = PBXBuildFile; fileRef = F751C8BA1A4C468B00743ECB /* SenderVoiceNodePlaying001@2x.png */; };
		F751C9181A4C468B00743ECB /* SenderVoiceNodePlaying002@2x.png in Resources */ = {isa = PBXBuildFile; fileRef = F751C8BB1A4C468B00743ECB /* SenderVoiceNodePlaying002@2x.png */; };
		F751C9191A4C468B00743ECB /* SenderVoiceNodePlaying003@2x.png in Resources */ = {isa = PBXBuildFile; fileRef = F751C8BC1A4C468B00743ECB /* SenderVoiceNodePlaying003@2x.png */; };
		F751C91A1A4C468B00743ECB /* SenderVoiceNodePlaying@2x.png in Resources */ = {isa = PBXBuildFile; fileRef = F751C8BD1A4C468B00743ECB /* SenderVoiceNodePlaying@2x.png */; };
		F751C91B1A4C468B00743ECB /* sharemore_friendcard@2x.png in Resources */ = {isa = PBXBuildFile; fileRef = F751C8BE1A4C468B00743ECB /* sharemore_friendcard@2x.png */; };
		F751C91C1A4C468B00743ECB /* sharemore_location@2x.png in Resources */ = {isa = PBXBuildFile; fileRef = F751C8BF1A4C468B00743ECB /* sharemore_location@2x.png */; };
		F751C91D1A4C468B00743ECB /* sharemore_myfav@2x.png in Resources */ = {isa = PBXBuildFile; fileRef = F751C8C01A4C468B00743ECB /* sharemore_myfav@2x.png */; };
		F751C91E1A4C468B00743ECB /* sharemore_openapi@2x.png in Resources */ = {isa = PBXBuildFile; fileRef = F751C8C11A4C468B00743ECB /* sharemore_openapi@2x.png */; };
		F751C91F1A4C468B00743ECB /* sharemore_pic@2x.png in Resources */ = {isa = PBXBuildFile; fileRef = F751C8C21A4C468B00743ECB /* sharemore_pic@2x.png */; };
		F751C9201A4C468B00743ECB /* sharemore_video@2x.png in Resources */ = {isa = PBXBuildFile; fileRef = F751C8C31A4C468B00743ECB /* sharemore_video@2x.png */; };
		F751C9211A4C468B00743ECB /* sharemore_videovoip@2x.png in Resources */ = {isa = PBXBuildFile; fileRef = F751C8C41A4C468B00743ECB /* sharemore_videovoip@2x.png */; };
		F751C9221A4C468B00743ECB /* sharemore_voiceinput@2x.png in Resources */ = {isa = PBXBuildFile; fileRef = F751C8C51A4C468B00743ECB /* sharemore_voiceinput@2x.png */; };
		F751C9231A4C468B00743ECB /* sharemore_voipvoice@2x.png in Resources */ = {isa = PBXBuildFile; fileRef = F751C8C61A4C468B00743ECB /* sharemore_voipvoice@2x.png */; };
		F751C9241A4C468B00743ECB /* sharemore_wxtalk@2x.png in Resources */ = {isa = PBXBuildFile; fileRef = F751C8C71A4C468B00743ECB /* sharemore_wxtalk@2x.png */; };
		F751C9251A4C468B00743ECB /* voice@2x.png in Resources */ = {isa = PBXBuildFile; fileRef = F751C8C81A4C468B00743ECB /* voice@2x.png */; };
		F751C9261A4C468B00743ECB /* voice_HL@2x.png in Resources */ = {isa = PBXBuildFile; fileRef = F751C8C91A4C468B00743ECB /* voice_HL@2x.png */; };
		F751C9271A4C468B00743ECB /* VoiceBtn_Black@2x.png in Resources */ = {isa = PBXBuildFile; fileRef = F751C8CA1A4C468B00743ECB /* VoiceBtn_Black@2x.png */; };
		F751C9281A4C468B00743ECB /* VoiceBtn_BlackHL@2x.png in Resources */ = {isa = PBXBuildFile; fileRef = F751C8CB1A4C468B00743ECB /* VoiceBtn_BlackHL@2x.png */; };
		F751C9291A4C468B00743ECB /* weChatBubble_Receiving_Cavern@2x.png in Resources */ = {isa = PBXBuildFile; fileRef = F751C8CC1A4C468B00743ECB /* weChatBubble_Receiving_Cavern@2x.png */; };
		F751C92A1A4C468B00743ECB /* weChatBubble_Receiving_Solid@2x.png in Resources */ = {isa = PBXBuildFile; fileRef = F751C8CD1A4C468B00743ECB /* weChatBubble_Receiving_Solid@2x.png */; };
		F751C92B1A4C468B00743ECB /* weChatBubble_Sending_Cavern@2x.png in Resources */ = {isa = PBXBuildFile; fileRef = F751C8CE1A4C468B00743ECB /* weChatBubble_Sending_Cavern@2x.png */; };
		F751C92C1A4C468B00743ECB /* weChatBubble_Sending_Solid@2x.png in Resources */ = {isa = PBXBuildFile; fileRef = F751C8CF1A4C468B00743ECB /* weChatBubble_Sending_Solid@2x.png */; };
		F751C92D1A4C468B00743ECB /* MessageDisplayKit.framework in Frameworks */ = {isa = PBXBuildFile; fileRef = F751C8D11A4C468B00743ECB /* MessageDisplayKit.framework */; };
/* End PBXBuildFile section */

/* Begin PBXContainerItemProxy section */
		74180C9C190F496E00A35C82 /* PBXContainerItemProxy */ = {
			isa = PBXContainerItemProxy;
			containerPortal = 74180C6B190F496E00A35C82 /* Project object */;
			proxyType = 1;
			remoteGlobalIDString = 74180C72190F496E00A35C82;
			remoteInfo = MessageDisplayKitStoryBoradExample;
		};
/* End PBXContainerItemProxy section */

/* Begin PBXFileReference section */
		74180C73190F496E00A35C82 /* MessageDisplayKitStoryBoradExample.app */ = {isa = PBXFileReference; explicitFileType = wrapper.application; includeInIndex = 0; path = MessageDisplayKitStoryBoradExample.app; sourceTree = BUILT_PRODUCTS_DIR; };
		74180C76190F496E00A35C82 /* Foundation.framework */ = {isa = PBXFileReference; lastKnownFileType = wrapper.framework; name = Foundation.framework; path = System/Library/Frameworks/Foundation.framework; sourceTree = SDKROOT; };
		74180C78190F496E00A35C82 /* CoreGraphics.framework */ = {isa = PBXFileReference; lastKnownFileType = wrapper.framework; name = CoreGraphics.framework; path = System/Library/Frameworks/CoreGraphics.framework; sourceTree = SDKROOT; };
		74180C7A190F496E00A35C82 /* UIKit.framework */ = {isa = PBXFileReference; lastKnownFileType = wrapper.framework; name = UIKit.framework; path = System/Library/Frameworks/UIKit.framework; sourceTree = SDKROOT; };
		74180C7E190F496E00A35C82 /* MessageDisplayKitStoryBoradExample-Info.plist */ = {isa = PBXFileReference; lastKnownFileType = text.plist.xml; path = "MessageDisplayKitStoryBoradExample-Info.plist"; sourceTree = "<group>"; };
		74180C80190F496E00A35C82 /* en */ = {isa = PBXFileReference; lastKnownFileType = text.plist.strings; name = en; path = en.lproj/InfoPlist.strings; sourceTree = "<group>"; };
		74180C82190F496E00A35C82 /* main.m */ = {isa = PBXFileReference; lastKnownFileType = sourcecode.c.objc; path = main.m; sourceTree = "<group>"; };
		74180C84190F496E00A35C82 /* MessageDisplayKitStoryBoradExample-Prefix.pch */ = {isa = PBXFileReference; lastKnownFileType = sourcecode.c.h; path = "MessageDisplayKitStoryBoradExample-Prefix.pch"; sourceTree = "<group>"; };
		74180C85190F496E00A35C82 /* AppDelegate.h */ = {isa = PBXFileReference; lastKnownFileType = sourcecode.c.h; path = AppDelegate.h; sourceTree = "<group>"; };
		74180C86190F496E00A35C82 /* AppDelegate.m */ = {isa = PBXFileReference; lastKnownFileType = sourcecode.c.objc; path = AppDelegate.m; sourceTree = "<group>"; };
		74180C89190F496E00A35C82 /* Base */ = {isa = PBXFileReference; lastKnownFileType = file.storyboard; name = Base; path = Base.lproj/Main_iPhone.storyboard; sourceTree = "<group>"; };
		74180C8C190F496E00A35C82 /* Base */ = {isa = PBXFileReference; lastKnownFileType = file.storyboard; name = Base; path = Base.lproj/Main_iPad.storyboard; sourceTree = "<group>"; };
		74180C8E190F496E00A35C82 /* ViewController.h */ = {isa = PBXFileReference; lastKnownFileType = sourcecode.c.h; path = ViewController.h; sourceTree = "<group>"; };
		74180C8F190F496E00A35C82 /* ViewController.m */ = {isa = PBXFileReference; lastKnownFileType = sourcecode.c.objc; path = ViewController.m; sourceTree = "<group>"; };
		74180C97190F496E00A35C82 /* MessageDisplayKitStoryBoradExampleTests.xctest */ = {isa = PBXFileReference; explicitFileType = wrapper.cfbundle; includeInIndex = 0; path = MessageDisplayKitStoryBoradExampleTests.xctest; sourceTree = BUILT_PRODUCTS_DIR; };
		74180C98190F496E00A35C82 /* XCTest.framework */ = {isa = PBXFileReference; lastKnownFileType = wrapper.framework; name = XCTest.framework; path = Library/Frameworks/XCTest.framework; sourceTree = DEVELOPER_DIR; };
		74180CA0190F496E00A35C82 /* MessageDisplayKitStoryBoradExampleTests-Info.plist */ = {isa = PBXFileReference; lastKnownFileType = text.plist.xml; path = "MessageDisplayKitStoryBoradExampleTests-Info.plist"; sourceTree = "<group>"; };
		74180CA2190F496E00A35C82 /* en */ = {isa = PBXFileReference; lastKnownFileType = text.plist.strings; name = en; path = en.lproj/InfoPlist.strings; sourceTree = "<group>"; };
		74180CA4190F496E00A35C82 /* MessageDisplayKitStoryBoradExampleTests.m */ = {isa = PBXFileReference; lastKnownFileType = sourcecode.c.objc; path = MessageDisplayKitStoryBoradExampleTests.m; sourceTree = "<group>"; };
		74180CE7190F54C100A35C82 /* XHDemoWeChatMessageTableViewController.h */ = {isa = PBXFileReference; fileEncoding = 4; lastKnownFileType = sourcecode.c.h; path = XHDemoWeChatMessageTableViewController.h; sourceTree = "<group>"; };
		74180CE8190F54C100A35C82 /* XHDemoWeChatMessageTableViewController.m */ = {isa = PBXFileReference; fileEncoding = 4; lastKnownFileType = sourcecode.c.objc; path = XHDemoWeChatMessageTableViewController.m; sourceTree = "<group>"; };
		744FBDCE1915FFD500FB4A65 /* Default-568h@2x.png */ = {isa = PBXFileReference; lastKnownFileType = image.png; path = "Default-568h@2x.png"; sourceTree = "<group>"; };
		744FBDCF1915FFD500FB4A65 /* Default@2x.png */ = {isa = PBXFileReference; lastKnownFileType = image.png; path = "Default@2x.png"; sourceTree = "<group>"; };
		749019B8191D39850049AFF9 /* avator@2x.png */ = {isa = PBXFileReference; lastKnownFileType = image.png; path = "avator@2x.png"; sourceTree = "<group>"; };
		749019BB191D39850049AFF9 /* IMG_1555.MOV */ = {isa = PBXFileReference; lastKnownFileType = video.quicktime; path = IMG_1555.MOV; sourceTree = "<group>"; };
		749019BC191D39850049AFF9 /* placeholderImage@2x.png */ = {isa = PBXFileReference; lastKnownFileType = image.png; path = "placeholderImage@2x.png"; sourceTree = "<group>"; };
		749019BD191D39850049AFF9 /* TableViewBackgroundImage@2x.png */ = {isa = PBXFileReference; lastKnownFileType = image.png; path = "TableViewBackgroundImage@2x.png"; sourceTree = "<group>"; };
		F751C8741A4C468B00743ECB /* AddGroupMemberBtn@2x.png */ = {isa = PBXFileReference; lastKnownFileType = image.png; path = "AddGroupMemberBtn@2x.png"; sourceTree = "<group>"; };
		F751C8751A4C468B00743ECB /* AddGroupMemberBtnHL@2x.png */ = {isa = PBXFileReference; lastKnownFileType = image.png; path = "AddGroupMemberBtnHL@2x.png"; sourceTree = "<group>"; };
		F751C8761A4C468B00743ECB /* avator@2x.png */ = {isa = PBXFileReference; lastKnownFileType = image.png; path = "avator@2x.png"; sourceTree = "<group>"; };
		F751C8771A4C468B00743ECB /* CellBlueSelected@2x.png */ = {isa = PBXFileReference; lastKnownFileType = image.png; path = "CellBlueSelected@2x.png"; sourceTree = "<group>"; };
		F751C8781A4C468B00743ECB /* CellGraySelected@2x.png */ = {isa = PBXFileReference; lastKnownFileType = image.png; path = "CellGraySelected@2x.png"; sourceTree = "<group>"; };
		F751C8791A4C468B00743ECB /* CellNotSelected@2x.png */ = {isa = PBXFileReference; lastKnownFileType = image.png; path = "CellNotSelected@2x.png"; sourceTree = "<group>"; };
		F751C87A1A4C468B00743ECB /* CellRedSelected@2x.png */ = {isa = PBXFileReference; lastKnownFileType = image.png; path = "CellRedSelected@2x.png"; sourceTree = "<group>"; };
		F751C87B1A4C468B00743ECB /* contacts_add_friend@2x.png */ = {isa = PBXFileReference; lastKnownFileType = image.png; path = "contacts_add_friend@2x.png"; sourceTree = "<group>"; };
		F751C87C1A4C468B00743ECB /* contacts_add_newmessage@2x.png */ = {isa = PBXFileReference; lastKnownFileType = image.png; path = "contacts_add_newmessage@2x.png"; sourceTree = "<group>"; };
		F751C87D1A4C468B00743ECB /* contacts_add_photo@2x.png */ = {isa = PBXFileReference; lastKnownFileType = image.png; path = "contacts_add_photo@2x.png"; sourceTree = "<group>"; };
		F751C87E1A4C468B00743ECB /* contacts_add_scan@2x.png */ = {isa = PBXFileReference; lastKnownFileType = image.png; path = "contacts_add_scan@2x.png"; sourceTree = "<group>"; };
		F751C87F1A4C468B00743ECB /* contacts_add_voip@2x.png */ = {isa = PBXFileReference; lastKnownFileType = image.png; path = "contacts_add_voip@2x.png"; sourceTree = "<group>"; };
		F751C8801A4C468B00743ECB /* ContactsPanelDotRect@2x.png */ = {isa = PBXFileReference; lastKnownFileType = image.png; path = "ContactsPanelDotRect@2x.png"; sourceTree = "<group>"; };
		F751C8811A4C468B00743ECB /* en */ = {isa = PBXFileReference; lastKnownFileType = text.plist.strings; name = en; path = en.lproj/MessageDisplayKitString.strings; sourceTree = "<group>"; };
		F751C8821A4C468B00743ECB /* zh-Hans */ = {isa = PBXFileReference; lastKnownFileType = text.plist.strings; name = "zh-Hans"; path = "zh-Hans.lproj/MessageDisplayKitString.strings"; sourceTree = "<group>"; };
		F751C8841A4C468B00743ECB /* face@2x.png */ = {isa = PBXFileReference; lastKnownFileType = image.png; path = "face@2x.png"; sourceTree = "<group>"; };
		F751C8851A4C468B00743ECB /* face_HL@2x.png */ = {isa = PBXFileReference; lastKnownFileType = image.png; path = "face_HL@2x.png"; sourceTree = "<group>"; };
		F751C8861A4C468B00743ECB /* Fav_Cell_Loc@2x.png */ = {isa = PBXFileReference; lastKnownFileType = image.png; path = "Fav_Cell_Loc@2x.png"; sourceTree = "<group>"; };
		F751C8871A4C468B00743ECB /* input-bar-background.png */ = {isa = PBXFileReference; lastKnownFileType = image.png; path = "input-bar-background.png"; sourceTree = "<group>"; };
		F751C8881A4C468B00743ECB /* input-bar-background@2x.png */ = {isa = PBXFileReference; lastKnownFileType = image.png; path = "input-bar-background@2x.png"; sourceTree = "<group>"; };
		F751C8891A4C468B00743ECB /* input-bar-flat.png */ = {isa = PBXFileReference; lastKnownFileType = image.png; path = "input-bar-flat.png"; sourceTree = "<group>"; };
		F751C88A1A4C468B00743ECB /* input-bar-flat@2x.png */ = {isa = PBXFileReference; lastKnownFileType = image.png; path = "input-bar-flat@2x.png"; sourceTree = "<group>"; };
		F751C88B1A4C468B00743ECB /* input-field-cover.png */ = {isa = PBXFileReference; lastKnownFileType = image.png; path = "input-field-cover.png"; sourceTree = "<group>"; };
		F751C88C1A4C468B00743ECB /* input-field-cover@2x.png */ = {isa = PBXFileReference; lastKnownFileType = image.png; path = "input-field-cover@2x.png"; sourceTree = "<group>"; };
		F751C88D1A4C468B00743ECB /* keyborad@2x.png */ = {isa = PBXFileReference; lastKnownFileType = image.png; path = "keyborad@2x.png"; sourceTree = "<group>"; };
		F751C88E1A4C468B00743ECB /* keyborad_HL@2x.png */ = {isa = PBXFileReference; lastKnownFileType = image.png; path = "keyborad_HL@2x.png"; sourceTree = "<group>"; };
		F751C88F1A4C468B00743ECB /* MessageVideoPlay@2x.png */ = {isa = PBXFileReference; lastKnownFileType = image.png; path = "MessageVideoPlay@2x.png"; sourceTree = "<group>"; };
		F751C8901A4C468B00743ECB /* MoreFunctionFrame@2x.png */ = {isa = PBXFileReference; lastKnownFileType = image.png; path = "MoreFunctionFrame@2x.png"; sourceTree = "<group>"; };
		F751C8911A4C468B00743ECB /* msg_chat_voice_unread.png */ = {isa = PBXFileReference; lastKnownFileType = image.png; path = msg_chat_voice_unread.png; sourceTree = "<group>"; };
		F751C8921A4C468B00743ECB /* msg_chat_voice_unread@2x.png */ = {isa = PBXFileReference; lastKnownFileType = image.png; path = "msg_chat_voice_unread@2x.png"; sourceTree = "<group>"; };
		F751C8931A4C468B00743ECB /* multiMedia@2x.png */ = {isa = PBXFileReference; lastKnownFileType = image.png; path = "multiMedia@2x.png"; sourceTree = "<group>"; };
		F751C8941A4C468B00743ECB /* multiMedia_HL@2x.png */ = {isa = PBXFileReference; lastKnownFileType = image.png; path = "multiMedia_HL@2x.png"; sourceTree = "<group>"; };
		F751C8951A4C468B00743ECB /* MultiSelectedPanelBkg@2x.png */ = {isa = PBXFileReference; lastKnownFileType = image.png; path = "MultiSelectedPanelBkg@2x.png"; sourceTree = "<group>"; };
		F751C8961A4C468B00743ECB /* MultiSelectedPanelConfirmBtnbKG@2x.png */ = {isa = PBXFileReference; lastKnownFileType = image.png; path = "MultiSelectedPanelConfirmBtnbKG@2x.png"; sourceTree = "<group>"; };
		F751C8971A4C468B00743ECB /* placeholderImage@2x.png */ = {isa = PBXFileReference; lastKnownFileType = image.png; path = "placeholderImage@2x.png"; sourceTree = "<group>"; };
		F751C8981A4C468B00743ECB /* ReceiverVoiceNodePlaying000@2x.png */ = {isa = PBXFileReference; lastKnownFileType = image.png; path = "ReceiverVoiceNodePlaying000@2x.png"; sourceTree = "<group>"; };
		F751C8991A4C468B00743ECB /* ReceiverVoiceNodePlaying001@2x.png */ = {isa = PBXFileReference; lastKnownFileType = image.png; path = "ReceiverVoiceNodePlaying001@2x.png"; sourceTree = "<group>"; };
		F751C89A1A4C468B00743ECB /* ReceiverVoiceNodePlaying002@2x.png */ = {isa = PBXFileReference; lastKnownFileType = image.png; path = "ReceiverVoiceNodePlaying002@2x.png"; sourceTree = "<group>"; };
		F751C89B1A4C468B00743ECB /* ReceiverVoiceNodePlaying003@2x.png */ = {isa = PBXFileReference; lastKnownFileType = image.png; path = "ReceiverVoiceNodePlaying003@2x.png"; sourceTree = "<group>"; };
		F751C89C1A4C468B00743ECB /* ReceiverVoiceNodePlaying@2x.png */ = {isa = PBXFileReference; lastKnownFileType = image.png; path = "ReceiverVoiceNodePlaying@2x.png"; sourceTree = "<group>"; };
		F751C89D1A4C468B00743ECB /* RecordCancel@2x.png */ = {isa = PBXFileReference; lastKnownFileType = image.png; path = "RecordCancel@2x.png"; sourceTree = "<group>"; };
		F751C89E1A4C468B00743ECB /* RecordingBkg@2x.png */ = {isa = PBXFileReference; lastKnownFileType = image.png; path = "RecordingBkg@2x.png"; sourceTree = "<group>"; };
		F751C89F1A4C468B00743ECB /* RecordingSignal001@2x.png */ = {isa = PBXFileReference; lastKnownFileType = image.png; path = "RecordingSignal001@2x.png"; sourceTree = "<group>"; };
		F751C8A01A4C468B00743ECB /* RecordingSignal002@2x.png */ = {isa = PBXFileReference; lastKnownFileType = image.png; path = "RecordingSignal002@2x.png"; sourceTree = "<group>"; };
		F751C8A11A4C468B00743ECB /* RecordingSignal003@2x.png */ = {isa = PBXFileReference; lastKnownFileType = image.png; path = "RecordingSignal003@2x.png"; sourceTree = "<group>"; };
		F751C8A21A4C468B00743ECB /* RecordingSignal004@2x.png */ = {isa = PBXFileReference; lastKnownFileType = image.png; path = "RecordingSignal004@2x.png"; sourceTree = "<group>"; };
		F751C8A31A4C468B00743ECB /* RecordingSignal005@2x.png */ = {isa = PBXFileReference; lastKnownFileType = image.png; path = "RecordingSignal005@2x.png"; sourceTree = "<group>"; };
		F751C8A41A4C468B00743ECB /* RecordingSignal006@2x.png */ = {isa = PBXFileReference; lastKnownFileType = image.png; path = "RecordingSignal006@2x.png"; sourceTree = "<group>"; };
		F751C8A51A4C468B00743ECB /* RecordingSignal007@2x.png */ = {isa = PBXFileReference; lastKnownFileType = image.png; path = "RecordingSignal007@2x.png"; sourceTree = "<group>"; };
		F751C8A61A4C468B00743ECB /* RecordingSignal008@2x.png */ = {isa = PBXFileReference; lastKnownFileType = image.png; path = "RecordingSignal008@2x.png"; sourceTree = "<group>"; };
		F751C8A71A4C468B00743ECB /* SearchIcon@2x.png */ = {isa = PBXFileReference; lastKnownFileType = image.png; path = "SearchIcon@2x.png"; sourceTree = "<group>"; };
		F751C8A81A4C468B00743ECB /* SECoreTextView.bundle */ = {isa = PBXFileReference; lastKnownFileType = "wrapper.plug-in"; path = SECoreTextView.bundle; sourceTree = "<group>"; };
		F751C8A91A4C468B00743ECB /* section0_emotion0@2x.png */ = {isa = PBXFileReference; lastKnownFileType = image.png; path = "section0_emotion0@2x.png"; sourceTree = "<group>"; };
		F751C8AA1A4C468B00743ECB /* section0_emotion10@2x.png */ = {isa = PBXFileReference; lastKnownFileType = image.png; path = "section0_emotion10@2x.png"; sourceTree = "<group>"; };
		F751C8AB1A4C468B00743ECB /* section0_emotion11@2x.png */ = {isa = PBXFileReference; lastKnownFileType = image.png; path = "section0_emotion11@2x.png"; sourceTree = "<group>"; };
		F751C8AC1A4C468B00743ECB /* section0_emotion12@2x.png */ = {isa = PBXFileReference; lastKnownFileType = image.png; path = "section0_emotion12@2x.png"; sourceTree = "<group>"; };
		F751C8AD1A4C468B00743ECB /* section0_emotion13@2x.png */ = {isa = PBXFileReference; lastKnownFileType = image.png; path = "section0_emotion13@2x.png"; sourceTree = "<group>"; };
		F751C8AE1A4C468B00743ECB /* section0_emotion14@2x.png */ = {isa = PBXFileReference; lastKnownFileType = image.png; path = "section0_emotion14@2x.png"; sourceTree = "<group>"; };
		F751C8AF1A4C468B00743ECB /* section0_emotion15@2x.png */ = {isa = PBXFileReference; lastKnownFileType = image.png; path = "section0_emotion15@2x.png"; sourceTree = "<group>"; };
		F751C8B01A4C468B00743ECB /* section0_emotion1@2x.png */ = {isa = PBXFileReference; lastKnownFileType = image.png; path = "section0_emotion1@2x.png"; sourceTree = "<group>"; };
		F751C8B11A4C468B00743ECB /* section0_emotion2@2x.png */ = {isa = PBXFileReference; lastKnownFileType = image.png; path = "section0_emotion2@2x.png"; sourceTree = "<group>"; };
		F751C8B21A4C468B00743ECB /* section0_emotion3@2x.png */ = {isa = PBXFileReference; lastKnownFileType = image.png; path = "section0_emotion3@2x.png"; sourceTree = "<group>"; };
		F751C8B31A4C468B00743ECB /* section0_emotion4@2x.png */ = {isa = PBXFileReference; lastKnownFileType = image.png; path = "section0_emotion4@2x.png"; sourceTree = "<group>"; };
		F751C8B41A4C468B00743ECB /* section0_emotion5@2x.png */ = {isa = PBXFileReference; lastKnownFileType = image.png; path = "section0_emotion5@2x.png"; sourceTree = "<group>"; };
		F751C8B51A4C468B00743ECB /* section0_emotion6@2x.png */ = {isa = PBXFileReference; lastKnownFileType = image.png; path = "section0_emotion6@2x.png"; sourceTree = "<group>"; };
		F751C8B61A4C468B00743ECB /* section0_emotion7@2x.png */ = {isa = PBXFileReference; lastKnownFileType = image.png; path = "section0_emotion7@2x.png"; sourceTree = "<group>"; };
		F751C8B71A4C468B00743ECB /* section0_emotion8@2x.png */ = {isa = PBXFileReference; lastKnownFileType = image.png; path = "section0_emotion8@2x.png"; sourceTree = "<group>"; };
		F751C8B81A4C468B00743ECB /* section0_emotion9@2x.png */ = {isa = PBXFileReference; lastKnownFileType = image.png; path = "section0_emotion9@2x.png"; sourceTree = "<group>"; };
		F751C8B91A4C468B00743ECB /* SenderVoiceNodePlaying000@2x.png */ = {isa = PBXFileReference; lastKnownFileType = image.png; path = "SenderVoiceNodePlaying000@2x.png"; sourceTree = "<group>"; };
		F751C8BA1A4C468B00743ECB /* SenderVoiceNodePlaying001@2x.png */ = {isa = PBXFileReference; lastKnownFileType = image.png; path = "SenderVoiceNodePlaying001@2x.png"; sourceTree = "<group>"; };
		F751C8BB1A4C468B00743ECB /* SenderVoiceNodePlaying002@2x.png */ = {isa = PBXFileReference; lastKnownFileType = image.png; path = "SenderVoiceNodePlaying002@2x.png"; sourceTree = "<group>"; };
		F751C8BC1A4C468B00743ECB /* SenderVoiceNodePlaying003@2x.png */ = {isa = PBXFileReference; lastKnownFileType = image.png; path = "SenderVoiceNodePlaying003@2x.png"; sourceTree = "<group>"; };
		F751C8BD1A4C468B00743ECB /* SenderVoiceNodePlaying@2x.png */ = {isa = PBXFileReference; lastKnownFileType = image.png; path = "SenderVoiceNodePlaying@2x.png"; sourceTree = "<group>"; };
		F751C8BE1A4C468B00743ECB /* sharemore_friendcard@2x.png */ = {isa = PBXFileReference; lastKnownFileType = image.png; path = "sharemore_friendcard@2x.png"; sourceTree = "<group>"; };
		F751C8BF1A4C468B00743ECB /* sharemore_location@2x.png */ = {isa = PBXFileReference; lastKnownFileType = image.png; path = "sharemore_location@2x.png"; sourceTree = "<group>"; };
		F751C8C01A4C468B00743ECB /* sharemore_myfav@2x.png */ = {isa = PBXFileReference; lastKnownFileType = image.png; path = "sharemore_myfav@2x.png"; sourceTree = "<group>"; };
		F751C8C11A4C468B00743ECB /* sharemore_openapi@2x.png */ = {isa = PBXFileReference; lastKnownFileType = image.png; path = "sharemore_openapi@2x.png"; sourceTree = "<group>"; };
		F751C8C21A4C468B00743ECB /* sharemore_pic@2x.png */ = {isa = PBXFileReference; lastKnownFileType = image.png; path = "sharemore_pic@2x.png"; sourceTree = "<group>"; };
		F751C8C31A4C468B00743ECB /* sharemore_video@2x.png */ = {isa = PBXFileReference; lastKnownFileType = image.png; path = "sharemore_video@2x.png"; sourceTree = "<group>"; };
		F751C8C41A4C468B00743ECB /* sharemore_videovoip@2x.png */ = {isa = PBXFileReference; lastKnownFileType = image.png; path = "sharemore_videovoip@2x.png"; sourceTree = "<group>"; };
		F751C8C51A4C468B00743ECB /* sharemore_voiceinput@2x.png */ = {isa = PBXFileReference; lastKnownFileType = image.png; path = "sharemore_voiceinput@2x.png"; sourceTree = "<group>"; };
		F751C8C61A4C468B00743ECB /* sharemore_voipvoice@2x.png */ = {isa = PBXFileReference; lastKnownFileType = image.png; path = "sharemore_voipvoice@2x.png"; sourceTree = "<group>"; };
		F751C8C71A4C468B00743ECB /* sharemore_wxtalk@2x.png */ = {isa = PBXFileReference; lastKnownFileType = image.png; path = "sharemore_wxtalk@2x.png"; sourceTree = "<group>"; };
		F751C8C81A4C468B00743ECB /* voice@2x.png */ = {isa = PBXFileReference; lastKnownFileType = image.png; path = "voice@2x.png"; sourceTree = "<group>"; };
		F751C8C91A4C468B00743ECB /* voice_HL@2x.png */ = {isa = PBXFileReference; lastKnownFileType = image.png; path = "voice_HL@2x.png"; sourceTree = "<group>"; };
		F751C8CA1A4C468B00743ECB /* VoiceBtn_Black@2x.png */ = {isa = PBXFileReference; lastKnownFileType = image.png; path = "VoiceBtn_Black@2x.png"; sourceTree = "<group>"; };
		F751C8CB1A4C468B00743ECB /* VoiceBtn_BlackHL@2x.png */ = {isa = PBXFileReference; lastKnownFileType = image.png; path = "VoiceBtn_BlackHL@2x.png"; sourceTree = "<group>"; };
		F751C8CC1A4C468B00743ECB /* weChatBubble_Receiving_Cavern@2x.png */ = {isa = PBXFileReference; lastKnownFileType = image.png; path = "weChatBubble_Receiving_Cavern@2x.png"; sourceTree = "<group>"; };
		F751C8CD1A4C468B00743ECB /* weChatBubble_Receiving_Solid@2x.png */ = {isa = PBXFileReference; lastKnownFileType = image.png; path = "weChatBubble_Receiving_Solid@2x.png"; sourceTree = "<group>"; };
		F751C8CE1A4C468B00743ECB /* weChatBubble_Sending_Cavern@2x.png */ = {isa = PBXFileReference; lastKnownFileType = image.png; path = "weChatBubble_Sending_Cavern@2x.png"; sourceTree = "<group>"; };
		F751C8CF1A4C468B00743ECB /* weChatBubble_Sending_Solid@2x.png */ = {isa = PBXFileReference; lastKnownFileType = image.png; path = "weChatBubble_Sending_Solid@2x.png"; sourceTree = "<group>"; };
		F751C8D11A4C468B00743ECB /* MessageDisplayKit.framework */ = {isa = PBXFileReference; lastKnownFileType = wrapper.framework; name = MessageDisplayKit.framework; path = "../../../../../../../../Users/kingsoft_ios/Library/Developer/Xcode/DerivedData/MessageDisplayKitWorkSpace-bwtmvzqdsnglfuhcxcucroskvpwq/Build/Products/Debug-iphoneos/MessageDisplayKit.framework"; sourceTree = "<group>"; };
/* End PBXFileReference section */

/* Begin PBXFrameworksBuildPhase section */
		74180C70190F496E00A35C82 /* Frameworks */ = {
			isa = PBXFrameworksBuildPhase;
			buildActionMask = 2147483647;
			files = (
				74180C79190F496E00A35C82 /* CoreGraphics.framework in Frameworks */,
				74180C7B190F496E00A35C82 /* UIKit.framework in Frameworks */,
				F751C92D1A4C468B00743ECB /* MessageDisplayKit.framework in Frameworks */,
				74180C77190F496E00A35C82 /* Foundation.framework in Frameworks */,
			);
			runOnlyForDeploymentPostprocessing = 0;
		};
		74180C94190F496E00A35C82 /* Frameworks */ = {
			isa = PBXFrameworksBuildPhase;
			buildActionMask = 2147483647;
			files = (
				74180C99190F496E00A35C82 /* XCTest.framework in Frameworks */,
				74180C9B190F496E00A35C82 /* UIKit.framework in Frameworks */,
				74180C9A190F496E00A35C82 /* Foundation.framework in Frameworks */,
			);
			runOnlyForDeploymentPostprocessing = 0;
		};
/* End PBXFrameworksBuildPhase section */

/* Begin PBXGroup section */
		74180C6A190F496E00A35C82 = {
			isa = PBXGroup;
			children = (
				74180C7C190F496E00A35C82 /* MessageDisplayKitStoryBoradExample */,
				74180C9E190F496E00A35C82 /* MessageDisplayKitStoryBoradExampleTests */,
				74180C75190F496E00A35C82 /* Frameworks */,
				74180C74190F496E00A35C82 /* Products */,
			);
			sourceTree = "<group>";
		};
		74180C74190F496E00A35C82 /* Products */ = {
			isa = PBXGroup;
			children = (
				74180C73190F496E00A35C82 /* MessageDisplayKitStoryBoradExample.app */,
				74180C97190F496E00A35C82 /* MessageDisplayKitStoryBoradExampleTests.xctest */,
			);
			name = Products;
			sourceTree = "<group>";
		};
		74180C75190F496E00A35C82 /* Frameworks */ = {
			isa = PBXGroup;
			children = (
				74180C76190F496E00A35C82 /* Foundation.framework */,
				74180C78190F496E00A35C82 /* CoreGraphics.framework */,
				74180C7A190F496E00A35C82 /* UIKit.framework */,
				74180C98190F496E00A35C82 /* XCTest.framework */,
			);
			name = Frameworks;
			sourceTree = "<group>";
		};
		74180C7C190F496E00A35C82 /* MessageDisplayKitStoryBoradExample */ = {
			isa = PBXGroup;
			children = (
				F751C8D21A4C468B00743ECB /* MessageDisplayKit */,
				74180C85190F496E00A35C82 /* AppDelegate.h */,
				74180C86190F496E00A35C82 /* AppDelegate.m */,
				74180C88190F496E00A35C82 /* Main_iPhone.storyboard */,
				74180C8B190F496E00A35C82 /* Main_iPad.storyboard */,
				74180C8E190F496E00A35C82 /* ViewController.h */,
				74180C8F190F496E00A35C82 /* ViewController.m */,
				74180CE7190F54C100A35C82 /* XHDemoWeChatMessageTableViewController.h */,
				74180CE8190F54C100A35C82 /* XHDemoWeChatMessageTableViewController.m */,
				74180C7D190F496E00A35C82 /* Supporting Files */,
			);
			path = MessageDisplayKitStoryBoradExample;
			sourceTree = "<group>";
		};
		74180C7D190F496E00A35C82 /* Supporting Files */ = {
			isa = PBXGroup;
			children = (
				749019B7191D39850049AFF9 /* ExampleResources */,
				744FBDCE1915FFD500FB4A65 /* Default-568h@2x.png */,
				744FBDCF1915FFD500FB4A65 /* Default@2x.png */,
				74180C7E190F496E00A35C82 /* MessageDisplayKitStoryBoradExample-Info.plist */,
				74180C7F190F496E00A35C82 /* InfoPlist.strings */,
				74180C82190F496E00A35C82 /* main.m */,
				74180C84190F496E00A35C82 /* MessageDisplayKitStoryBoradExample-Prefix.pch */,
			);
			name = "Supporting Files";
			sourceTree = "<group>";
		};
		74180C9E190F496E00A35C82 /* MessageDisplayKitStoryBoradExampleTests */ = {
			isa = PBXGroup;
			children = (
				74180CA4190F496E00A35C82 /* MessageDisplayKitStoryBoradExampleTests.m */,
				74180C9F190F496E00A35C82 /* Supporting Files */,
			);
			path = MessageDisplayKitStoryBoradExampleTests;
			sourceTree = "<group>";
		};
		74180C9F190F496E00A35C82 /* Supporting Files */ = {
			isa = PBXGroup;
			children = (
				74180CA0190F496E00A35C82 /* MessageDisplayKitStoryBoradExampleTests-Info.plist */,
				74180CA1190F496E00A35C82 /* InfoPlist.strings */,
			);
			name = "Supporting Files";
			sourceTree = "<group>";
		};
		749019B7191D39850049AFF9 /* ExampleResources */ = {
			isa = PBXGroup;
			children = (
				749019B8191D39850049AFF9 /* avator@2x.png */,
				749019BB191D39850049AFF9 /* IMG_1555.MOV */,
				749019BC191D39850049AFF9 /* placeholderImage@2x.png */,
				749019BD191D39850049AFF9 /* TableViewBackgroundImage@2x.png */,
			);
			name = ExampleResources;
			path = ../../MessageDisplayExample/MessageDisplayExample/ExampleResources;
			sourceTree = "<group>";
		};
		F751C8D01A4C468B00743ECB /* Resources */ = {
			isa = PBXGroup;
			children = (
				F751C8741A4C468B00743ECB /* AddGroupMemberBtn@2x.png */,
				F751C8751A4C468B00743ECB /* AddGroupMemberBtnHL@2x.png */,
				F751C8761A4C468B00743ECB /* avator@2x.png */,
				F751C8771A4C468B00743ECB /* CellBlueSelected@2x.png */,
				F751C8781A4C468B00743ECB /* CellGraySelected@2x.png */,
				F751C8791A4C468B00743ECB /* CellNotSelected@2x.png */,
				F751C87A1A4C468B00743ECB /* CellRedSelected@2x.png */,
				F751C87B1A4C468B00743ECB /* contacts_add_friend@2x.png */,
				F751C87C1A4C468B00743ECB /* contacts_add_newmessage@2x.png */,
				F751C87D1A4C468B00743ECB /* contacts_add_photo@2x.png */,
				F751C87E1A4C468B00743ECB /* contacts_add_scan@2x.png */,
				F751C87F1A4C468B00743ECB /* contacts_add_voip@2x.png */,
				F751C8801A4C468B00743ECB /* ContactsPanelDotRect@2x.png */,
				F751C8831A4C468B00743ECB /* MessageDisplayKitString.strings */,
				F751C8841A4C468B00743ECB /* face@2x.png */,
				F751C8851A4C468B00743ECB /* face_HL@2x.png */,
				F751C8861A4C468B00743ECB /* Fav_Cell_Loc@2x.png */,
				F751C8871A4C468B00743ECB /* input-bar-background.png */,
				F751C8881A4C468B00743ECB /* input-bar-background@2x.png */,
				F751C8891A4C468B00743ECB /* input-bar-flat.png */,
				F751C88A1A4C468B00743ECB /* input-bar-flat@2x.png */,
				F751C88B1A4C468B00743ECB /* input-field-cover.png */,
				F751C88C1A4C468B00743ECB /* input-field-cover@2x.png */,
				F751C88D1A4C468B00743ECB /* keyborad@2x.png */,
				F751C88E1A4C468B00743ECB /* keyborad_HL@2x.png */,
				F751C88F1A4C468B00743ECB /* MessageVideoPlay@2x.png */,
				F751C8901A4C468B00743ECB /* MoreFunctionFrame@2x.png */,
				F751C8911A4C468B00743ECB /* msg_chat_voice_unread.png */,
				F751C8921A4C468B00743ECB /* msg_chat_voice_unread@2x.png */,
				F751C8931A4C468B00743ECB /* multiMedia@2x.png */,
				F751C8941A4C468B00743ECB /* multiMedia_HL@2x.png */,
				F751C8951A4C468B00743ECB /* MultiSelectedPanelBkg@2x.png */,
				F751C8961A4C468B00743ECB /* MultiSelectedPanelConfirmBtnbKG@2x.png */,
				F751C8971A4C468B00743ECB /* placeholderImage@2x.png */,
				F751C8981A4C468B00743ECB /* ReceiverVoiceNodePlaying000@2x.png */,
				F751C8991A4C468B00743ECB /* ReceiverVoiceNodePlaying001@2x.png */,
				F751C89A1A4C468B00743ECB /* ReceiverVoiceNodePlaying002@2x.png */,
				F751C89B1A4C468B00743ECB /* ReceiverVoiceNodePlaying003@2x.png */,
				F751C89C1A4C468B00743ECB /* ReceiverVoiceNodePlaying@2x.png */,
				F751C89D1A4C468B00743ECB /* RecordCancel@2x.png */,
				F751C89E1A4C468B00743ECB /* RecordingBkg@2x.png */,
				F751C89F1A4C468B00743ECB /* RecordingSignal001@2x.png */,
				F751C8A01A4C468B00743ECB /* RecordingSignal002@2x.png */,
				F751C8A11A4C468B00743ECB /* RecordingSignal003@2x.png */,
				F751C8A21A4C468B00743ECB /* RecordingSignal004@2x.png */,
				F751C8A31A4C468B00743ECB /* RecordingSignal005@2x.png */,
				F751C8A41A4C468B00743ECB /* RecordingSignal006@2x.png */,
				F751C8A51A4C468B00743ECB /* RecordingSignal007@2x.png */,
				F751C8A61A4C468B00743ECB /* RecordingSignal008@2x.png */,
				F751C8A71A4C468B00743ECB /* SearchIcon@2x.png */,
				F751C8A81A4C468B00743ECB /* SECoreTextView.bundle */,
				F751C8A91A4C468B00743ECB /* section0_emotion0@2x.png */,
				F751C8AA1A4C468B00743ECB /* section0_emotion10@2x.png */,
				F751C8AB1A4C468B00743ECB /* section0_emotion11@2x.png */,
				F751C8AC1A4C468B00743ECB /* section0_emotion12@2x.png */,
				F751C8AD1A4C468B00743ECB /* section0_emotion13@2x.png */,
				F751C8AE1A4C468B00743ECB /* section0_emotion14@2x.png */,
				F751C8AF1A4C468B00743ECB /* section0_emotion15@2x.png */,
				F751C8B01A4C468B00743ECB /* section0_emotion1@2x.png */,
				F751C8B11A4C468B00743ECB /* section0_emotion2@2x.png */,
				F751C8B21A4C468B00743ECB /* section0_emotion3@2x.png */,
				F751C8B31A4C468B00743ECB /* section0_emotion4@2x.png */,
				F751C8B41A4C468B00743ECB /* section0_emotion5@2x.png */,
				F751C8B51A4C468B00743ECB /* section0_emotion6@2x.png */,
				F751C8B61A4C468B00743ECB /* section0_emotion7@2x.png */,
				F751C8B71A4C468B00743ECB /* section0_emotion8@2x.png */,
				F751C8B81A4C468B00743ECB /* section0_emotion9@2x.png */,
				F751C8B91A4C468B00743ECB /* SenderVoiceNodePlaying000@2x.png */,
				F751C8BA1A4C468B00743ECB /* SenderVoiceNodePlaying001@2x.png */,
				F751C8BB1A4C468B00743ECB /* SenderVoiceNodePlaying002@2x.png */,
				F751C8BC1A4C468B00743ECB /* SenderVoiceNodePlaying003@2x.png */,
				F751C8BD1A4C468B00743ECB /* SenderVoiceNodePlaying@2x.png */,
				F751C8BE1A4C468B00743ECB /* sharemore_friendcard@2x.png */,
				F751C8BF1A4C468B00743ECB /* sharemore_location@2x.png */,
				F751C8C01A4C468B00743ECB /* sharemore_myfav@2x.png */,
				F751C8C11A4C468B00743ECB /* sharemore_openapi@2x.png */,
				F751C8C21A4C468B00743ECB /* sharemore_pic@2x.png */,
				F751C8C31A4C468B00743ECB /* sharemore_video@2x.png */,
				F751C8C41A4C468B00743ECB /* sharemore_videovoip@2x.png */,
				F751C8C51A4C468B00743ECB /* sharemore_voiceinput@2x.png */,
				F751C8C61A4C468B00743ECB /* sharemore_voipvoice@2x.png */,
				F751C8C71A4C468B00743ECB /* sharemore_wxtalk@2x.png */,
				F751C8C81A4C468B00743ECB /* voice@2x.png */,
				F751C8C91A4C468B00743ECB /* voice_HL@2x.png */,
				F751C8CA1A4C468B00743ECB /* VoiceBtn_Black@2x.png */,
				F751C8CB1A4C468B00743ECB /* VoiceBtn_BlackHL@2x.png */,
				F751C8CC1A4C468B00743ECB /* weChatBubble_Receiving_Cavern@2x.png */,
				F751C8CD1A4C468B00743ECB /* weChatBubble_Receiving_Solid@2x.png */,
				F751C8CE1A4C468B00743ECB /* weChatBubble_Sending_Cavern@2x.png */,
				F751C8CF1A4C468B00743ECB /* weChatBubble_Sending_Solid@2x.png */,
			);
			name = Resources;
			path = ../../../MessageDisplayKit/Resources;
			sourceTree = "<group>";
		};
		F751C8D21A4C468B00743ECB /* MessageDisplayKit */ = {
			isa = PBXGroup;
			children = (
				F751C8D01A4C468B00743ECB /* Resources */,
				F751C8D11A4C468B00743ECB /* MessageDisplayKit.framework */,
			);
			name = MessageDisplayKit;
			path = ../../MessageDisplayExample/MessageDisplayExample;
			sourceTree = "<group>";
		};
/* End PBXGroup section */

/* Begin PBXNativeTarget section */
		74180C72190F496E00A35C82 /* MessageDisplayKitStoryBoradExample */ = {
			isa = PBXNativeTarget;
			buildConfigurationList = 74180CA8190F496E00A35C82 /* Build configuration list for PBXNativeTarget "MessageDisplayKitStoryBoradExample" */;
			buildPhases = (
				74180C6F190F496E00A35C82 /* Sources */,
				74180C70190F496E00A35C82 /* Frameworks */,
				74180C71190F496E00A35C82 /* Resources */,
			);
			buildRules = (
			);
			dependencies = (
			);
			name = MessageDisplayKitStoryBoradExample;
			productName = MessageDisplayKitStoryBoradExample;
			productReference = 74180C73190F496E00A35C82 /* MessageDisplayKitStoryBoradExample.app */;
			productType = "com.apple.product-type.application";
		};
		74180C96190F496E00A35C82 /* MessageDisplayKitStoryBoradExampleTests */ = {
			isa = PBXNativeTarget;
			buildConfigurationList = 74180CAB190F496E00A35C82 /* Build configuration list for PBXNativeTarget "MessageDisplayKitStoryBoradExampleTests" */;
			buildPhases = (
				74180C93190F496E00A35C82 /* Sources */,
				74180C94190F496E00A35C82 /* Frameworks */,
				74180C95190F496E00A35C82 /* Resources */,
			);
			buildRules = (
			);
			dependencies = (
				74180C9D190F496E00A35C82 /* PBXTargetDependency */,
			);
			name = MessageDisplayKitStoryBoradExampleTests;
			productName = MessageDisplayKitStoryBoradExampleTests;
			productReference = 74180C97190F496E00A35C82 /* MessageDisplayKitStoryBoradExampleTests.xctest */;
			productType = "com.apple.product-type.bundle.unit-test";
		};
/* End PBXNativeTarget section */

/* Begin PBXProject section */
		74180C6B190F496E00A35C82 /* Project object */ = {
			isa = PBXProject;
			attributes = {
				LastUpgradeCheck = 0510;
				ORGANIZATIONNAME = "曾宪华 开发团队(http://iyilunba.com ) 本人QQ:543413507 本人QQ群（142557668）.";
				TargetAttributes = {
					74180C96190F496E00A35C82 = {
						TestTargetID = 74180C72190F496E00A35C82;
					};
				};
			};
			buildConfigurationList = 74180C6E190F496E00A35C82 /* Build configuration list for PBXProject "MessageDisplayKitStoryBoradExample" */;
			compatibilityVersion = "Xcode 3.2";
			developmentRegion = English;
			hasScannedForEncodings = 0;
			knownRegions = (
				en,
				Base,
				"zh-Hans",
			);
			mainGroup = 74180C6A190F496E00A35C82;
			productRefGroup = 74180C74190F496E00A35C82 /* Products */;
			projectDirPath = "";
			projectRoot = "";
			targets = (
				74180C72190F496E00A35C82 /* MessageDisplayKitStoryBoradExample */,
				74180C96190F496E00A35C82 /* MessageDisplayKitStoryBoradExampleTests */,
			);
		};
/* End PBXProject section */

/* Begin PBXResourcesBuildPhase section */
		74180C71190F496E00A35C82 /* Resources */ = {
			isa = PBXResourcesBuildPhase;
			buildActionMask = 2147483647;
			files = (
				F751C8DA1A4C468B00743ECB /* contacts_add_friend@2x.png in Resources */,
				F751C9211A4C468B00743ECB /* sharemore_videovoip@2x.png in Resources */,
				F751C9281A4C468B00743ECB /* VoiceBtn_BlackHL@2x.png in Resources */,
				F751C9271A4C468B00743ECB /* VoiceBtn_Black@2x.png in Resources */,
				F751C8FF1A4C468B00743ECB /* RecordingSignal004@2x.png in Resources */,
				F751C8F91A4C468B00743ECB /* ReceiverVoiceNodePlaying@2x.png in Resources */,
				74180C8D190F496E00A35C82 /* Main_iPad.storyboard in Resources */,
				F751C8E91A4C468B00743ECB /* input-field-cover@2x.png in Resources */,
				F751C8FA1A4C468B00743ECB /* RecordCancel@2x.png in Resources */,
				F751C8F41A4C468B00743ECB /* placeholderImage@2x.png in Resources */,
				744FBDD01915FFD500FB4A65 /* Default-568h@2x.png in Resources */,
				F751C90E1A4C468B00743ECB /* section0_emotion2@2x.png in Resources */,
				F751C90F1A4C468B00743ECB /* section0_emotion3@2x.png in Resources */,
				F751C8E41A4C468B00743ECB /* input-bar-background.png in Resources */,
				F751C8D81A4C468B00743ECB /* CellNotSelected@2x.png in Resources */,
				F751C9221A4C468B00743ECB /* sharemore_voiceinput@2x.png in Resources */,
				F751C8F61A4C468B00743ECB /* ReceiverVoiceNodePlaying001@2x.png in Resources */,
				F751C9141A4C468B00743ECB /* section0_emotion8@2x.png in Resources */,
				749019C3191D39850049AFF9 /* TableViewBackgroundImage@2x.png in Resources */,
				F751C9081A4C468B00743ECB /* section0_emotion11@2x.png in Resources */,
				F751C92C1A4C468B00743ECB /* weChatBubble_Sending_Solid@2x.png in Resources */,
				F751C8FD1A4C468B00743ECB /* RecordingSignal002@2x.png in Resources */,
				F751C9151A4C468B00743ECB /* section0_emotion9@2x.png in Resources */,
				F751C8E61A4C468B00743ECB /* input-bar-flat.png in Resources */,
				F751C91A1A4C468B00743ECB /* SenderVoiceNodePlaying@2x.png in Resources */,
				74180C8A190F496E00A35C82 /* Main_iPhone.storyboard in Resources */,
				F751C8ED1A4C468B00743ECB /* MoreFunctionFrame@2x.png in Resources */,
				F751C8EA1A4C468B00743ECB /* keyborad@2x.png in Resources */,
				74180C81190F496E00A35C82 /* InfoPlist.strings in Resources */,
				749019C2191D39850049AFF9 /* placeholderImage@2x.png in Resources */,
				F751C9251A4C468B00743ECB /* voice@2x.png in Resources */,
				F751C8DB1A4C468B00743ECB /* contacts_add_newmessage@2x.png in Resources */,
				F751C91E1A4C468B00743ECB /* sharemore_openapi@2x.png in Resources */,
				F751C8F71A4C468B00743ECB /* ReceiverVoiceNodePlaying002@2x.png in Resources */,
				F751C91D1A4C468B00743ECB /* sharemore_myfav@2x.png in Resources */,
				F751C9291A4C468B00743ECB /* weChatBubble_Receiving_Cavern@2x.png in Resources */,
				F751C8D91A4C468B00743ECB /* CellRedSelected@2x.png in Resources */,
				F751C8FC1A4C468B00743ECB /* RecordingSignal001@2x.png in Resources */,
				F751C9091A4C468B00743ECB /* section0_emotion12@2x.png in Resources */,
				F751C9001A4C468B00743ECB /* RecordingSignal005@2x.png in Resources */,
				F751C91B1A4C468B00743ECB /* sharemore_friendcard@2x.png in Resources */,
				F751C8F11A4C468B00743ECB /* multiMedia_HL@2x.png in Resources */,
				F751C8E51A4C468B00743ECB /* input-bar-background@2x.png in Resources */,
				F751C91C1A4C468B00743ECB /* sharemore_location@2x.png in Resources */,
				744FBDD11915FFD500FB4A65 /* Default@2x.png in Resources */,
				F751C9121A4C468B00743ECB /* section0_emotion6@2x.png in Resources */,
				F751C9171A4C468B00743ECB /* SenderVoiceNodePlaying001@2x.png in Resources */,
				F751C8D31A4C468B00743ECB /* AddGroupMemberBtn@2x.png in Resources */,
				F751C9101A4C468B00743ECB /* section0_emotion4@2x.png in Resources */,
				F751C92B1A4C468B00743ECB /* weChatBubble_Sending_Cavern@2x.png in Resources */,
				F751C9181A4C468B00743ECB /* SenderVoiceNodePlaying002@2x.png in Resources */,
				F751C9241A4C468B00743ECB /* sharemore_wxtalk@2x.png in Resources */,
				F751C8D71A4C468B00743ECB /* CellGraySelected@2x.png in Resources */,
				F751C90C1A4C468B00743ECB /* section0_emotion15@2x.png in Resources */,
				F751C9261A4C468B00743ECB /* voice_HL@2x.png in Resources */,
				749019BE191D39850049AFF9 /* avator@2x.png in Resources */,
				F751C9061A4C468B00743ECB /* section0_emotion0@2x.png in Resources */,
				F751C9161A4C468B00743ECB /* SenderVoiceNodePlaying000@2x.png in Resources */,
				F751C9051A4C468B00743ECB /* SECoreTextView.bundle in Resources */,
				749019C1191D39850049AFF9 /* IMG_1555.MOV in Resources */,
				F751C8E81A4C468B00743ECB /* input-field-cover.png in Resources */,
				F751C8E71A4C468B00743ECB /* input-bar-flat@2x.png in Resources */,
				F751C9111A4C468B00743ECB /* section0_emotion5@2x.png in Resources */,
				F751C90A1A4C468B00743ECB /* section0_emotion13@2x.png in Resources */,
				F751C8FB1A4C468B00743ECB /* RecordingBkg@2x.png in Resources */,
				F751C9191A4C468B00743ECB /* SenderVoiceNodePlaying003@2x.png in Resources */,
				F751C91F1A4C468B00743ECB /* sharemore_pic@2x.png in Resources */,
				F751C8DC1A4C468B00743ECB /* contacts_add_photo@2x.png in Resources */,
				F751C8F81A4C468B00743ECB /* ReceiverVoiceNodePlaying003@2x.png in Resources */,
				F751C8E01A4C468B00743ECB /* MessageDisplayKitString.strings in Resources */,
				F751C8EC1A4C468B00743ECB /* MessageVideoPlay@2x.png in Resources */,
				F751C8F51A4C468B00743ECB /* ReceiverVoiceNodePlaying000@2x.png in Resources */,
				F751C9231A4C468B00743ECB /* sharemore_voipvoice@2x.png in Resources */,
				F751C90D1A4C468B00743ECB /* section0_emotion1@2x.png in Resources */,
				F751C90B1A4C468B00743ECB /* section0_emotion14@2x.png in Resources */,
				F751C9031A4C468B00743ECB /* RecordingSignal008@2x.png in Resources */,
				F751C8F31A4C468B00743ECB /* MultiSelectedPanelConfirmBtnbKG@2x.png in Resources */,
				F751C8E31A4C468B00743ECB /* Fav_Cell_Loc@2x.png in Resources */,
				F751C8EB1A4C468B00743ECB /* keyborad_HL@2x.png in Resources */,
				F751C8F01A4C468B00743ECB /* multiMedia@2x.png in Resources */,
				F751C8EF1A4C468B00743ECB /* msg_chat_voice_unread@2x.png in Resources */,
				F751C8DE1A4C468B00743ECB /* contacts_add_voip@2x.png in Resources */,
				F751C9131A4C468B00743ECB /* section0_emotion7@2x.png in Resources */,
				F751C8DD1A4C468B00743ECB /* contacts_add_scan@2x.png in Resources */,
				F751C9041A4C468B00743ECB /* SearchIcon@2x.png in Resources */,
				F751C9071A4C468B00743ECB /* section0_emotion10@2x.png in Resources */,
				F751C8DF1A4C468B00743ECB /* ContactsPanelDotRect@2x.png in Resources */,
				F751C8FE1A4C468B00743ECB /* RecordingSignal003@2x.png in Resources */,
				F751C8F21A4C468B00743ECB /* MultiSelectedPanelBkg@2x.png in Resources */,
				F751C8D41A4C468B00743ECB /* AddGroupMemberBtnHL@2x.png in Resources */,
				F751C8EE1A4C468B00743ECB /* msg_chat_voice_unread.png in Resources */,
				F751C8D61A4C468B00743ECB /* CellBlueSelected@2x.png in Resources */,
				F751C92A1A4C468B00743ECB /* weChatBubble_Receiving_Solid@2x.png in Resources */,
				F751C9021A4C468B00743ECB /* RecordingSignal007@2x.png in Resources */,
				F751C8E21A4C468B00743ECB /* face_HL@2x.png in Resources */,
				F751C8D51A4C468B00743ECB /* avator@2x.png in Resources */,
				F751C8E11A4C468B00743ECB /* face@2x.png in Resources */,
				F751C9201A4C468B00743ECB /* sharemore_video@2x.png in Resources */,
				F751C9011A4C468B00743ECB /* RecordingSignal006@2x.png in Resources */,
			);
			runOnlyForDeploymentPostprocessing = 0;
		};
		74180C95190F496E00A35C82 /* Resources */ = {
			isa = PBXResourcesBuildPhase;
			buildActionMask = 2147483647;
			files = (
				74180CA3190F496E00A35C82 /* InfoPlist.strings in Resources */,
			);
			runOnlyForDeploymentPostprocessing = 0;
		};
/* End PBXResourcesBuildPhase section */

/* Begin PBXSourcesBuildPhase section */
		74180C6F190F496E00A35C82 /* Sources */ = {
			isa = PBXSourcesBuildPhase;
			buildActionMask = 2147483647;
			files = (
				74180CE9190F54C100A35C82 /* XHDemoWeChatMessageTableViewController.m in Sources */,
				74180C90190F496E00A35C82 /* ViewController.m in Sources */,
				74180C87190F496E00A35C82 /* AppDelegate.m in Sources */,
				74180C83190F496E00A35C82 /* main.m in Sources */,
			);
			runOnlyForDeploymentPostprocessing = 0;
		};
		74180C93190F496E00A35C82 /* Sources */ = {
			isa = PBXSourcesBuildPhase;
			buildActionMask = 2147483647;
			files = (
				74180CA5190F496E00A35C82 /* MessageDisplayKitStoryBoradExampleTests.m in Sources */,
			);
			runOnlyForDeploymentPostprocessing = 0;
		};
/* End PBXSourcesBuildPhase section */

/* Begin PBXTargetDependency section */
		74180C9D190F496E00A35C82 /* PBXTargetDependency */ = {
			isa = PBXTargetDependency;
			target = 74180C72190F496E00A35C82 /* MessageDisplayKitStoryBoradExample */;
			targetProxy = 74180C9C190F496E00A35C82 /* PBXContainerItemProxy */;
		};
/* End PBXTargetDependency section */

/* Begin PBXVariantGroup section */
		74180C7F190F496E00A35C82 /* InfoPlist.strings */ = {
			isa = PBXVariantGroup;
			children = (
				74180C80190F496E00A35C82 /* en */,
			);
			name = InfoPlist.strings;
			sourceTree = "<group>";
		};
		74180C88190F496E00A35C82 /* Main_iPhone.storyboard */ = {
			isa = PBXVariantGroup;
			children = (
				74180C89190F496E00A35C82 /* Base */,
			);
			name = Main_iPhone.storyboard;
			sourceTree = "<group>";
		};
		74180C8B190F496E00A35C82 /* Main_iPad.storyboard */ = {
			isa = PBXVariantGroup;
			children = (
				74180C8C190F496E00A35C82 /* Base */,
			);
			name = Main_iPad.storyboard;
			sourceTree = "<group>";
		};
		74180CA1190F496E00A35C82 /* InfoPlist.strings */ = {
			isa = PBXVariantGroup;
			children = (
				74180CA2190F496E00A35C82 /* en */,
			);
			name = InfoPlist.strings;
			sourceTree = "<group>";
		};
		F751C8831A4C468B00743ECB /* MessageDisplayKitString.strings */ = {
			isa = PBXVariantGroup;
			children = (
				F751C8811A4C468B00743ECB /* en */,
				F751C8821A4C468B00743ECB /* zh-Hans */,
			);
			name = MessageDisplayKitString.strings;
			sourceTree = "<group>";
		};
/* End PBXVariantGroup section */

/* Begin XCBuildConfiguration section */
		74180CA6190F496E00A35C82 /* Debug */ = {
			isa = XCBuildConfiguration;
			buildSettings = {
				ALWAYS_SEARCH_USER_PATHS = NO;
				CLANG_CXX_LANGUAGE_STANDARD = "gnu++0x";
				CLANG_CXX_LIBRARY = "libc++";
				CLANG_ENABLE_MODULES = YES;
				CLANG_ENABLE_OBJC_ARC = YES;
				CLANG_WARN_BOOL_CONVERSION = YES;
				CLANG_WARN_CONSTANT_CONVERSION = YES;
				CLANG_WARN_DIRECT_OBJC_ISA_USAGE = YES_ERROR;
				CLANG_WARN_EMPTY_BODY = YES;
				CLANG_WARN_ENUM_CONVERSION = YES;
				CLANG_WARN_INT_CONVERSION = YES;
				CLANG_WARN_OBJC_ROOT_CLASS = YES_ERROR;
				CLANG_WARN__DUPLICATE_METHOD_MATCH = YES;
				"CODE_SIGN_IDENTITY[sdk=iphoneos*]" = "iPhone Developer";
				COPY_PHASE_STRIP = NO;
				GCC_C_LANGUAGE_STANDARD = gnu99;
				GCC_DYNAMIC_NO_PIC = NO;
				GCC_OPTIMIZATION_LEVEL = 0;
				GCC_PREPROCESSOR_DEFINITIONS = (
					"DEBUG=1",
					"$(inherited)",
				);
				GCC_SYMBOLS_PRIVATE_EXTERN = NO;
				GCC_WARN_64_TO_32_BIT_CONVERSION = YES;
				GCC_WARN_ABOUT_RETURN_TYPE = YES_ERROR;
				GCC_WARN_UNDECLARED_SELECTOR = YES;
				GCC_WARN_UNINITIALIZED_AUTOS = YES_AGGRESSIVE;
				GCC_WARN_UNUSED_FUNCTION = YES;
				GCC_WARN_UNUSED_VARIABLE = YES;
				IPHONEOS_DEPLOYMENT_TARGET = 6.0;
				ONLY_ACTIVE_ARCH = YES;
				SDKROOT = iphoneos;
				TARGETED_DEVICE_FAMILY = "1,2";
			};
			name = Debug;
		};
		74180CA7190F496E00A35C82 /* Release */ = {
			isa = XCBuildConfiguration;
			buildSettings = {
				ALWAYS_SEARCH_USER_PATHS = NO;
				CLANG_CXX_LANGUAGE_STANDARD = "gnu++0x";
				CLANG_CXX_LIBRARY = "libc++";
				CLANG_ENABLE_MODULES = YES;
				CLANG_ENABLE_OBJC_ARC = YES;
				CLANG_WARN_BOOL_CONVERSION = YES;
				CLANG_WARN_CONSTANT_CONVERSION = YES;
				CLANG_WARN_DIRECT_OBJC_ISA_USAGE = YES_ERROR;
				CLANG_WARN_EMPTY_BODY = YES;
				CLANG_WARN_ENUM_CONVERSION = YES;
				CLANG_WARN_INT_CONVERSION = YES;
				CLANG_WARN_OBJC_ROOT_CLASS = YES_ERROR;
				CLANG_WARN__DUPLICATE_METHOD_MATCH = YES;
				"CODE_SIGN_IDENTITY[sdk=iphoneos*]" = "iPhone Developer";
				COPY_PHASE_STRIP = YES;
				ENABLE_NS_ASSERTIONS = NO;
				GCC_C_LANGUAGE_STANDARD = gnu99;
				GCC_WARN_64_TO_32_BIT_CONVERSION = YES;
				GCC_WARN_ABOUT_RETURN_TYPE = YES_ERROR;
				GCC_WARN_UNDECLARED_SELECTOR = YES;
				GCC_WARN_UNINITIALIZED_AUTOS = YES_AGGRESSIVE;
				GCC_WARN_UNUSED_FUNCTION = YES;
				GCC_WARN_UNUSED_VARIABLE = YES;
				IPHONEOS_DEPLOYMENT_TARGET = 6.0;
				SDKROOT = iphoneos;
				TARGETED_DEVICE_FAMILY = "1,2";
				VALIDATE_PRODUCT = YES;
			};
			name = Release;
		};
		74180CA9190F496E00A35C82 /* Debug */ = {
			isa = XCBuildConfiguration;
			buildSettings = {
				ASSETCATALOG_COMPILER_APPICON_NAME = AppIcon;
				ASSETCATALOG_COMPILER_LAUNCHIMAGE_NAME = LaunchImage;
				FRAMEWORK_SEARCH_PATHS = (
					"$(inherited)",
					"$(USER_LIBRARY_DIR)/Developer/Xcode/DerivedData/MessageDisplayKitWorkSpace-bwtmvzqdsnglfuhcxcucroskvpwq/Build/Products/Debug-iphoneos",
				);
				GCC_PRECOMPILE_PREFIX_HEADER = YES;
				GCC_PREFIX_HEADER = "MessageDisplayKitStoryBoradExample/MessageDisplayKitStoryBoradExample-Prefix.pch";
				INFOPLIST_FILE = "MessageDisplayKitStoryBoradExample/MessageDisplayKitStoryBoradExample-Info.plist";
				IPHONEOS_DEPLOYMENT_TARGET = 6.0;
				OTHER_LDFLAGS = (
					"-all_load",
					"-ObjC",
				);
				PRODUCT_NAME = "$(TARGET_NAME)";
				WRAPPER_EXTENSION = app;
			};
			name = Debug;
		};
		74180CAA190F496E00A35C82 /* Release */ = {
			isa = XCBuildConfiguration;
			buildSettings = {
				ASSETCATALOG_COMPILER_APPICON_NAME = AppIcon;
				ASSETCATALOG_COMPILER_LAUNCHIMAGE_NAME = LaunchImage;
				FRAMEWORK_SEARCH_PATHS = (
					"$(inherited)",
					"$(USER_LIBRARY_DIR)/Developer/Xcode/DerivedData/MessageDisplayKitWorkSpace-bwtmvzqdsnglfuhcxcucroskvpwq/Build/Products/Debug-iphoneos",
				);
				GCC_PRECOMPILE_PREFIX_HEADER = YES;
				GCC_PREFIX_HEADER = "MessageDisplayKitStoryBoradExample/MessageDisplayKitStoryBoradExample-Prefix.pch";
				INFOPLIST_FILE = "MessageDisplayKitStoryBoradExample/MessageDisplayKitStoryBoradExample-Info.plist";
				IPHONEOS_DEPLOYMENT_TARGET = 6.0;
				OTHER_LDFLAGS = (
					"-all_load",
					"-ObjC",
				);
				PRODUCT_NAME = "$(TARGET_NAME)";
				WRAPPER_EXTENSION = app;
			};
			name = Release;
		};
		74180CAC190F496E00A35C82 /* Debug */ = {
			isa = XCBuildConfiguration;
			buildSettings = {
				BUNDLE_LOADER = "$(BUILT_PRODUCTS_DIR)/MessageDisplayKitStoryBoradExample.app/MessageDisplayKitStoryBoradExample";
				FRAMEWORK_SEARCH_PATHS = (
					"$(SDKROOT)/Developer/Library/Frameworks",
					"$(inherited)",
					"$(DEVELOPER_FRAMEWORKS_DIR)",
				);
				GCC_PRECOMPILE_PREFIX_HEADER = YES;
				GCC_PREFIX_HEADER = "MessageDisplayKitStoryBoradExample/MessageDisplayKitStoryBoradExample-Prefix.pch";
				GCC_PREPROCESSOR_DEFINITIONS = (
					"DEBUG=1",
					"$(inherited)",
				);
				INFOPLIST_FILE = "MessageDisplayKitStoryBoradExampleTests/MessageDisplayKitStoryBoradExampleTests-Info.plist";
				PRODUCT_NAME = "$(TARGET_NAME)";
				TEST_HOST = "$(BUNDLE_LOADER)";
				WRAPPER_EXTENSION = xctest;
			};
			name = Debug;
		};
		74180CAD190F496E00A35C82 /* Release */ = {
			isa = XCBuildConfiguration;
			buildSettings = {
				BUNDLE_LOADER = "$(BUILT_PRODUCTS_DIR)/MessageDisplayKitStoryBoradExample.app/MessageDisplayKitStoryBoradExample";
				FRAMEWORK_SEARCH_PATHS = (
					"$(SDKROOT)/Developer/Library/Frameworks",
					"$(inherited)",
					"$(DEVELOPER_FRAMEWORKS_DIR)",
				);
				GCC_PRECOMPILE_PREFIX_HEADER = YES;
				GCC_PREFIX_HEADER = "MessageDisplayKitStoryBoradExample/MessageDisplayKitStoryBoradExample-Prefix.pch";
				INFOPLIST_FILE = "MessageDisplayKitStoryBoradExampleTests/MessageDisplayKitStoryBoradExampleTests-Info.plist";
				PRODUCT_NAME = "$(TARGET_NAME)";
				TEST_HOST = "$(BUNDLE_LOADER)";
				WRAPPER_EXTENSION = xctest;
			};
			name = Release;
		};
/* End XCBuildConfiguration section */

/* Begin XCConfigurationList section */
		74180C6E190F496E00A35C82 /* Build configuration list for PBXProject "MessageDisplayKitStoryBoradExample" */ = {
			isa = XCConfigurationList;
			buildConfigurations = (
				74180CA6190F496E00A35C82 /* Debug */,
				74180CA7190F496E00A35C82 /* Release */,
			);
			defaultConfigurationIsVisible = 0;
			defaultConfigurationName = Release;
		};
		74180CA8190F496E00A35C82 /* Build configuration list for PBXNativeTarget "MessageDisplayKitStoryBoradExample" */ = {
			isa = XCConfigurationList;
			buildConfigurations = (
				74180CA9190F496E00A35C82 /* Debug */,
				74180CAA190F496E00A35C82 /* Release */,
			);
			defaultConfigurationIsVisible = 0;
			defaultConfigurationName = Release;
		};
		74180CAB190F496E00A35C82 /* Build configuration list for PBXNativeTarget "MessageDisplayKitStoryBoradExampleTests" */ = {
			isa = XCConfigurationList;
			buildConfigurations = (
				74180CAC190F496E00A35C82 /* Debug */,
				74180CAD190F496E00A35C82 /* Release */,
			);
			defaultConfigurationIsVisible = 0;
			defaultConfigurationName = Release;
		};
/* End XCConfigurationList section */
	};
	rootObject = 74180C6B190F496E00A35C82 /* Project object */;
}
