// !$*UTF8*$!
{
	archiveVersion = 1;
	classes = {
	};
	objectVersion = 46;
	objects = {

/* Begin PBXBuildFile section */
		74180C77190F496E00A35C82 /* Foundation.framework in Frameworks */ = {isa = PBXBuildFile; fileRef = 74180C76190F496E00A35C82 /* Foundation.framework */; };
		74180C79190F496E00A35C82 /* CoreGraphics.framework in Frameworks */ = {isa = PBXBuildFile; fileRef = 74180C78190F496E00A35C82 /* CoreGraphics.framework */; };
		74180C7B190F496E00A35C82 /* UIKit.framework in Frameworks */ = {isa = PBXBuildFile; fileRef = 74180C7A190F496E00A35C82 /* UIKit.framework */; };
		74180C81190F496E00A35C82 /* InfoPlist.strings in Resources */ = {isa = PBXBuildFile; fileRef = 74180C7F190F496E00A35C82 /* InfoPlist.strings */; };
		74180C83190F496E00A35C82 /* main.m in Sources */ = {isa = PBXBuildFile; fileRef = 74180C82190F496E00A35C82 /* main.m */; };
		74180C87190F496E00A35C82 /* AppDelegate.m in Sources */ = {isa = PBXBuildFile; fileRef = 74180C86190F496E00A35C82 /* AppDelegate.m */; };
		74180C8A190F496E00A35C82 /* Main_iPhone.storyboard in Resources */ = {isa = PBXBuildFile; fileRef = 74180C88190F496E00A35C82 /* Main_iPhone.storyboard */; };
		74180C8D190F496E00A35C82 /* Main_iPad.storyboard in Resources */ = {isa = PBXBuildFile; fileRef = 74180C8B190F496E00A35C82 /* Main_iPad.storyboard */; };
		74180C90190F496E00A35C82 /* ViewController.m in Sources */ = {isa = PBXBuildFile; fileRef = 74180C8F190F496E00A35C82 /* ViewController.m */; };
		74180C99190F496E00A35C82 /* XCTest.framework in Frameworks */ = {isa = PBXBuildFile; fileRef = 74180C98190F496E00A35C82 /* XCTest.framework */; };
		74180C9A190F496E00A35C82 /* Foundation.framework in Frameworks */ = {isa = PBXBuildFile; fileRef = 74180C76190F496E00A35C82 /* Foundation.framework */; };
		74180C9B190F496E00A35C82 /* UIKit.framework in Frameworks */ = {isa = PBXBuildFile; fileRef = 74180C7A190F496E00A35C82 /* UIKit.framework */; };
		74180CA3190F496E00A35C82 /* InfoPlist.strings in Resources */ = {isa = PBXBuildFile; fileRef = 74180CA1190F496E00A35C82 /* InfoPlist.strings */; };
		74180CA5190F496E00A35C82 /* MessageDisplayKitStoryBoradExampleTests.m in Sources */ = {isa = PBXBuildFile; fileRef = 74180CA4190F496E00A35C82 /* MessageDisplayKitStoryBoradExampleTests.m */; };
		74180CE9190F54C100A35C82 /* XHDemoWeChatMessageTableViewController.m in Sources */ = {isa = PBXBuildFile; fileRef = 74180CE8190F54C100A35C82 /* XHDemoWeChatMessageTableViewController.m */; };
		74180CEE190F560700A35C82 /* MessageDisplayFramework.framework in Frameworks */ = {isa = PBXBuildFile; fileRef = 74180CED190F560700A35C82 /* MessageDisplayFramework.framework */; };
		744FBDD01915FFD500FB4A65 /* Default-568h@2x.png in Resources */ = {isa = PBXBuildFile; fileRef = 744FBDCE1915FFD500FB4A65 /* Default-568h@2x.png */; };
		744FBDD11915FFD500FB4A65 /* Default@2x.png in Resources */ = {isa = PBXBuildFile; fileRef = 744FBDCF1915FFD500FB4A65 /* Default@2x.png */; };
		749019BE191D39850049AFF9 /* avator@2x.png in Resources */ = {isa = PBXBuildFile; fileRef = 749019B8191D39850049AFF9 /* avator@2x.png */; };
		749019BF191D39850049AFF9 /* Demo0.gif in Resources */ = {isa = PBXBuildFile; fileRef = 749019B9191D39850049AFF9 /* Demo0.gif */; };
		749019C0191D39850049AFF9 /* Demo1.gif in Resources */ = {isa = PBXBuildFile; fileRef = 749019BA191D39850049AFF9 /* Demo1.gif */; };
		749019C1191D39850049AFF9 /* IMG_1555.MOV in Resources */ = {isa = PBXBuildFile; fileRef = 749019BB191D39850049AFF9 /* IMG_1555.MOV */; };
		749019C2191D39850049AFF9 /* placeholderImage@2x.png in Resources */ = {isa = PBXBuildFile; fileRef = 749019BC191D39850049AFF9 /* placeholderImage@2x.png */; };
		749019C3191D39850049AFF9 /* TableViewBackgroundImage@2x.png in Resources */ = {isa = PBXBuildFile; fileRef = 749019BD191D39850049AFF9 /* TableViewBackgroundImage@2x.png */; };
		74901A01191D399A0049AFF9 /* MessageDisplayKitString.strings in Resources */ = {isa = PBXBuildFile; fileRef = 749019C5191D399A0049AFF9 /* MessageDisplayKitString.strings */; };
		74901A02191D399A0049AFF9 /* face@2x.png in Resources */ = {isa = PBXBuildFile; fileRef = 749019C7191D399A0049AFF9 /* face@2x.png */; };
		74901A03191D399A0049AFF9 /* face_HL@2x.png in Resources */ = {isa = PBXBuildFile; fileRef = 749019C8191D399A0049AFF9 /* face_HL@2x.png */; };
		74901A04191D399A0049AFF9 /* Fav_Cell_Loc@2x.png in Resources */ = {isa = PBXBuildFile; fileRef = 749019C9191D399A0049AFF9 /* Fav_Cell_Loc@2x.png */; };
		74901A05191D399A0049AFF9 /* holdDownButton@2x.png in Resources */ = {isa = PBXBuildFile; fileRef = 749019CA191D399A0049AFF9 /* holdDownButton@2x.png */; };
		74901A06191D399A0049AFF9 /* input-bar-background.png in Resources */ = {isa = PBXBuildFile; fileRef = 749019CB191D399A0049AFF9 /* input-bar-background.png */; };
		74901A07191D399A0049AFF9 /* input-bar-background@2x.png in Resources */ = {isa = PBXBuildFile; fileRef = 749019CC191D399A0049AFF9 /* input-bar-background@2x.png */; };
		74901A08191D399A0049AFF9 /* input-bar-flat.png in Resources */ = {isa = PBXBuildFile; fileRef = 749019CD191D399A0049AFF9 /* input-bar-flat.png */; };
		74901A09191D399A0049AFF9 /* input-bar-flat@2x.png in Resources */ = {isa = PBXBuildFile; fileRef = 749019CE191D399A0049AFF9 /* input-bar-flat@2x.png */; };
		74901A0A191D399A0049AFF9 /* input-field-cover.png in Resources */ = {isa = PBXBuildFile; fileRef = 749019CF191D399A0049AFF9 /* input-field-cover.png */; };
		74901A0B191D399A0049AFF9 /* input-field-cover@2x.png in Resources */ = {isa = PBXBuildFile; fileRef = 749019D0191D399A0049AFF9 /* input-field-cover@2x.png */; };
		74901A0C191D399A0049AFF9 /* keyborad@2x.png in Resources */ = {isa = PBXBuildFile; fileRef = 749019D1191D399A0049AFF9 /* keyborad@2x.png */; };
		74901A0D191D399A0049AFF9 /* keyborad_HL@2x.png in Resources */ = {isa = PBXBuildFile; fileRef = 749019D2191D399A0049AFF9 /* keyborad_HL@2x.png */; };
		74901A0E191D399A0049AFF9 /* MessageVideoPlay@2x.png in Resources */ = {isa = PBXBuildFile; fileRef = 749019D3191D399A0049AFF9 /* MessageVideoPlay@2x.png */; };
		74901A0F191D399A0049AFF9 /* multiMedia@2x.png in Resources */ = {isa = PBXBuildFile; fileRef = 749019D4191D399A0049AFF9 /* multiMedia@2x.png */; };
		74901A10191D399A0049AFF9 /* multiMedia_HL@2x.png in Resources */ = {isa = PBXBuildFile; fileRef = 749019D5191D399A0049AFF9 /* multiMedia_HL@2x.png */; };
		74901A11191D399A0049AFF9 /* ReceiverVoiceNodePlaying000@2x.png in Resources */ = {isa = PBXBuildFile; fileRef = 749019D6191D399A0049AFF9 /* ReceiverVoiceNodePlaying000@2x.png */; };
		74901A12191D399A0049AFF9 /* ReceiverVoiceNodePlaying001@2x.png in Resources */ = {isa = PBXBuildFile; fileRef = 749019D7191D399A0049AFF9 /* ReceiverVoiceNodePlaying001@2x.png */; };
		74901A13191D399A0049AFF9 /* ReceiverVoiceNodePlaying002@2x.png in Resources */ = {isa = PBXBuildFile; fileRef = 749019D8191D399A0049AFF9 /* ReceiverVoiceNodePlaying002@2x.png */; };
		74901A14191D399A0049AFF9 /* ReceiverVoiceNodePlaying003@2x.png in Resources */ = {isa = PBXBuildFile; fileRef = 749019D9191D399A0049AFF9 /* ReceiverVoiceNodePlaying003@2x.png */; };
		74901A15191D399A0049AFF9 /* ReceiverVoiceNodePlaying@2x.png in Resources */ = {isa = PBXBuildFile; fileRef = 749019DA191D399A0049AFF9 /* ReceiverVoiceNodePlaying@2x.png */; };
		74901A16191D399A0049AFF9 /* section0_emotion0@2x.png in Resources */ = {isa = PBXBuildFile; fileRef = 749019DB191D399A0049AFF9 /* section0_emotion0@2x.png */; };
		74901A17191D399A0049AFF9 /* section0_emotion10@2x.png in Resources */ = {isa = PBXBuildFile; fileRef = 749019DC191D399A0049AFF9 /* section0_emotion10@2x.png */; };
		74901A18191D399A0049AFF9 /* section0_emotion11@2x.png in Resources */ = {isa = PBXBuildFile; fileRef = 749019DD191D399A0049AFF9 /* section0_emotion11@2x.png */; };
		74901A19191D399A0049AFF9 /* section0_emotion12@2x.png in Resources */ = {isa = PBXBuildFile; fileRef = 749019DE191D399A0049AFF9 /* section0_emotion12@2x.png */; };
		74901A1A191D399A0049AFF9 /* section0_emotion13@2x.png in Resources */ = {isa = PBXBuildFile; fileRef = 749019DF191D399A0049AFF9 /* section0_emotion13@2x.png */; };
		74901A1B191D399A0049AFF9 /* section0_emotion14@2x.png in Resources */ = {isa = PBXBuildFile; fileRef = 749019E0191D399A0049AFF9 /* section0_emotion14@2x.png */; };
		74901A1C191D399A0049AFF9 /* section0_emotion15@2x.png in Resources */ = {isa = PBXBuildFile; fileRef = 749019E1191D399A0049AFF9 /* section0_emotion15@2x.png */; };
		74901A1D191D399A0049AFF9 /* section0_emotion1@2x.png in Resources */ = {isa = PBXBuildFile; fileRef = 749019E2191D399A0049AFF9 /* section0_emotion1@2x.png */; };
		74901A1E191D399A0049AFF9 /* section0_emotion2@2x.png in Resources */ = {isa = PBXBuildFile; fileRef = 749019E3191D399A0049AFF9 /* section0_emotion2@2x.png */; };
		74901A1F191D399A0049AFF9 /* section0_emotion3@2x.png in Resources */ = {isa = PBXBuildFile; fileRef = 749019E4191D399A0049AFF9 /* section0_emotion3@2x.png */; };
		74901A20191D399A0049AFF9 /* section0_emotion4@2x.png in Resources */ = {isa = PBXBuildFile; fileRef = 749019E5191D399A0049AFF9 /* section0_emotion4@2x.png */; };
		74901A21191D399A0049AFF9 /* section0_emotion5@2x.png in Resources */ = {isa = PBXBuildFile; fileRef = 749019E6191D399A0049AFF9 /* section0_emotion5@2x.png */; };
		74901A22191D399A0049AFF9 /* section0_emotion6@2x.png in Resources */ = {isa = PBXBuildFile; fileRef = 749019E7191D399A0049AFF9 /* section0_emotion6@2x.png */; };
		74901A23191D399A0049AFF9 /* section0_emotion7@2x.png in Resources */ = {isa = PBXBuildFile; fileRef = 749019E8191D399A0049AFF9 /* section0_emotion7@2x.png */; };
		74901A24191D399A0049AFF9 /* section0_emotion8@2x.png in Resources */ = {isa = PBXBuildFile; fileRef = 749019E9191D399A0049AFF9 /* section0_emotion8@2x.png */; };
		74901A25191D399A0049AFF9 /* section0_emotion9@2x.png in Resources */ = {isa = PBXBuildFile; fileRef = 749019EA191D399A0049AFF9 /* section0_emotion9@2x.png */; };
		74901A26191D399A0049AFF9 /* SenderVoiceNodePlaying000@2x.png in Resources */ = {isa = PBXBuildFile; fileRef = 749019EB191D399A0049AFF9 /* SenderVoiceNodePlaying000@2x.png */; };
		74901A27191D399A0049AFF9 /* SenderVoiceNodePlaying001@2x.png in Resources */ = {isa = PBXBuildFile; fileRef = 749019EC191D399A0049AFF9 /* SenderVoiceNodePlaying001@2x.png */; };
		74901A28191D399A0049AFF9 /* SenderVoiceNodePlaying002@2x.png in Resources */ = {isa = PBXBuildFile; fileRef = 749019ED191D399A0049AFF9 /* SenderVoiceNodePlaying002@2x.png */; };
		74901A29191D399A0049AFF9 /* SenderVoiceNodePlaying003@2x.png in Resources */ = {isa = PBXBuildFile; fileRef = 749019EE191D399A0049AFF9 /* SenderVoiceNodePlaying003@2x.png */; };
		74901A2A191D399A0049AFF9 /* SenderVoiceNodePlaying@2x.png in Resources */ = {isa = PBXBuildFile; fileRef = 749019EF191D399A0049AFF9 /* SenderVoiceNodePlaying@2x.png */; };
		74901A2B191D399A0049AFF9 /* sharemore_friendcard@2x.png in Resources */ = {isa = PBXBuildFile; fileRef = 749019F0191D399A0049AFF9 /* sharemore_friendcard@2x.png */; };
		74901A2C191D399A0049AFF9 /* sharemore_location@2x.png in Resources */ = {isa = PBXBuildFile; fileRef = 749019F1191D399A0049AFF9 /* sharemore_location@2x.png */; };
		74901A2D191D399A0049AFF9 /* sharemore_myfav@2x.png in Resources */ = {isa = PBXBuildFile; fileRef = 749019F2191D399A0049AFF9 /* sharemore_myfav@2x.png */; };
		74901A2E191D399A0049AFF9 /* sharemore_openapi@2x.png in Resources */ = {isa = PBXBuildFile; fileRef = 749019F3191D399A0049AFF9 /* sharemore_openapi@2x.png */; };
		74901A2F191D399A0049AFF9 /* sharemore_pic@2x.png in Resources */ = {isa = PBXBuildFile; fileRef = 749019F4191D399A0049AFF9 /* sharemore_pic@2x.png */; };
		74901A30191D399A0049AFF9 /* sharemore_video@2x.png in Resources */ = {isa = PBXBuildFile; fileRef = 749019F5191D399A0049AFF9 /* sharemore_video@2x.png */; };
		74901A31191D399A0049AFF9 /* sharemore_videovoip@2x.png in Resources */ = {isa = PBXBuildFile; fileRef = 749019F6191D399A0049AFF9 /* sharemore_videovoip@2x.png */; };
		74901A32191D399A0049AFF9 /* sharemore_voiceinput@2x.png in Resources */ = {isa = PBXBuildFile; fileRef = 749019F7191D399A0049AFF9 /* sharemore_voiceinput@2x.png */; };
		74901A33191D399A0049AFF9 /* sharemore_voipvoice@2x.png in Resources */ = {isa = PBXBuildFile; fileRef = 749019F8191D399A0049AFF9 /* sharemore_voipvoice@2x.png */; };
		74901A34191D399A0049AFF9 /* sharemore_wxtalk@2x.png in Resources */ = {isa = PBXBuildFile; fileRef = 749019F9191D399A0049AFF9 /* sharemore_wxtalk@2x.png */; };
		74901A35191D399A0049AFF9 /* voice@2x.png in Resources */ = {isa = PBXBuildFile; fileRef = 749019FA191D399A0049AFF9 /* voice@2x.png */; };
		74901A36191D399A0049AFF9 /* voice_HL@2x.png in Resources */ = {isa = PBXBuildFile; fileRef = 749019FB191D399A0049AFF9 /* voice_HL@2x.png */; };
		74901A37191D399A0049AFF9 /* weChatBubble_Receiving_Cavern@2x.png in Resources */ = {isa = PBXBuildFile; fileRef = 749019FC191D399A0049AFF9 /* weChatBubble_Receiving_Cavern@2x.png */; };
		74901A38191D399A0049AFF9 /* weChatBubble_Receiving_Solid@2x.png in Resources */ = {isa = PBXBuildFile; fileRef = 749019FD191D399A0049AFF9 /* weChatBubble_Receiving_Solid@2x.png */; };
		74901A39191D399A0049AFF9 /* weChatBubble_Sending_Cavern@2x.png in Resources */ = {isa = PBXBuildFile; fileRef = 749019FE191D399A0049AFF9 /* weChatBubble_Sending_Cavern@2x.png */; };
		74901A3A191D399A0049AFF9 /* weChatBubble_Sending_Solid@2x.png in Resources */ = {isa = PBXBuildFile; fileRef = 749019FF191D399A0049AFF9 /* weChatBubble_Sending_Solid@2x.png */; };
/* End PBXBuildFile section */

/* Begin PBXContainerItemProxy section */
		74180C9C190F496E00A35C82 /* PBXContainerItemProxy */ = {
			isa = PBXContainerItemProxy;
			containerPortal = 74180C6B190F496E00A35C82 /* Project object */;
			proxyType = 1;
			remoteGlobalIDString = 74180C72190F496E00A35C82;
			remoteInfo = MessageDisplayKitStoryBoradExample;
		};
/* End PBXContainerItemProxy section */

/* Begin PBXFileReference section */
		74180C73190F496E00A35C82 /* MessageDisplayKitStoryBoradExample.app */ = {isa = PBXFileReference; explicitFileType = wrapper.application; includeInIndex = 0; path = MessageDisplayKitStoryBoradExample.app; sourceTree = BUILT_PRODUCTS_DIR; };
		74180C76190F496E00A35C82 /* Foundation.framework */ = {isa = PBXFileReference; lastKnownFileType = wrapper.framework; name = Foundation.framework; path = System/Library/Frameworks/Foundation.framework; sourceTree = SDKROOT; };
		74180C78190F496E00A35C82 /* CoreGraphics.framework */ = {isa = PBXFileReference; lastKnownFileType = wrapper.framework; name = CoreGraphics.framework; path = System/Library/Frameworks/CoreGraphics.framework; sourceTree = SDKROOT; };
		74180C7A190F496E00A35C82 /* UIKit.framework */ = {isa = PBXFileReference; lastKnownFileType = wrapper.framework; name = UIKit.framework; path = System/Library/Frameworks/UIKit.framework; sourceTree = SDKROOT; };
		74180C7E190F496E00A35C82 /* MessageDisplayKitStoryBoradExample-Info.plist */ = {isa = PBXFileReference; lastKnownFileType = text.plist.xml; path = "MessageDisplayKitStoryBoradExample-Info.plist"; sourceTree = "<group>"; };
		74180C80190F496E00A35C82 /* en */ = {isa = PBXFileReference; lastKnownFileType = text.plist.strings; name = en; path = en.lproj/InfoPlist.strings; sourceTree = "<group>"; };
		74180C82190F496E00A35C82 /* main.m */ = {isa = PBXFileReference; lastKnownFileType = sourcecode.c.objc; path = main.m; sourceTree = "<group>"; };
		74180C84190F496E00A35C82 /* MessageDisplayKitStoryBoradExample-Prefix.pch */ = {isa = PBXFileReference; lastKnownFileType = sourcecode.c.h; path = "MessageDisplayKitStoryBoradExample-Prefix.pch"; sourceTree = "<group>"; };
		74180C85190F496E00A35C82 /* AppDelegate.h */ = {isa = PBXFileReference; lastKnownFileType = sourcecode.c.h; path = AppDelegate.h; sourceTree = "<group>"; };
		74180C86190F496E00A35C82 /* AppDelegate.m */ = {isa = PBXFileReference; lastKnownFileType = sourcecode.c.objc; path = AppDelegate.m; sourceTree = "<group>"; };
		74180C89190F496E00A35C82 /* Base */ = {isa = PBXFileReference; lastKnownFileType = file.storyboard; name = Base; path = Base.lproj/Main_iPhone.storyboard; sourceTree = "<group>"; };
		74180C8C190F496E00A35C82 /* Base */ = {isa = PBXFileReference; lastKnownFileType = file.storyboard; name = Base; path = Base.lproj/Main_iPad.storyboard; sourceTree = "<group>"; };
		74180C8E190F496E00A35C82 /* ViewController.h */ = {isa = PBXFileReference; lastKnownFileType = sourcecode.c.h; path = ViewController.h; sourceTree = "<group>"; };
		74180C8F190F496E00A35C82 /* ViewController.m */ = {isa = PBXFileReference; lastKnownFileType = sourcecode.c.objc; path = ViewController.m; sourceTree = "<group>"; };
		74180C97190F496E00A35C82 /* MessageDisplayKitStoryBoradExampleTests.xctest */ = {isa = PBXFileReference; explicitFileType = wrapper.cfbundle; includeInIndex = 0; path = MessageDisplayKitStoryBoradExampleTests.xctest; sourceTree = BUILT_PRODUCTS_DIR; };
		74180C98190F496E00A35C82 /* XCTest.framework */ = {isa = PBXFileReference; lastKnownFileType = wrapper.framework; name = XCTest.framework; path = Library/Frameworks/XCTest.framework; sourceTree = DEVELOPER_DIR; };
		74180CA0190F496E00A35C82 /* MessageDisplayKitStoryBoradExampleTests-Info.plist */ = {isa = PBXFileReference; lastKnownFileType = text.plist.xml; path = "MessageDisplayKitStoryBoradExampleTests-Info.plist"; sourceTree = "<group>"; };
		74180CA2190F496E00A35C82 /* en */ = {isa = PBXFileReference; lastKnownFileType = text.plist.strings; name = en; path = en.lproj/InfoPlist.strings; sourceTree = "<group>"; };
		74180CA4190F496E00A35C82 /* MessageDisplayKitStoryBoradExampleTests.m */ = {isa = PBXFileReference; lastKnownFileType = sourcecode.c.objc; path = MessageDisplayKitStoryBoradExampleTests.m; sourceTree = "<group>"; };
		74180CE7190F54C100A35C82 /* XHDemoWeChatMessageTableViewController.h */ = {isa = PBXFileReference; fileEncoding = 4; lastKnownFileType = sourcecode.c.h; path = XHDemoWeChatMessageTableViewController.h; sourceTree = "<group>"; };
		74180CE8190F54C100A35C82 /* XHDemoWeChatMessageTableViewController.m */ = {isa = PBXFileReference; fileEncoding = 4; lastKnownFileType = sourcecode.c.objc; path = XHDemoWeChatMessageTableViewController.m; sourceTree = "<group>"; };
		74180CED190F560700A35C82 /* MessageDisplayFramework.framework */ = {isa = PBXFileReference; lastKnownFileType = wrapper.framework; name = MessageDisplayFramework.framework; path = "../../../../../../../Users/qtone-1/Library/Developer/Xcode/DerivedData/MessageDisplayKitWorkSpace-gnbhcevmgruvfqgvjvaecxmpgjha/Build/Products/Release-iphoneos/MessageDisplayFramework.framework"; sourceTree = "<group>"; };
		744FBDCE1915FFD500FB4A65 /* Default-568h@2x.png */ = {isa = PBXFileReference; lastKnownFileType = image.png; path = "Default-568h@2x.png"; sourceTree = "<group>"; };
		744FBDCF1915FFD500FB4A65 /* Default@2x.png */ = {isa = PBXFileReference; lastKnownFileType = image.png; path = "Default@2x.png"; sourceTree = "<group>"; };
		749019B8191D39850049AFF9 /* avator@2x.png */ = {isa = PBXFileReference; lastKnownFileType = image.png; path = "avator@2x.png"; sourceTree = "<group>"; };
		749019B9191D39850049AFF9 /* Demo0.gif */ = {isa = PBXFileReference; lastKnownFileType = image.gif; path = Demo0.gif; sourceTree = "<group>"; };
		749019BA191D39850049AFF9 /* Demo1.gif */ = {isa = PBXFileReference; lastKnownFileType = image.gif; path = Demo1.gif; sourceTree = "<group>"; };
		749019BB191D39850049AFF9 /* IMG_1555.MOV */ = {isa = PBXFileReference; lastKnownFileType = video.quicktime; path = IMG_1555.MOV; sourceTree = "<group>"; };
		749019BC191D39850049AFF9 /* placeholderImage@2x.png */ = {isa = PBXFileReference; lastKnownFileType = image.png; path = "placeholderImage@2x.png"; sourceTree = "<group>"; };
		749019BD191D39850049AFF9 /* TableViewBackgroundImage@2x.png */ = {isa = PBXFileReference; lastKnownFileType = image.png; path = "TableViewBackgroundImage@2x.png"; sourceTree = "<group>"; };
		749019C6191D399A0049AFF9 /* en */ = {isa = PBXFileReference; lastKnownFileType = text.plist.strings; name = en; path = en.lproj/MessageDisplayKitString.strings; sourceTree = "<group>"; };
		749019C7191D399A0049AFF9 /* face@2x.png */ = {isa = PBXFileReference; lastKnownFileType = image.png; path = "face@2x.png"; sourceTree = "<group>"; };
		749019C8191D399A0049AFF9 /* face_HL@2x.png */ = {isa = PBXFileReference; lastKnownFileType = image.png; path = "face_HL@2x.png"; sourceTree = "<group>"; };
		749019C9191D399A0049AFF9 /* Fav_Cell_Loc@2x.png */ = {isa = PBXFileReference; lastKnownFileType = image.png; path = "Fav_Cell_Loc@2x.png"; sourceTree = "<group>"; };
		749019CA191D399A0049AFF9 /* holdDownButton@2x.png */ = {isa = PBXFileReference; lastKnownFileType = image.png; path = "holdDownButton@2x.png"; sourceTree = "<group>"; };
		749019CB191D399A0049AFF9 /* input-bar-background.png */ = {isa = PBXFileReference; lastKnownFileType = image.png; path = "input-bar-background.png"; sourceTree = "<group>"; };
		749019CC191D399A0049AFF9 /* input-bar-background@2x.png */ = {isa = PBXFileReference; lastKnownFileType = image.png; path = "input-bar-background@2x.png"; sourceTree = "<group>"; };
		749019CD191D399A0049AFF9 /* input-bar-flat.png */ = {isa = PBXFileReference; lastKnownFileType = image.png; path = "input-bar-flat.png"; sourceTree = "<group>"; };
		749019CE191D399A0049AFF9 /* input-bar-flat@2x.png */ = {isa = PBXFileReference; lastKnownFileType = image.png; path = "input-bar-flat@2x.png"; sourceTree = "<group>"; };
		749019CF191D399A0049AFF9 /* input-field-cover.png */ = {isa = PBXFileReference; lastKnownFileType = image.png; path = "input-field-cover.png"; sourceTree = "<group>"; };
		749019D0191D399A0049AFF9 /* input-field-cover@2x.png */ = {isa = PBXFileReference; lastKnownFileType = image.png; path = "input-field-cover@2x.png"; sourceTree = "<group>"; };
		749019D1191D399A0049AFF9 /* keyborad@2x.png */ = {isa = PBXFileReference; lastKnownFileType = image.png; path = "keyborad@2x.png"; sourceTree = "<group>"; };
		749019D2191D399A0049AFF9 /* keyborad_HL@2x.png */ = {isa = PBXFileReference; lastKnownFileType = image.png; path = "keyborad_HL@2x.png"; sourceTree = "<group>"; };
		749019D3191D399A0049AFF9 /* MessageVideoPlay@2x.png */ = {isa = PBXFileReference; lastKnownFileType = image.png; path = "MessageVideoPlay@2x.png"; sourceTree = "<group>"; };
		749019D4191D399A0049AFF9 /* multiMedia@2x.png */ = {isa = PBXFileReference; lastKnownFileType = image.png; path = "multiMedia@2x.png"; sourceTree = "<group>"; };
		749019D5191D399A0049AFF9 /* multiMedia_HL@2x.png */ = {isa = PBXFileReference; lastKnownFileType = image.png; path = "multiMedia_HL@2x.png"; sourceTree = "<group>"; };
		749019D6191D399A0049AFF9 /* ReceiverVoiceNodePlaying000@2x.png */ = {isa = PBXFileReference; lastKnownFileType = image.png; path = "ReceiverVoiceNodePlaying000@2x.png"; sourceTree = "<group>"; };
		749019D7191D399A0049AFF9 /* ReceiverVoiceNodePlaying001@2x.png */ = {isa = PBXFileReference; lastKnownFileType = image.png; path = "ReceiverVoiceNodePlaying001@2x.png"; sourceTree = "<group>"; };
		749019D8191D399A0049AFF9 /* ReceiverVoiceNodePlaying002@2x.png */ = {isa = PBXFileReference; lastKnownFileType = image.png; path = "ReceiverVoiceNodePlaying002@2x.png"; sourceTree = "<group>"; };
		749019D9191D399A0049AFF9 /* ReceiverVoiceNodePlaying003@2x.png */ = {isa = PBXFileReference; lastKnownFileType = image.png; path = "ReceiverVoiceNodePlaying003@2x.png"; sourceTree = "<group>"; };
		749019DA191D399A0049AFF9 /* ReceiverVoiceNodePlaying@2x.png */ = {isa = PBXFileReference; lastKnownFileType = image.png; path = "ReceiverVoiceNodePlaying@2x.png"; sourceTree = "<group>"; };
		749019DB191D399A0049AFF9 /* section0_emotion0@2x.png */ = {isa = PBXFileReference; lastKnownFileType = image.png; path = "section0_emotion0@2x.png"; sourceTree = "<group>"; };
		749019DC191D399A0049AFF9 /* section0_emotion10@2x.png */ = {isa = PBXFileReference; lastKnownFileType = image.png; path = "section0_emotion10@2x.png"; sourceTree = "<group>"; };
		749019DD191D399A0049AFF9 /* section0_emotion11@2x.png */ = {isa = PBXFileReference; lastKnownFileType = image.png; path = "section0_emotion11@2x.png"; sourceTree = "<group>"; };
		749019DE191D399A0049AFF9 /* section0_emotion12@2x.png */ = {isa = PBXFileReference; lastKnownFileType = image.png; path = "section0_emotion12@2x.png"; sourceTree = "<group>"; };
		749019DF191D399A0049AFF9 /* section0_emotion13@2x.png */ = {isa = PBXFileReference; lastKnownFileType = image.png; path = "section0_emotion13@2x.png"; sourceTree = "<group>"; };
		749019E0191D399A0049AFF9 /* section0_emotion14@2x.png */ = {isa = PBXFileReference; lastKnownFileType = image.png; path = "section0_emotion14@2x.png"; sourceTree = "<group>"; };
		749019E1191D399A0049AFF9 /* section0_emotion15@2x.png */ = {isa = PBXFileReference; lastKnownFileType = image.png; path = "section0_emotion15@2x.png"; sourceTree = "<group>"; };
		749019E2191D399A0049AFF9 /* section0_emotion1@2x.png */ = {isa = PBXFileReference; lastKnownFileType = image.png; path = "section0_emotion1@2x.png"; sourceTree = "<group>"; };
		749019E3191D399A0049AFF9 /* section0_emotion2@2x.png */ = {isa = PBXFileReference; lastKnownFileType = image.png; path = "section0_emotion2@2x.png"; sourceTree = "<group>"; };
		749019E4191D399A0049AFF9 /* section0_emotion3@2x.png */ = {isa = PBXFileReference; lastKnownFileType = image.png; path = "section0_emotion3@2x.png"; sourceTree = "<group>"; };
		749019E5191D399A0049AFF9 /* section0_emotion4@2x.png */ = {isa = PBXFileReference; lastKnownFileType = image.png; path = "section0_emotion4@2x.png"; sourceTree = "<group>"; };
		749019E6191D399A0049AFF9 /* section0_emotion5@2x.png */ = {isa = PBXFileReference; lastKnownFileType = image.png; path = "section0_emotion5@2x.png"; sourceTree = "<group>"; };
		749019E7191D399A0049AFF9 /* section0_emotion6@2x.png */ = {isa = PBXFileReference; lastKnownFileType = image.png; path = "section0_emotion6@2x.png"; sourceTree = "<group>"; };
		749019E8191D399A0049AFF9 /* section0_emotion7@2x.png */ = {isa = PBXFileReference; lastKnownFileType = image.png; path = "section0_emotion7@2x.png"; sourceTree = "<group>"; };
		749019E9191D399A0049AFF9 /* section0_emotion8@2x.png */ = {isa = PBXFileReference; lastKnownFileType = image.png; path = "section0_emotion8@2x.png"; sourceTree = "<group>"; };
		749019EA191D399A0049AFF9 /* section0_emotion9@2x.png */ = {isa = PBXFileReference; lastKnownFileType = image.png; path = "section0_emotion9@2x.png"; sourceTree = "<group>"; };
		749019EB191D399A0049AFF9 /* SenderVoiceNodePlaying000@2x.png */ = {isa = PBXFileReference; lastKnownFileType = image.png; path = "SenderVoiceNodePlaying000@2x.png"; sourceTree = "<group>"; };
		749019EC191D399A0049AFF9 /* SenderVoiceNodePlaying001@2x.png */ = {isa = PBXFileReference; lastKnownFileType = image.png; path = "SenderVoiceNodePlaying001@2x.png"; sourceTree = "<group>"; };
		749019ED191D399A0049AFF9 /* SenderVoiceNodePlaying002@2x.png */ = {isa = PBXFileReference; lastKnownFileType = image.png; path = "SenderVoiceNodePlaying002@2x.png"; sourceTree = "<group>"; };
		749019EE191D399A0049AFF9 /* SenderVoiceNodePlaying003@2x.png */ = {isa = PBXFileReference; lastKnownFileType = image.png; path = "SenderVoiceNodePlaying003@2x.png"; sourceTree = "<group>"; };
		749019EF191D399A0049AFF9 /* SenderVoiceNodePlaying@2x.png */ = {isa = PBXFileReference; lastKnownFileType = image.png; path = "SenderVoiceNodePlaying@2x.png"; sourceTree = "<group>"; };
		749019F0191D399A0049AFF9 /* sharemore_friendcard@2x.png */ = {isa = PBXFileReference; lastKnownFileType = image.png; path = "sharemore_friendcard@2x.png"; sourceTree = "<group>"; };
		749019F1191D399A0049AFF9 /* sharemore_location@2x.png */ = {isa = PBXFileReference; lastKnownFileType = image.png; path = "sharemore_location@2x.png"; sourceTree = "<group>"; };
		749019F2191D399A0049AFF9 /* sharemore_myfav@2x.png */ = {isa = PBXFileReference; lastKnownFileType = image.png; path = "sharemore_myfav@2x.png"; sourceTree = "<group>"; };
		749019F3191D399A0049AFF9 /* sharemore_openapi@2x.png */ = {isa = PBXFileReference; lastKnownFileType = image.png; path = "sharemore_openapi@2x.png"; sourceTree = "<group>"; };
		749019F4191D399A0049AFF9 /* sharemore_pic@2x.png */ = {isa = PBXFileReference; lastKnownFileType = image.png; path = "sharemore_pic@2x.png"; sourceTree = "<group>"; };
		749019F5191D399A0049AFF9 /* sharemore_video@2x.png */ = {isa = PBXFileReference; lastKnownFileType = image.png; path = "sharemore_video@2x.png"; sourceTree = "<group>"; };
		749019F6191D399A0049AFF9 /* sharemore_videovoip@2x.png */ = {isa = PBXFileReference; lastKnownFileType = image.png; path = "sharemore_videovoip@2x.png"; sourceTree = "<group>"; };
		749019F7191D399A0049AFF9 /* sharemore_voiceinput@2x.png */ = {isa = PBXFileReference; lastKnownFileType = image.png; path = "sharemore_voiceinput@2x.png"; sourceTree = "<group>"; };
		749019F8191D399A0049AFF9 /* sharemore_voipvoice@2x.png */ = {isa = PBXFileReference; lastKnownFileType = image.png; path = "sharemore_voipvoice@2x.png"; sourceTree = "<group>"; };
		749019F9191D399A0049AFF9 /* sharemore_wxtalk@2x.png */ = {isa = PBXFileReference; lastKnownFileType = image.png; path = "sharemore_wxtalk@2x.png"; sourceTree = "<group>"; };
		749019FA191D399A0049AFF9 /* voice@2x.png */ = {isa = PBXFileReference; lastKnownFileType = image.png; path = "voice@2x.png"; sourceTree = "<group>"; };
		749019FB191D399A0049AFF9 /* voice_HL@2x.png */ = {isa = PBXFileReference; lastKnownFileType = image.png; path = "voice_HL@2x.png"; sourceTree = "<group>"; };
		749019FC191D399A0049AFF9 /* weChatBubble_Receiving_Cavern@2x.png */ = {isa = PBXFileReference; lastKnownFileType = image.png; path = "weChatBubble_Receiving_Cavern@2x.png"; sourceTree = "<group>"; };
		749019FD191D399A0049AFF9 /* weChatBubble_Receiving_Solid@2x.png */ = {isa = PBXFileReference; lastKnownFileType = image.png; path = "weChatBubble_Receiving_Solid@2x.png"; sourceTree = "<group>"; };
		749019FE191D399A0049AFF9 /* weChatBubble_Sending_Cavern@2x.png */ = {isa = PBXFileReference; lastKnownFileType = image.png; path = "weChatBubble_Sending_Cavern@2x.png"; sourceTree = "<group>"; };
		749019FF191D399A0049AFF9 /* weChatBubble_Sending_Solid@2x.png */ = {isa = PBXFileReference; lastKnownFileType = image.png; path = "weChatBubble_Sending_Solid@2x.png"; sourceTree = "<group>"; };
		74901A00191D399A0049AFF9 /* zh-Hans */ = {isa = PBXFileReference; lastKnownFileType = text.plist.strings; name = "zh-Hans"; path = "zh-Hans.lproj/MessageDisplayKitString.strings"; sourceTree = "<group>"; };
/* End PBXFileReference section */

/* Begin PBXFrameworksBuildPhase section */
		74180C70190F496E00A35C82 /* Frameworks */ = {
			isa = PBXFrameworksBuildPhase;
			buildActionMask = 2147483647;
			files = (
				74180C79190F496E00A35C82 /* CoreGraphics.framework in Frameworks */,
				74180C7B190F496E00A35C82 /* UIKit.framework in Frameworks */,
				74180CEE190F560700A35C82 /* MessageDisplayFramework.framework in Frameworks */,
				74180C77190F496E00A35C82 /* Foundation.framework in Frameworks */,
			);
			runOnlyForDeploymentPostprocessing = 0;
		};
		74180C94190F496E00A35C82 /* Frameworks */ = {
			isa = PBXFrameworksBuildPhase;
			buildActionMask = 2147483647;
			files = (
				74180C99190F496E00A35C82 /* XCTest.framework in Frameworks */,
				74180C9B190F496E00A35C82 /* UIKit.framework in Frameworks */,
				74180C9A190F496E00A35C82 /* Foundation.framework in Frameworks */,
			);
			runOnlyForDeploymentPostprocessing = 0;
		};
/* End PBXFrameworksBuildPhase section */

/* Begin PBXGroup section */
		74180C6A190F496E00A35C82 = {
			isa = PBXGroup;
			children = (
				74180C7C190F496E00A35C82 /* MessageDisplayKitStoryBoradExample */,
				74180C9E190F496E00A35C82 /* MessageDisplayKitStoryBoradExampleTests */,
				74180C75190F496E00A35C82 /* Frameworks */,
				74180C74190F496E00A35C82 /* Products */,
			);
			sourceTree = "<group>";
		};
		74180C74190F496E00A35C82 /* Products */ = {
			isa = PBXGroup;
			children = (
				74180C73190F496E00A35C82 /* MessageDisplayKitStoryBoradExample.app */,
				74180C97190F496E00A35C82 /* MessageDisplayKitStoryBoradExampleTests.xctest */,
			);
			name = Products;
			sourceTree = "<group>";
		};
		74180C75190F496E00A35C82 /* Frameworks */ = {
			isa = PBXGroup;
			children = (
				74180C76190F496E00A35C82 /* Foundation.framework */,
				74180C78190F496E00A35C82 /* CoreGraphics.framework */,
				74180C7A190F496E00A35C82 /* UIKit.framework */,
				74180C98190F496E00A35C82 /* XCTest.framework */,
			);
			name = Frameworks;
			sourceTree = "<group>";
		};
		74180C7C190F496E00A35C82 /* MessageDisplayKitStoryBoradExample */ = {
			isa = PBXGroup;
			children = (
				74180CEC190F55EB00A35C82 /* Vendor */,
				74180C85190F496E00A35C82 /* AppDelegate.h */,
				74180C86190F496E00A35C82 /* AppDelegate.m */,
				74180C88190F496E00A35C82 /* Main_iPhone.storyboard */,
				74180C8B190F496E00A35C82 /* Main_iPad.storyboard */,
				74180C8E190F496E00A35C82 /* ViewController.h */,
				74180C8F190F496E00A35C82 /* ViewController.m */,
				74180CE7190F54C100A35C82 /* XHDemoWeChatMessageTableViewController.h */,
				74180CE8190F54C100A35C82 /* XHDemoWeChatMessageTableViewController.m */,
				74180C7D190F496E00A35C82 /* Supporting Files */,
			);
			path = MessageDisplayKitStoryBoradExample;
			sourceTree = "<group>";
		};
		74180C7D190F496E00A35C82 /* Supporting Files */ = {
			isa = PBXGroup;
			children = (
				749019B7191D39850049AFF9 /* ExampleResources */,
				744FBDCE1915FFD500FB4A65 /* Default-568h@2x.png */,
				744FBDCF1915FFD500FB4A65 /* Default@2x.png */,
				74180C7E190F496E00A35C82 /* MessageDisplayKitStoryBoradExample-Info.plist */,
				74180C7F190F496E00A35C82 /* InfoPlist.strings */,
				74180C82190F496E00A35C82 /* main.m */,
				74180C84190F496E00A35C82 /* MessageDisplayKitStoryBoradExample-Prefix.pch */,
			);
			name = "Supporting Files";
			sourceTree = "<group>";
		};
		74180C9E190F496E00A35C82 /* MessageDisplayKitStoryBoradExampleTests */ = {
			isa = PBXGroup;
			children = (
				74180CA4190F496E00A35C82 /* MessageDisplayKitStoryBoradExampleTests.m */,
				74180C9F190F496E00A35C82 /* Supporting Files */,
			);
			path = MessageDisplayKitStoryBoradExampleTests;
			sourceTree = "<group>";
		};
		74180C9F190F496E00A35C82 /* Supporting Files */ = {
			isa = PBXGroup;
			children = (
				74180CA0190F496E00A35C82 /* MessageDisplayKitStoryBoradExampleTests-Info.plist */,
				74180CA1190F496E00A35C82 /* InfoPlist.strings */,
			);
			name = "Supporting Files";
			sourceTree = "<group>";
		};
		74180CEC190F55EB00A35C82 /* Vendor */ = {
			isa = PBXGroup;
			children = (
				749019C4191D399A0049AFF9 /* Resources */,
				74180CED190F560700A35C82 /* MessageDisplayFramework.framework */,
			);
			path = Vendor;
			sourceTree = "<group>";
		};
		749019B7191D39850049AFF9 /* ExampleResources */ = {
			isa = PBXGroup;
			children = (
				749019B8191D39850049AFF9 /* avator@2x.png */,
				749019B9191D39850049AFF9 /* Demo0.gif */,
				749019BA191D39850049AFF9 /* Demo1.gif */,
				749019BB191D39850049AFF9 /* IMG_1555.MOV */,
				749019BC191D39850049AFF9 /* placeholderImage@2x.png */,
				749019BD191D39850049AFF9 /* TableViewBackgroundImage@2x.png */,
			);
			name = ExampleResources;
			path = ../../MessageDisplayExample/MessageDisplayExample/ExampleResources;
			sourceTree = "<group>";
		};
		749019C4191D399A0049AFF9 /* Resources */ = {
			isa = PBXGroup;
			children = (
				749019C5191D399A0049AFF9 /* MessageDisplayKitString.strings */,
				749019C7191D399A0049AFF9 /* face@2x.png */,
				749019C8191D399A0049AFF9 /* face_HL@2x.png */,
				749019C9191D399A0049AFF9 /* Fav_Cell_Loc@2x.png */,
				749019CA191D399A0049AFF9 /* holdDownButton@2x.png */,
				749019CB191D399A0049AFF9 /* input-bar-background.png */,
				749019CC191D399A0049AFF9 /* input-bar-background@2x.png */,
				749019CD191D399A0049AFF9 /* input-bar-flat.png */,
				749019CE191D399A0049AFF9 /* input-bar-flat@2x.png */,
				749019CF191D399A0049AFF9 /* input-field-cover.png */,
				749019D0191D399A0049AFF9 /* input-field-cover@2x.png */,
				749019D1191D399A0049AFF9 /* keyborad@2x.png */,
				749019D2191D399A0049AFF9 /* keyborad_HL@2x.png */,
				749019D3191D399A0049AFF9 /* MessageVideoPlay@2x.png */,
				749019D4191D399A0049AFF9 /* multiMedia@2x.png */,
				749019D5191D399A0049AFF9 /* multiMedia_HL@2x.png */,
				749019D6191D399A0049AFF9 /* ReceiverVoiceNodePlaying000@2x.png */,
				749019D7191D399A0049AFF9 /* ReceiverVoiceNodePlaying001@2x.png */,
				749019D8191D399A0049AFF9 /* ReceiverVoiceNodePlaying002@2x.png */,
				749019D9191D399A0049AFF9 /* ReceiverVoiceNodePlaying003@2x.png */,
				749019DA191D399A0049AFF9 /* ReceiverVoiceNodePlaying@2x.png */,
				749019DB191D399A0049AFF9 /* section0_emotion0@2x.png */,
				749019DC191D399A0049AFF9 /* section0_emotion10@2x.png */,
				749019DD191D399A0049AFF9 /* section0_emotion11@2x.png */,
				749019DE191D399A0049AFF9 /* section0_emotion12@2x.png */,
				749019DF191D399A0049AFF9 /* section0_emotion13@2x.png */,
				749019E0191D399A0049AFF9 /* section0_emotion14@2x.png */,
				749019E1191D399A0049AFF9 /* section0_emotion15@2x.png */,
				749019E2191D399A0049AFF9 /* section0_emotion1@2x.png */,
				749019E3191D399A0049AFF9 /* section0_emotion2@2x.png */,
				749019E4191D399A0049AFF9 /* section0_emotion3@2x.png */,
				749019E5191D399A0049AFF9 /* section0_emotion4@2x.png */,
				749019E6191D399A0049AFF9 /* section0_emotion5@2x.png */,
				749019E7191D399A0049AFF9 /* section0_emotion6@2x.png */,
				749019E8191D399A0049AFF9 /* section0_emotion7@2x.png */,
				749019E9191D399A0049AFF9 /* section0_emotion8@2x.png */,
				749019EA191D399A0049AFF9 /* section0_emotion9@2x.png */,
				749019EB191D399A0049AFF9 /* SenderVoiceNodePlaying000@2x.png */,
				749019EC191D399A0049AFF9 /* SenderVoiceNodePlaying001@2x.png */,
				749019ED191D399A0049AFF9 /* SenderVoiceNodePlaying002@2x.png */,
				749019EE191D399A0049AFF9 /* SenderVoiceNodePlaying003@2x.png */,
				749019EF191D399A0049AFF9 /* SenderVoiceNodePlaying@2x.png */,
				749019F0191D399A0049AFF9 /* sharemore_friendcard@2x.png */,
				749019F1191D399A0049AFF9 /* sharemore_location@2x.png */,
				749019F2191D399A0049AFF9 /* sharemore_myfav@2x.png */,
				749019F3191D399A0049AFF9 /* sharemore_openapi@2x.png */,
				749019F4191D399A0049AFF9 /* sharemore_pic@2x.png */,
				749019F5191D399A0049AFF9 /* sharemore_video@2x.png */,
				749019F6191D399A0049AFF9 /* sharemore_videovoip@2x.png */,
				749019F7191D399A0049AFF9 /* sharemore_voiceinput@2x.png */,
				749019F8191D399A0049AFF9 /* sharemore_voipvoice@2x.png */,
				749019F9191D399A0049AFF9 /* sharemore_wxtalk@2x.png */,
				749019FA191D399A0049AFF9 /* voice@2x.png */,
				749019FB191D399A0049AFF9 /* voice_HL@2x.png */,
				749019FC191D399A0049AFF9 /* weChatBubble_Receiving_Cavern@2x.png */,
				749019FD191D399A0049AFF9 /* weChatBubble_Receiving_Solid@2x.png */,
				749019FE191D399A0049AFF9 /* weChatBubble_Sending_Cavern@2x.png */,
				749019FF191D399A0049AFF9 /* weChatBubble_Sending_Solid@2x.png */,
			);
			name = Resources;
			path = ../../../../MessageDisplayKit/Resources;
			sourceTree = "<group>";
		};
/* End PBXGroup section */

/* Begin PBXNativeTarget section */
		74180C72190F496E00A35C82 /* MessageDisplayKitStoryBoradExample */ = {
			isa = PBXNativeTarget;
			buildConfigurationList = 74180CA8190F496E00A35C82 /* Build configuration list for PBXNativeTarget "MessageDisplayKitStoryBoradExample" */;
			buildPhases = (
				74180C6F190F496E00A35C82 /* Sources */,
				74180C70190F496E00A35C82 /* Frameworks */,
				74180C71190F496E00A35C82 /* Resources */,
			);
			buildRules = (
			);
			dependencies = (
			);
			name = MessageDisplayKitStoryBoradExample;
			productName = MessageDisplayKitStoryBoradExample;
			productReference = 74180C73190F496E00A35C82 /* MessageDisplayKitStoryBoradExample.app */;
			productType = "com.apple.product-type.application";
		};
		74180C96190F496E00A35C82 /* MessageDisplayKitStoryBoradExampleTests */ = {
			isa = PBXNativeTarget;
			buildConfigurationList = 74180CAB190F496E00A35C82 /* Build configuration list for PBXNativeTarget "MessageDisplayKitStoryBoradExampleTests" */;
			buildPhases = (
				74180C93190F496E00A35C82 /* Sources */,
				74180C94190F496E00A35C82 /* Frameworks */,
				74180C95190F496E00A35C82 /* Resources */,
			);
			buildRules = (
			);
			dependencies = (
				74180C9D190F496E00A35C82 /* PBXTargetDependency */,
			);
			name = MessageDisplayKitStoryBoradExampleTests;
			productName = MessageDisplayKitStoryBoradExampleTests;
			productReference = 74180C97190F496E00A35C82 /* MessageDisplayKitStoryBoradExampleTests.xctest */;
			productType = "com.apple.product-type.bundle.unit-test";
		};
/* End PBXNativeTarget section */

/* Begin PBXProject section */
		74180C6B190F496E00A35C82 /* Project object */ = {
			isa = PBXProject;
			attributes = {
				LastUpgradeCheck = 0510;
				ORGANIZATIONNAME = "曾宪华 开发团队(http://iyilunba.com ) 本人QQ:543413507 本人QQ群（142557668）.";
				TargetAttributes = {
					74180C96190F496E00A35C82 = {
						TestTargetID = 74180C72190F496E00A35C82;
					};
				};
			};
			buildConfigurationList = 74180C6E190F496E00A35C82 /* Build configuration list for PBXProject "MessageDisplayKitStoryBoradExample" */;
			compatibilityVersion = "Xcode 3.2";
			developmentRegion = English;
			hasScannedForEncodings = 0;
			knownRegions = (
				en,
				Base,
				"zh-Hans",
			);
			mainGroup = 74180C6A190F496E00A35C82;
			productRefGroup = 74180C74190F496E00A35C82 /* Products */;
			projectDirPath = "";
			projectRoot = "";
			targets = (
				74180C72190F496E00A35C82 /* MessageDisplayKitStoryBoradExample */,
				74180C96190F496E00A35C82 /* MessageDisplayKitStoryBoradExampleTests */,
			);
		};
/* End PBXProject section */

/* Begin PBXResourcesBuildPhase section */
		74180C71190F496E00A35C82 /* Resources */ = {
			isa = PBXResourcesBuildPhase;
			buildActionMask = 2147483647;
			files = (
				74901A11191D399A0049AFF9 /* ReceiverVoiceNodePlaying000@2x.png in Resources */,
				74901A15191D399A0049AFF9 /* ReceiverVoiceNodePlaying@2x.png in Resources */,
				74901A1E191D399A0049AFF9 /* section0_emotion2@2x.png in Resources */,
				74180C8D190F496E00A35C82 /* Main_iPad.storyboard in Resources */,
				74901A02191D399A0049AFF9 /* face@2x.png in Resources */,
				74901A19191D399A0049AFF9 /* section0_emotion12@2x.png in Resources */,
				74901A29191D399A0049AFF9 /* SenderVoiceNodePlaying003@2x.png in Resources */,
				74901A38191D399A0049AFF9 /* weChatBubble_Receiving_Solid@2x.png in Resources */,
				74901A2B191D399A0049AFF9 /* sharemore_friendcard@2x.png in Resources */,
				74901A10191D399A0049AFF9 /* multiMedia_HL@2x.png in Resources */,
				74901A14191D399A0049AFF9 /* ReceiverVoiceNodePlaying003@2x.png in Resources */,
				74901A30191D399A0049AFF9 /* sharemore_video@2x.png in Resources */,
				74901A01191D399A0049AFF9 /* MessageDisplayKitString.strings in Resources */,
				74901A0D191D399A0049AFF9 /* keyborad_HL@2x.png in Resources */,
				74901A17191D399A0049AFF9 /* section0_emotion10@2x.png in Resources */,
				744FBDD01915FFD500FB4A65 /* Default-568h@2x.png in Resources */,
				74901A0B191D399A0049AFF9 /* input-field-cover@2x.png in Resources */,
				74901A06191D399A0049AFF9 /* input-bar-background.png in Resources */,
				74901A2C191D399A0049AFF9 /* sharemore_location@2x.png in Resources */,
				74901A36191D399A0049AFF9 /* voice_HL@2x.png in Resources */,
				74901A1D191D399A0049AFF9 /* section0_emotion1@2x.png in Resources */,
				74901A08191D399A0049AFF9 /* input-bar-flat.png in Resources */,
				74901A2A191D399A0049AFF9 /* SenderVoiceNodePlaying@2x.png in Resources */,
				749019C3191D39850049AFF9 /* TableViewBackgroundImage@2x.png in Resources */,
				74901A0A191D399A0049AFF9 /* input-field-cover.png in Resources */,
				74901A2F191D399A0049AFF9 /* sharemore_pic@2x.png in Resources */,
				74901A34191D399A0049AFF9 /* sharemore_wxtalk@2x.png in Resources */,
				74180C8A190F496E00A35C82 /* Main_iPhone.storyboard in Resources */,
				74901A09191D399A0049AFF9 /* input-bar-flat@2x.png in Resources */,
				749019C0191D39850049AFF9 /* Demo1.gif in Resources */,
				74901A0C191D399A0049AFF9 /* keyborad@2x.png in Resources */,
				74901A0E191D399A0049AFF9 /* MessageVideoPlay@2x.png in Resources */,
				74901A39191D399A0049AFF9 /* weChatBubble_Sending_Cavern@2x.png in Resources */,
				74901A2D191D399A0049AFF9 /* sharemore_myfav@2x.png in Resources */,
				74901A0F191D399A0049AFF9 /* multiMedia@2x.png in Resources */,
				74901A1B191D399A0049AFF9 /* section0_emotion14@2x.png in Resources */,
				74901A21191D399A0049AFF9 /* section0_emotion5@2x.png in Resources */,
				74901A31191D399A0049AFF9 /* sharemore_videovoip@2x.png in Resources */,
				74901A03191D399A0049AFF9 /* face_HL@2x.png in Resources */,
				74901A04191D399A0049AFF9 /* Fav_Cell_Loc@2x.png in Resources */,
				74901A22191D399A0049AFF9 /* section0_emotion6@2x.png in Resources */,
				74901A1A191D399A0049AFF9 /* section0_emotion13@2x.png in Resources */,
				74901A32191D399A0049AFF9 /* sharemore_voiceinput@2x.png in Resources */,
				74901A16191D399A0049AFF9 /* section0_emotion0@2x.png in Resources */,
				74901A24191D399A0049AFF9 /* section0_emotion8@2x.png in Resources */,
				74180C81190F496E00A35C82 /* InfoPlist.strings in Resources */,
				74901A12191D399A0049AFF9 /* ReceiverVoiceNodePlaying001@2x.png in Resources */,
				74901A18191D399A0049AFF9 /* section0_emotion11@2x.png in Resources */,
				74901A13191D399A0049AFF9 /* ReceiverVoiceNodePlaying002@2x.png in Resources */,
				749019BF191D39850049AFF9 /* Demo0.gif in Resources */,
				74901A3A191D399A0049AFF9 /* weChatBubble_Sending_Solid@2x.png in Resources */,
				74901A28191D399A0049AFF9 /* SenderVoiceNodePlaying002@2x.png in Resources */,
				749019C2191D39850049AFF9 /* placeholderImage@2x.png in Resources */,
				744FBDD11915FFD500FB4A65 /* Default@2x.png in Resources */,
				74901A05191D399A0049AFF9 /* holdDownButton@2x.png in Resources */,
				74901A27191D399A0049AFF9 /* SenderVoiceNodePlaying001@2x.png in Resources */,
				74901A1F191D399A0049AFF9 /* section0_emotion3@2x.png in Resources */,
				749019BE191D39850049AFF9 /* avator@2x.png in Resources */,
				74901A1C191D399A0049AFF9 /* section0_emotion15@2x.png in Resources */,
				74901A33191D399A0049AFF9 /* sharemore_voipvoice@2x.png in Resources */,
				74901A20191D399A0049AFF9 /* section0_emotion4@2x.png in Resources */,
				74901A23191D399A0049AFF9 /* section0_emotion7@2x.png in Resources */,
				74901A25191D399A0049AFF9 /* section0_emotion9@2x.png in Resources */,
				749019C1191D39850049AFF9 /* IMG_1555.MOV in Resources */,
				74901A26191D399A0049AFF9 /* SenderVoiceNodePlaying000@2x.png in Resources */,
				74901A2E191D399A0049AFF9 /* sharemore_openapi@2x.png in Resources */,
				74901A07191D399A0049AFF9 /* input-bar-background@2x.png in Resources */,
				74901A37191D399A0049AFF9 /* weChatBubble_Receiving_Cavern@2x.png in Resources */,
				74901A35191D399A0049AFF9 /* voice@2x.png in Resources */,
			);
			runOnlyForDeploymentPostprocessing = 0;
		};
		74180C95190F496E00A35C82 /* Resources */ = {
			isa = PBXResourcesBuildPhase;
			buildActionMask = 2147483647;
			files = (
				74180CA3190F496E00A35C82 /* InfoPlist.strings in Resources */,
			);
			runOnlyForDeploymentPostprocessing = 0;
		};
/* End PBXResourcesBuildPhase section */

/* Begin PBXSourcesBuildPhase section */
		74180C6F190F496E00A35C82 /* Sources */ = {
			isa = PBXSourcesBuildPhase;
			buildActionMask = 2147483647;
			files = (
				74180CE9190F54C100A35C82 /* XHDemoWeChatMessageTableViewController.m in Sources */,
				74180C90190F496E00A35C82 /* ViewController.m in Sources */,
				74180C87190F496E00A35C82 /* AppDelegate.m in Sources */,
				74180C83190F496E00A35C82 /* main.m in Sources */,
			);
			runOnlyForDeploymentPostprocessing = 0;
		};
		74180C93190F496E00A35C82 /* Sources */ = {
			isa = PBXSourcesBuildPhase;
			buildActionMask = 2147483647;
			files = (
				74180CA5190F496E00A35C82 /* MessageDisplayKitStoryBoradExampleTests.m in Sources */,
			);
			runOnlyForDeploymentPostprocessing = 0;
		};
/* End PBXSourcesBuildPhase section */

/* Begin PBXTargetDependency section */
		74180C9D190F496E00A35C82 /* PBXTargetDependency */ = {
			isa = PBXTargetDependency;
			target = 74180C72190F496E00A35C82 /* MessageDisplayKitStoryBoradExample */;
			targetProxy = 74180C9C190F496E00A35C82 /* PBXContainerItemProxy */;
		};
/* End PBXTargetDependency section */

/* Begin PBXVariantGroup section */
		74180C7F190F496E00A35C82 /* InfoPlist.strings */ = {
			isa = PBXVariantGroup;
			children = (
				74180C80190F496E00A35C82 /* en */,
			);
			name = InfoPlist.strings;
			sourceTree = "<group>";
		};
		74180C88190F496E00A35C82 /* Main_iPhone.storyboard */ = {
			isa = PBXVariantGroup;
			children = (
				74180C89190F496E00A35C82 /* Base */,
			);
			name = Main_iPhone.storyboard;
			sourceTree = "<group>";
		};
		74180C8B190F496E00A35C82 /* Main_iPad.storyboard */ = {
			isa = PBXVariantGroup;
			children = (
				74180C8C190F496E00A35C82 /* Base */,
			);
			name = Main_iPad.storyboard;
			sourceTree = "<group>";
		};
		74180CA1190F496E00A35C82 /* InfoPlist.strings */ = {
			isa = PBXVariantGroup;
			children = (
				74180CA2190F496E00A35C82 /* en */,
			);
			name = InfoPlist.strings;
			sourceTree = "<group>";
		};
		749019C5191D399A0049AFF9 /* MessageDisplayKitString.strings */ = {
			isa = PBXVariantGroup;
			children = (
				749019C6191D399A0049AFF9 /* en */,
				74901A00191D399A0049AFF9 /* zh-Hans */,
			);
			name = MessageDisplayKitString.strings;
			sourceTree = "<group>";
		};
/* End PBXVariantGroup section */

/* Begin XCBuildConfiguration section */
		74180CA6190F496E00A35C82 /* Debug */ = {
			isa = XCBuildConfiguration;
			buildSettings = {
				ALWAYS_SEARCH_USER_PATHS = NO;
				CLANG_CXX_LANGUAGE_STANDARD = "gnu++0x";
				CLANG_CXX_LIBRARY = "libc++";
				CLANG_ENABLE_MODULES = YES;
				CLANG_ENABLE_OBJC_ARC = YES;
				CLANG_WARN_BOOL_CONVERSION = YES;
				CLANG_WARN_CONSTANT_CONVERSION = YES;
				CLANG_WARN_DIRECT_OBJC_ISA_USAGE = YES_ERROR;
				CLANG_WARN_EMPTY_BODY = YES;
				CLANG_WARN_ENUM_CONVERSION = YES;
				CLANG_WARN_INT_CONVERSION = YES;
				CLANG_WARN_OBJC_ROOT_CLASS = YES_ERROR;
				CLANG_WARN__DUPLICATE_METHOD_MATCH = YES;
				"CODE_SIGN_IDENTITY[sdk=iphoneos*]" = "iPhone Developer";
				COPY_PHASE_STRIP = NO;
				GCC_C_LANGUAGE_STANDARD = gnu99;
				GCC_DYNAMIC_NO_PIC = NO;
				GCC_OPTIMIZATION_LEVEL = 0;
				GCC_PREPROCESSOR_DEFINITIONS = (
					"DEBUG=1",
					"$(inherited)",
				);
				GCC_SYMBOLS_PRIVATE_EXTERN = NO;
				GCC_WARN_64_TO_32_BIT_CONVERSION = YES;
				GCC_WARN_ABOUT_RETURN_TYPE = YES_ERROR;
				GCC_WARN_UNDECLARED_SELECTOR = YES;
				GCC_WARN_UNINITIALIZED_AUTOS = YES_AGGRESSIVE;
				GCC_WARN_UNUSED_FUNCTION = YES;
				GCC_WARN_UNUSED_VARIABLE = YES;
				IPHONEOS_DEPLOYMENT_TARGET = 7.1;
				ONLY_ACTIVE_ARCH = YES;
				SDKROOT = iphoneos;
				TARGETED_DEVICE_FAMILY = "1,2";
			};
			name = Debug;
		};
		74180CA7190F496E00A35C82 /* Release */ = {
			isa = XCBuildConfiguration;
			buildSettings = {
				ALWAYS_SEARCH_USER_PATHS = NO;
				CLANG_CXX_LANGUAGE_STANDARD = "gnu++0x";
				CLANG_CXX_LIBRARY = "libc++";
				CLANG_ENABLE_MODULES = YES;
				CLANG_ENABLE_OBJC_ARC = YES;
				CLANG_WARN_BOOL_CONVERSION = YES;
				CLANG_WARN_CONSTANT_CONVERSION = YES;
				CLANG_WARN_DIRECT_OBJC_ISA_USAGE = YES_ERROR;
				CLANG_WARN_EMPTY_BODY = YES;
				CLANG_WARN_ENUM_CONVERSION = YES;
				CLANG_WARN_INT_CONVERSION = YES;
				CLANG_WARN_OBJC_ROOT_CLASS = YES_ERROR;
				CLANG_WARN__DUPLICATE_METHOD_MATCH = YES;
				"CODE_SIGN_IDENTITY[sdk=iphoneos*]" = "iPhone Developer";
				COPY_PHASE_STRIP = YES;
				ENABLE_NS_ASSERTIONS = NO;
				GCC_C_LANGUAGE_STANDARD = gnu99;
				GCC_WARN_64_TO_32_BIT_CONVERSION = YES;
				GCC_WARN_ABOUT_RETURN_TYPE = YES_ERROR;
				GCC_WARN_UNDECLARED_SELECTOR = YES;
				GCC_WARN_UNINITIALIZED_AUTOS = YES_AGGRESSIVE;
				GCC_WARN_UNUSED_FUNCTION = YES;
				GCC_WARN_UNUSED_VARIABLE = YES;
				IPHONEOS_DEPLOYMENT_TARGET = 7.1;
				SDKROOT = iphoneos;
				TARGETED_DEVICE_FAMILY = "1,2";
				VALIDATE_PRODUCT = YES;
			};
			name = Release;
		};
		74180CA9190F496E00A35C82 /* Debug */ = {
			isa = XCBuildConfiguration;
			buildSettings = {
				ASSETCATALOG_COMPILER_APPICON_NAME = AppIcon;
				ASSETCATALOG_COMPILER_LAUNCHIMAGE_NAME = LaunchImage;
				FRAMEWORK_SEARCH_PATHS = "$(inherited)";
				GCC_PRECOMPILE_PREFIX_HEADER = YES;
				GCC_PREFIX_HEADER = "MessageDisplayKitStoryBoradExample/MessageDisplayKitStoryBoradExample-Prefix.pch";
				INFOPLIST_FILE = "MessageDisplayKitStoryBoradExample/MessageDisplayKitStoryBoradExample-Info.plist";
				IPHONEOS_DEPLOYMENT_TARGET = 6.0;
				OTHER_LDFLAGS = (
					"-all_load",
					"-ObjC",
				);
				PRODUCT_NAME = "$(TARGET_NAME)";
				WRAPPER_EXTENSION = app;
			};
			name = Debug;
		};
		74180CAA190F496E00A35C82 /* Release */ = {
			isa = XCBuildConfiguration;
			buildSettings = {
				ASSETCATALOG_COMPILER_APPICON_NAME = AppIcon;
				ASSETCATALOG_COMPILER_LAUNCHIMAGE_NAME = LaunchImage;
				FRAMEWORK_SEARCH_PATHS = "$(inherited)";
				GCC_PRECOMPILE_PREFIX_HEADER = YES;
				GCC_PREFIX_HEADER = "MessageDisplayKitStoryBoradExample/MessageDisplayKitStoryBoradExample-Prefix.pch";
				INFOPLIST_FILE = "MessageDisplayKitStoryBoradExample/MessageDisplayKitStoryBoradExample-Info.plist";
				IPHONEOS_DEPLOYMENT_TARGET = 6.0;
				OTHER_LDFLAGS = (
					"-all_load",
					"-ObjC",
				);
				PRODUCT_NAME = "$(TARGET_NAME)";
				WRAPPER_EXTENSION = app;
			};
			name = Release;
		};
		74180CAC190F496E00A35C82 /* Debug */ = {
			isa = XCBuildConfiguration;
			buildSettings = {
				BUNDLE_LOADER = "$(BUILT_PRODUCTS_DIR)/MessageDisplayKitStoryBoradExample.app/MessageDisplayKitStoryBoradExample";
				FRAMEWORK_SEARCH_PATHS = (
					"$(SDKROOT)/Developer/Library/Frameworks",
					"$(inherited)",
					"$(DEVELOPER_FRAMEWORKS_DIR)",
				);
				GCC_PRECOMPILE_PREFIX_HEADER = YES;
				GCC_PREFIX_HEADER = "MessageDisplayKitStoryBoradExample/MessageDisplayKitStoryBoradExample-Prefix.pch";
				GCC_PREPROCESSOR_DEFINITIONS = (
					"DEBUG=1",
					"$(inherited)",
				);
				INFOPLIST_FILE = "MessageDisplayKitStoryBoradExampleTests/MessageDisplayKitStoryBoradExampleTests-Info.plist";
				PRODUCT_NAME = "$(TARGET_NAME)";
				TEST_HOST = "$(BUNDLE_LOADER)";
				WRAPPER_EXTENSION = xctest;
			};
			name = Debug;
		};
		74180CAD190F496E00A35C82 /* Release */ = {
			isa = XCBuildConfiguration;
			buildSettings = {
				BUNDLE_LOADER = "$(BUILT_PRODUCTS_DIR)/MessageDisplayKitStoryBoradExample.app/MessageDisplayKitStoryBoradExample";
				FRAMEWORK_SEARCH_PATHS = (
					"$(SDKROOT)/Developer/Library/Frameworks",
					"$(inherited)",
					"$(DEVELOPER_FRAMEWORKS_DIR)",
				);
				GCC_PRECOMPILE_PREFIX_HEADER = YES;
				GCC_PREFIX_HEADER = "MessageDisplayKitStoryBoradExample/MessageDisplayKitStoryBoradExample-Prefix.pch";
				INFOPLIST_FILE = "MessageDisplayKitStoryBoradExampleTests/MessageDisplayKitStoryBoradExampleTests-Info.plist";
				PRODUCT_NAME = "$(TARGET_NAME)";
				TEST_HOST = "$(BUNDLE_LOADER)";
				WRAPPER_EXTENSION = xctest;
			};
			name = Release;
		};
/* End XCBuildConfiguration section */

/* Begin XCConfigurationList section */
		74180C6E190F496E00A35C82 /* Build configuration list for PBXProject "MessageDisplayKitStoryBoradExample" */ = {
			isa = XCConfigurationList;
			buildConfigurations = (
				74180CA6190F496E00A35C82 /* Debug */,
				74180CA7190F496E00A35C82 /* Release */,
			);
			defaultConfigurationIsVisible = 0;
			defaultConfigurationName = Release;
		};
		74180CA8190F496E00A35C82 /* Build configuration list for PBXNativeTarget "MessageDisplayKitStoryBoradExample" */ = {
			isa = XCConfigurationList;
			buildConfigurations = (
				74180CA9190F496E00A35C82 /* Debug */,
				74180CAA190F496E00A35C82 /* Release */,
			);
			defaultConfigurationIsVisible = 0;
			defaultConfigurationName = Release;
		};
		74180CAB190F496E00A35C82 /* Build configuration list for PBXNativeTarget "MessageDisplayKitStoryBoradExampleTests" */ = {
			isa = XCConfigurationList;
			buildConfigurations = (
				74180CAC190F496E00A35C82 /* Debug */,
				74180CAD190F496E00A35C82 /* Release */,
			);
			defaultConfigurationIsVisible = 0;
			defaultConfigurationName = Release;
		};
/* End XCConfigurationList section */
	};
	rootObject = 74180C6B190F496E00A35C82 /* Project object */;
}
