// !$*UTF8*$!
{
	archiveVersion = 1;
	classes = {
	};
	objectVersion = 46;
	objects = {

/* Begin PBXBuildFile section */
		74180C77190F496E00A35C82 /* Foundation.framework in Frameworks */ = {isa = PBXBuildFile; fileRef = 74180C76190F496E00A35C82 /* Foundation.framework */; };
		74180C79190F496E00A35C82 /* CoreGraphics.framework in Frameworks */ = {isa = PBXBuildFile; fileRef = 74180C78190F496E00A35C82 /* CoreGraphics.framework */; };
		74180C7B190F496E00A35C82 /* UIKit.framework in Frameworks */ = {isa = PBXBuildFile; fileRef = 74180C7A190F496E00A35C82 /* UIKit.framework */; };
		74180C81190F496E00A35C82 /* InfoPlist.strings in Resources */ = {isa = PBXBuildFile; fileRef = 74180C7F190F496E00A35C82 /* InfoPlist.strings */; };
		74180C83190F496E00A35C82 /* main.m in Sources */ = {isa = PBXBuildFile; fileRef = 74180C82190F496E00A35C82 /* main.m */; };
		74180C87190F496E00A35C82 /* AppDelegate.m in Sources */ = {isa = PBXBuildFile; fileRef = 74180C86190F496E00A35C82 /* AppDelegate.m */; };
		74180C8A190F496E00A35C82 /* Main_iPhone.storyboard in Resources */ = {isa = PBXBuildFile; fileRef = 74180C88190F496E00A35C82 /* Main_iPhone.storyboard */; };
		74180C8D190F496E00A35C82 /* Main_iPad.storyboard in Resources */ = {isa = PBXBuildFile; fileRef = 74180C8B190F496E00A35C82 /* Main_iPad.storyboard */; };
		74180C90190F496E00A35C82 /* ViewController.m in Sources */ = {isa = PBXBuildFile; fileRef = 74180C8F190F496E00A35C82 /* ViewController.m */; };
		74180C99190F496E00A35C82 /* XCTest.framework in Frameworks */ = {isa = PBXBuildFile; fileRef = 74180C98190F496E00A35C82 /* XCTest.framework */; };
		74180C9A190F496E00A35C82 /* Foundation.framework in Frameworks */ = {isa = PBXBuildFile; fileRef = 74180C76190F496E00A35C82 /* Foundation.framework */; };
		74180C9B190F496E00A35C82 /* UIKit.framework in Frameworks */ = {isa = PBXBuildFile; fileRef = 74180C7A190F496E00A35C82 /* UIKit.framework */; };
		74180CA3190F496E00A35C82 /* InfoPlist.strings in Resources */ = {isa = PBXBuildFile; fileRef = 74180CA1190F496E00A35C82 /* InfoPlist.strings */; };
		74180CA5190F496E00A35C82 /* MessageDisplayKitStoryBoradExampleTests.m in Sources */ = {isa = PBXBuildFile; fileRef = 74180CA4190F496E00A35C82 /* MessageDisplayKitStoryBoradExampleTests.m */; };
		74180CE9190F54C100A35C82 /* XHDemoWeChatMessageTableViewController.m in Sources */ = {isa = PBXBuildFile; fileRef = 74180CE8190F54C100A35C82 /* XHDemoWeChatMessageTableViewController.m */; };
		74180CEE190F560700A35C82 /* MessageDisplayFramework.framework in Frameworks */ = {isa = PBXBuildFile; fileRef = 74180CED190F560700A35C82 /* MessageDisplayFramework.framework */; };
		744FBDD01915FFD500FB4A65 /* Default-568h@2x.png in Resources */ = {isa = PBXBuildFile; fileRef = 744FBDCE1915FFD500FB4A65 /* Default-568h@2x.png */; };
		744FBDD11915FFD500FB4A65 /* Default@2x.png in Resources */ = {isa = PBXBuildFile; fileRef = 744FBDCF1915FFD500FB4A65 /* Default@2x.png */; };
		749019BE191D39850049AFF9 /* avator@2x.png in Resources */ = {isa = PBXBuildFile; fileRef = 749019B8191D39850049AFF9 /* avator@2x.png */; };
		749019C1191D39850049AFF9 /* IMG_1555.MOV in Resources */ = {isa = PBXBuildFile; fileRef = 749019BB191D39850049AFF9 /* IMG_1555.MOV */; };
		749019C2191D39850049AFF9 /* placeholderImage@2x.png in Resources */ = {isa = PBXBuildFile; fileRef = 749019BC191D39850049AFF9 /* placeholderImage@2x.png */; };
		749019C3191D39850049AFF9 /* TableViewBackgroundImage@2x.png in Resources */ = {isa = PBXBuildFile; fileRef = 749019BD191D39850049AFF9 /* TableViewBackgroundImage@2x.png */; };
		74E5E9FC192210E20084BCFA /* MessageDisplayKitString.strings in Resources */ = {isa = PBXBuildFile; fileRef = 74E5E9B5192210E20084BCFA /* MessageDisplayKitString.strings */; };
		74E5E9FD192210E20084BCFA /* face@2x.png in Resources */ = {isa = PBXBuildFile; fileRef = 74E5E9B7192210E20084BCFA /* face@2x.png */; };
		74E5E9FE192210E20084BCFA /* face_HL@2x.png in Resources */ = {isa = PBXBuildFile; fileRef = 74E5E9B8192210E20084BCFA /* face_HL@2x.png */; };
		74E5E9FF192210E20084BCFA /* Fav_Cell_Loc@2x.png in Resources */ = {isa = PBXBuildFile; fileRef = 74E5E9B9192210E20084BCFA /* Fav_Cell_Loc@2x.png */; };
		74E5EA00192210E20084BCFA /* input-bar-background.png in Resources */ = {isa = PBXBuildFile; fileRef = 74E5E9BA192210E20084BCFA /* input-bar-background.png */; };
		74E5EA01192210E20084BCFA /* input-bar-background@2x.png in Resources */ = {isa = PBXBuildFile; fileRef = 74E5E9BB192210E20084BCFA /* input-bar-background@2x.png */; };
		74E5EA02192210E20084BCFA /* input-bar-flat.png in Resources */ = {isa = PBXBuildFile; fileRef = 74E5E9BC192210E20084BCFA /* input-bar-flat.png */; };
		74E5EA03192210E20084BCFA /* input-bar-flat@2x.png in Resources */ = {isa = PBXBuildFile; fileRef = 74E5E9BD192210E20084BCFA /* input-bar-flat@2x.png */; };
		74E5EA04192210E20084BCFA /* input-field-cover.png in Resources */ = {isa = PBXBuildFile; fileRef = 74E5E9BE192210E20084BCFA /* input-field-cover.png */; };
		74E5EA05192210E20084BCFA /* input-field-cover@2x.png in Resources */ = {isa = PBXBuildFile; fileRef = 74E5E9BF192210E20084BCFA /* input-field-cover@2x.png */; };
		74E5EA06192210E20084BCFA /* keyborad@2x.png in Resources */ = {isa = PBXBuildFile; fileRef = 74E5E9C0192210E20084BCFA /* keyborad@2x.png */; };
		74E5EA07192210E20084BCFA /* keyborad_HL@2x.png in Resources */ = {isa = PBXBuildFile; fileRef = 74E5E9C1192210E20084BCFA /* keyborad_HL@2x.png */; };
		74E5EA08192210E20084BCFA /* MessageVideoPlay@2x.png in Resources */ = {isa = PBXBuildFile; fileRef = 74E5E9C2192210E20084BCFA /* MessageVideoPlay@2x.png */; };
		74E5EA09192210E20084BCFA /* multiMedia@2x.png in Resources */ = {isa = PBXBuildFile; fileRef = 74E5E9C3192210E20084BCFA /* multiMedia@2x.png */; };
		74E5EA0A192210E20084BCFA /* multiMedia_HL@2x.png in Resources */ = {isa = PBXBuildFile; fileRef = 74E5E9C4192210E20084BCFA /* multiMedia_HL@2x.png */; };
		74E5EA0B192210E20084BCFA /* ReceiverVoiceNodePlaying000@2x.png in Resources */ = {isa = PBXBuildFile; fileRef = 74E5E9C5192210E20084BCFA /* ReceiverVoiceNodePlaying000@2x.png */; };
		74E5EA0C192210E20084BCFA /* ReceiverVoiceNodePlaying001@2x.png in Resources */ = {isa = PBXBuildFile; fileRef = 74E5E9C6192210E20084BCFA /* ReceiverVoiceNodePlaying001@2x.png */; };
		74E5EA0D192210E20084BCFA /* ReceiverVoiceNodePlaying002@2x.png in Resources */ = {isa = PBXBuildFile; fileRef = 74E5E9C7192210E20084BCFA /* ReceiverVoiceNodePlaying002@2x.png */; };
		74E5EA0E192210E20084BCFA /* ReceiverVoiceNodePlaying003@2x.png in Resources */ = {isa = PBXBuildFile; fileRef = 74E5E9C8192210E20084BCFA /* ReceiverVoiceNodePlaying003@2x.png */; };
		74E5EA0F192210E20084BCFA /* ReceiverVoiceNodePlaying@2x.png in Resources */ = {isa = PBXBuildFile; fileRef = 74E5E9C9192210E20084BCFA /* ReceiverVoiceNodePlaying@2x.png */; };
		74E5EA10192210E20084BCFA /* RecordCancel@2x.png in Resources */ = {isa = PBXBuildFile; fileRef = 74E5E9CA192210E20084BCFA /* RecordCancel@2x.png */; };
		74E5EA11192210E20084BCFA /* RecordingBkg@2x.png in Resources */ = {isa = PBXBuildFile; fileRef = 74E5E9CB192210E20084BCFA /* RecordingBkg@2x.png */; };
		74E5EA12192210E20084BCFA /* RecordingSignal001@2x.png in Resources */ = {isa = PBXBuildFile; fileRef = 74E5E9CC192210E20084BCFA /* RecordingSignal001@2x.png */; };
		74E5EA13192210E20084BCFA /* RecordingSignal002@2x.png in Resources */ = {isa = PBXBuildFile; fileRef = 74E5E9CD192210E20084BCFA /* RecordingSignal002@2x.png */; };
		74E5EA14192210E20084BCFA /* RecordingSignal003@2x.png in Resources */ = {isa = PBXBuildFile; fileRef = 74E5E9CE192210E20084BCFA /* RecordingSignal003@2x.png */; };
		74E5EA15192210E20084BCFA /* RecordingSignal004@2x.png in Resources */ = {isa = PBXBuildFile; fileRef = 74E5E9CF192210E20084BCFA /* RecordingSignal004@2x.png */; };
		74E5EA16192210E20084BCFA /* RecordingSignal005@2x.png in Resources */ = {isa = PBXBuildFile; fileRef = 74E5E9D0192210E20084BCFA /* RecordingSignal005@2x.png */; };
		74E5EA17192210E20084BCFA /* RecordingSignal006@2x.png in Resources */ = {isa = PBXBuildFile; fileRef = 74E5E9D1192210E20084BCFA /* RecordingSignal006@2x.png */; };
		74E5EA18192210E20084BCFA /* RecordingSignal007@2x.png in Resources */ = {isa = PBXBuildFile; fileRef = 74E5E9D2192210E20084BCFA /* RecordingSignal007@2x.png */; };
		74E5EA19192210E20084BCFA /* RecordingSignal008@2x.png in Resources */ = {isa = PBXBuildFile; fileRef = 74E5E9D3192210E20084BCFA /* RecordingSignal008@2x.png */; };
		74E5EA1A192210E20084BCFA /* section0_emotion0@2x.png in Resources */ = {isa = PBXBuildFile; fileRef = 74E5E9D4192210E20084BCFA /* section0_emotion0@2x.png */; };
		74E5EA1B192210E20084BCFA /* section0_emotion10@2x.png in Resources */ = {isa = PBXBuildFile; fileRef = 74E5E9D5192210E20084BCFA /* section0_emotion10@2x.png */; };
		74E5EA1C192210E20084BCFA /* section0_emotion11@2x.png in Resources */ = {isa = PBXBuildFile; fileRef = 74E5E9D6192210E20084BCFA /* section0_emotion11@2x.png */; };
		74E5EA1D192210E20084BCFA /* section0_emotion12@2x.png in Resources */ = {isa = PBXBuildFile; fileRef = 74E5E9D7192210E20084BCFA /* section0_emotion12@2x.png */; };
		74E5EA1E192210E20084BCFA /* section0_emotion13@2x.png in Resources */ = {isa = PBXBuildFile; fileRef = 74E5E9D8192210E20084BCFA /* section0_emotion13@2x.png */; };
		74E5EA1F192210E20084BCFA /* section0_emotion14@2x.png in Resources */ = {isa = PBXBuildFile; fileRef = 74E5E9D9192210E20084BCFA /* section0_emotion14@2x.png */; };
		74E5EA20192210E20084BCFA /* section0_emotion15@2x.png in Resources */ = {isa = PBXBuildFile; fileRef = 74E5E9DA192210E20084BCFA /* section0_emotion15@2x.png */; };
		74E5EA21192210E20084BCFA /* section0_emotion1@2x.png in Resources */ = {isa = PBXBuildFile; fileRef = 74E5E9DB192210E20084BCFA /* section0_emotion1@2x.png */; };
		74E5EA22192210E20084BCFA /* section0_emotion2@2x.png in Resources */ = {isa = PBXBuildFile; fileRef = 74E5E9DC192210E20084BCFA /* section0_emotion2@2x.png */; };
		74E5EA23192210E20084BCFA /* section0_emotion3@2x.png in Resources */ = {isa = PBXBuildFile; fileRef = 74E5E9DD192210E20084BCFA /* section0_emotion3@2x.png */; };
		74E5EA24192210E20084BCFA /* section0_emotion4@2x.png in Resources */ = {isa = PBXBuildFile; fileRef = 74E5E9DE192210E20084BCFA /* section0_emotion4@2x.png */; };
		74E5EA25192210E20084BCFA /* section0_emotion5@2x.png in Resources */ = {isa = PBXBuildFile; fileRef = 74E5E9DF192210E20084BCFA /* section0_emotion5@2x.png */; };
		74E5EA26192210E20084BCFA /* section0_emotion6@2x.png in Resources */ = {isa = PBXBuildFile; fileRef = 74E5E9E0192210E20084BCFA /* section0_emotion6@2x.png */; };
		74E5EA27192210E20084BCFA /* section0_emotion7@2x.png in Resources */ = {isa = PBXBuildFile; fileRef = 74E5E9E1192210E20084BCFA /* section0_emotion7@2x.png */; };
		74E5EA28192210E20084BCFA /* section0_emotion8@2x.png in Resources */ = {isa = PBXBuildFile; fileRef = 74E5E9E2192210E20084BCFA /* section0_emotion8@2x.png */; };
		74E5EA29192210E20084BCFA /* section0_emotion9@2x.png in Resources */ = {isa = PBXBuildFile; fileRef = 74E5E9E3192210E20084BCFA /* section0_emotion9@2x.png */; };
		74E5EA2A192210E20084BCFA /* SenderVoiceNodePlaying000@2x.png in Resources */ = {isa = PBXBuildFile; fileRef = 74E5E9E4192210E20084BCFA /* SenderVoiceNodePlaying000@2x.png */; };
		74E5EA2B192210E20084BCFA /* SenderVoiceNodePlaying001@2x.png in Resources */ = {isa = PBXBuildFile; fileRef = 74E5E9E5192210E20084BCFA /* SenderVoiceNodePlaying001@2x.png */; };
		74E5EA2C192210E20084BCFA /* SenderVoiceNodePlaying002@2x.png in Resources */ = {isa = PBXBuildFile; fileRef = 74E5E9E6192210E20084BCFA /* SenderVoiceNodePlaying002@2x.png */; };
		74E5EA2D192210E20084BCFA /* SenderVoiceNodePlaying003@2x.png in Resources */ = {isa = PBXBuildFile; fileRef = 74E5E9E7192210E20084BCFA /* SenderVoiceNodePlaying003@2x.png */; };
		74E5EA2E192210E20084BCFA /* SenderVoiceNodePlaying@2x.png in Resources */ = {isa = PBXBuildFile; fileRef = 74E5E9E8192210E20084BCFA /* SenderVoiceNodePlaying@2x.png */; };
		74E5EA2F192210E20084BCFA /* sharemore_friendcard@2x.png in Resources */ = {isa = PBXBuildFile; fileRef = 74E5E9E9192210E20084BCFA /* sharemore_friendcard@2x.png */; };
		74E5EA30192210E20084BCFA /* sharemore_location@2x.png in Resources */ = {isa = PBXBuildFile; fileRef = 74E5E9EA192210E20084BCFA /* sharemore_location@2x.png */; };
		74E5EA31192210E20084BCFA /* sharemore_myfav@2x.png in Resources */ = {isa = PBXBuildFile; fileRef = 74E5E9EB192210E20084BCFA /* sharemore_myfav@2x.png */; };
		74E5EA32192210E20084BCFA /* sharemore_openapi@2x.png in Resources */ = {isa = PBXBuildFile; fileRef = 74E5E9EC192210E20084BCFA /* sharemore_openapi@2x.png */; };
		74E5EA33192210E20084BCFA /* sharemore_pic@2x.png in Resources */ = {isa = PBXBuildFile; fileRef = 74E5E9ED192210E20084BCFA /* sharemore_pic@2x.png */; };
		74E5EA34192210E20084BCFA /* sharemore_video@2x.png in Resources */ = {isa = PBXBuildFile; fileRef = 74E5E9EE192210E20084BCFA /* sharemore_video@2x.png */; };
		74E5EA35192210E20084BCFA /* sharemore_videovoip@2x.png in Resources */ = {isa = PBXBuildFile; fileRef = 74E5E9EF192210E20084BCFA /* sharemore_videovoip@2x.png */; };
		74E5EA36192210E20084BCFA /* sharemore_voiceinput@2x.png in Resources */ = {isa = PBXBuildFile; fileRef = 74E5E9F0192210E20084BCFA /* sharemore_voiceinput@2x.png */; };
		74E5EA37192210E20084BCFA /* sharemore_voipvoice@2x.png in Resources */ = {isa = PBXBuildFile; fileRef = 74E5E9F1192210E20084BCFA /* sharemore_voipvoice@2x.png */; };
		74E5EA38192210E20084BCFA /* sharemore_wxtalk@2x.png in Resources */ = {isa = PBXBuildFile; fileRef = 74E5E9F2192210E20084BCFA /* sharemore_wxtalk@2x.png */; };
		74E5EA39192210E20084BCFA /* voice@2x.png in Resources */ = {isa = PBXBuildFile; fileRef = 74E5E9F3192210E20084BCFA /* voice@2x.png */; };
		74E5EA3A192210E20084BCFA /* voice_HL@2x.png in Resources */ = {isa = PBXBuildFile; fileRef = 74E5E9F4192210E20084BCFA /* voice_HL@2x.png */; };
		74E5EA3B192210E20084BCFA /* VoiceBtn_Black@2x.png in Resources */ = {isa = PBXBuildFile; fileRef = 74E5E9F5192210E20084BCFA /* VoiceBtn_Black@2x.png */; };
		74E5EA3C192210E20084BCFA /* VoiceBtn_BlackHL@2x.png in Resources */ = {isa = PBXBuildFile; fileRef = 74E5E9F6192210E20084BCFA /* VoiceBtn_BlackHL@2x.png */; };
		74E5EA3D192210E20084BCFA /* weChatBubble_Receiving_Cavern@2x.png in Resources */ = {isa = PBXBuildFile; fileRef = 74E5E9F7192210E20084BCFA /* weChatBubble_Receiving_Cavern@2x.png */; };
		74E5EA3E192210E20084BCFA /* weChatBubble_Receiving_Solid@2x.png in Resources */ = {isa = PBXBuildFile; fileRef = 74E5E9F8192210E20084BCFA /* weChatBubble_Receiving_Solid@2x.png */; };
		74E5EA3F192210E20084BCFA /* weChatBubble_Sending_Cavern@2x.png in Resources */ = {isa = PBXBuildFile; fileRef = 74E5E9F9192210E20084BCFA /* weChatBubble_Sending_Cavern@2x.png */; };
		74E5EA40192210E20084BCFA /* weChatBubble_Sending_Solid@2x.png in Resources */ = {isa = PBXBuildFile; fileRef = 74E5E9FA192210E20084BCFA /* weChatBubble_Sending_Solid@2x.png */; };
		7D1738591A1EDDEA0064A7F2 /* msg_chat_voice_unread.png in Resources */ = {isa = PBXBuildFile; fileRef = 7D1738571A1EDDEA0064A7F2 /* msg_chat_voice_unread.png */; };
		7D17385A1A1EDDEA0064A7F2 /* msg_chat_voice_unread@2x.png in Resources */ = {isa = PBXBuildFile; fileRef = 7D1738581A1EDDEA0064A7F2 /* msg_chat_voice_unread@2x.png */; };
/* End PBXBuildFile section */

/* Begin PBXContainerItemProxy section */
		74180C9C190F496E00A35C82 /* PBXContainerItemProxy */ = {
			isa = PBXContainerItemProxy;
			containerPortal = 74180C6B190F496E00A35C82 /* Project object */;
			proxyType = 1;
			remoteGlobalIDString = 74180C72190F496E00A35C82;
			remoteInfo = MessageDisplayKitStoryBoradExample;
		};
/* End PBXContainerItemProxy section */

/* Begin PBXFileReference section */
		74180C73190F496E00A35C82 /* MessageDisplayKitStoryBoradExample.app */ = {isa = PBXFileReference; explicitFileType = wrapper.application; includeInIndex = 0; path = MessageDisplayKitStoryBoradExample.app; sourceTree = BUILT_PRODUCTS_DIR; };
		74180C76190F496E00A35C82 /* Foundation.framework */ = {isa = PBXFileReference; lastKnownFileType = wrapper.framework; name = Foundation.framework; path = System/Library/Frameworks/Foundation.framework; sourceTree = SDKROOT; };
		74180C78190F496E00A35C82 /* CoreGraphics.framework */ = {isa = PBXFileReference; lastKnownFileType = wrapper.framework; name = CoreGraphics.framework; path = System/Library/Frameworks/CoreGraphics.framework; sourceTree = SDKROOT; };
		74180C7A190F496E00A35C82 /* UIKit.framework */ = {isa = PBXFileReference; lastKnownFileType = wrapper.framework; name = UIKit.framework; path = System/Library/Frameworks/UIKit.framework; sourceTree = SDKROOT; };
		74180C7E190F496E00A35C82 /* MessageDisplayKitStoryBoradExample-Info.plist */ = {isa = PBXFileReference; lastKnownFileType = text.plist.xml; path = "MessageDisplayKitStoryBoradExample-Info.plist"; sourceTree = "<group>"; };
		74180C80190F496E00A35C82 /* en */ = {isa = PBXFileReference; lastKnownFileType = text.plist.strings; name = en; path = en.lproj/InfoPlist.strings; sourceTree = "<group>"; };
		74180C82190F496E00A35C82 /* main.m */ = {isa = PBXFileReference; lastKnownFileType = sourcecode.c.objc; path = main.m; sourceTree = "<group>"; };
		74180C84190F496E00A35C82 /* MessageDisplayKitStoryBoradExample-Prefix.pch */ = {isa = PBXFileReference; lastKnownFileType = sourcecode.c.h; path = "MessageDisplayKitStoryBoradExample-Prefix.pch"; sourceTree = "<group>"; };
		74180C85190F496E00A35C82 /* AppDelegate.h */ = {isa = PBXFileReference; lastKnownFileType = sourcecode.c.h; path = AppDelegate.h; sourceTree = "<group>"; };
		74180C86190F496E00A35C82 /* AppDelegate.m */ = {isa = PBXFileReference; lastKnownFileType = sourcecode.c.objc; path = AppDelegate.m; sourceTree = "<group>"; };
		74180C89190F496E00A35C82 /* Base */ = {isa = PBXFileReference; lastKnownFileType = file.storyboard; name = Base; path = Base.lproj/Main_iPhone.storyboard; sourceTree = "<group>"; };
		74180C8C190F496E00A35C82 /* Base */ = {isa = PBXFileReference; lastKnownFileType = file.storyboard; name = Base; path = Base.lproj/Main_iPad.storyboard; sourceTree = "<group>"; };
		74180C8E190F496E00A35C82 /* ViewController.h */ = {isa = PBXFileReference; lastKnownFileType = sourcecode.c.h; path = ViewController.h; sourceTree = "<group>"; };
		74180C8F190F496E00A35C82 /* ViewController.m */ = {isa = PBXFileReference; lastKnownFileType = sourcecode.c.objc; path = ViewController.m; sourceTree = "<group>"; };
		74180C97190F496E00A35C82 /* MessageDisplayKitStoryBoradExampleTests.xctest */ = {isa = PBXFileReference; explicitFileType = wrapper.cfbundle; includeInIndex = 0; path = MessageDisplayKitStoryBoradExampleTests.xctest; sourceTree = BUILT_PRODUCTS_DIR; };
		74180C98190F496E00A35C82 /* XCTest.framework */ = {isa = PBXFileReference; lastKnownFileType = wrapper.framework; name = XCTest.framework; path = Library/Frameworks/XCTest.framework; sourceTree = DEVELOPER_DIR; };
		74180CA0190F496E00A35C82 /* MessageDisplayKitStoryBoradExampleTests-Info.plist */ = {isa = PBXFileReference; lastKnownFileType = text.plist.xml; path = "MessageDisplayKitStoryBoradExampleTests-Info.plist"; sourceTree = "<group>"; };
		74180CA2190F496E00A35C82 /* en */ = {isa = PBXFileReference; lastKnownFileType = text.plist.strings; name = en; path = en.lproj/InfoPlist.strings; sourceTree = "<group>"; };
		74180CA4190F496E00A35C82 /* MessageDisplayKitStoryBoradExampleTests.m */ = {isa = PBXFileReference; lastKnownFileType = sourcecode.c.objc; path = MessageDisplayKitStoryBoradExampleTests.m; sourceTree = "<group>"; };
		74180CE7190F54C100A35C82 /* XHDemoWeChatMessageTableViewController.h */ = {isa = PBXFileReference; fileEncoding = 4; lastKnownFileType = sourcecode.c.h; path = XHDemoWeChatMessageTableViewController.h; sourceTree = "<group>"; };
		74180CE8190F54C100A35C82 /* XHDemoWeChatMessageTableViewController.m */ = {isa = PBXFileReference; fileEncoding = 4; lastKnownFileType = sourcecode.c.objc; path = XHDemoWeChatMessageTableViewController.m; sourceTree = "<group>"; };
		74180CED190F560700A35C82 /* MessageDisplayFramework.framework */ = {isa = PBXFileReference; lastKnownFileType = wrapper.framework; name = MessageDisplayFramework.framework; path = "../../../../../../../Users/qtone-1/Library/Developer/Xcode/DerivedData/MessageDisplayKitWorkSpace-gnbhcevmgruvfqgvjvaecxmpgjha/Build/Products/Release-iphoneos/MessageDisplayFramework.framework"; sourceTree = "<group>"; };
		744FBDCE1915FFD500FB4A65 /* Default-568h@2x.png */ = {isa = PBXFileReference; lastKnownFileType = image.png; path = "Default-568h@2x.png"; sourceTree = "<group>"; };
		744FBDCF1915FFD500FB4A65 /* Default@2x.png */ = {isa = PBXFileReference; lastKnownFileType = image.png; path = "Default@2x.png"; sourceTree = "<group>"; };
		749019B8191D39850049AFF9 /* avator@2x.png */ = {isa = PBXFileReference; lastKnownFileType = image.png; path = "avator@2x.png"; sourceTree = "<group>"; };
		749019BB191D39850049AFF9 /* IMG_1555.MOV */ = {isa = PBXFileReference; lastKnownFileType = video.quicktime; path = IMG_1555.MOV; sourceTree = "<group>"; };
		749019BC191D39850049AFF9 /* placeholderImage@2x.png */ = {isa = PBXFileReference; lastKnownFileType = image.png; path = "placeholderImage@2x.png"; sourceTree = "<group>"; };
		749019BD191D39850049AFF9 /* TableViewBackgroundImage@2x.png */ = {isa = PBXFileReference; lastKnownFileType = image.png; path = "TableViewBackgroundImage@2x.png"; sourceTree = "<group>"; };
		74E5E9B6192210E20084BCFA /* en */ = {isa = PBXFileReference; lastKnownFileType = text.plist.strings; name = en; path = en.lproj/MessageDisplayKitString.strings; sourceTree = "<group>"; };
		74E5E9B7192210E20084BCFA /* face@2x.png */ = {isa = PBXFileReference; lastKnownFileType = image.png; path = "face@2x.png"; sourceTree = "<group>"; };
		74E5E9B8192210E20084BCFA /* face_HL@2x.png */ = {isa = PBXFileReference; lastKnownFileType = image.png; path = "face_HL@2x.png"; sourceTree = "<group>"; };
		74E5E9B9192210E20084BCFA /* Fav_Cell_Loc@2x.png */ = {isa = PBXFileReference; lastKnownFileType = image.png; path = "Fav_Cell_Loc@2x.png"; sourceTree = "<group>"; };
		74E5E9BA192210E20084BCFA /* input-bar-background.png */ = {isa = PBXFileReference; lastKnownFileType = image.png; path = "input-bar-background.png"; sourceTree = "<group>"; };
		74E5E9BB192210E20084BCFA /* input-bar-background@2x.png */ = {isa = PBXFileReference; lastKnownFileType = image.png; path = "input-bar-background@2x.png"; sourceTree = "<group>"; };
		74E5E9BC192210E20084BCFA /* input-bar-flat.png */ = {isa = PBXFileReference; lastKnownFileType = image.png; path = "input-bar-flat.png"; sourceTree = "<group>"; };
		74E5E9BD192210E20084BCFA /* input-bar-flat@2x.png */ = {isa = PBXFileReference; lastKnownFileType = image.png; path = "input-bar-flat@2x.png"; sourceTree = "<group>"; };
		74E5E9BE192210E20084BCFA /* input-field-cover.png */ = {isa = PBXFileReference; lastKnownFileType = image.png; path = "input-field-cover.png"; sourceTree = "<group>"; };
		74E5E9BF192210E20084BCFA /* input-field-cover@2x.png */ = {isa = PBXFileReference; lastKnownFileType = image.png; path = "input-field-cover@2x.png"; sourceTree = "<group>"; };
		74E5E9C0192210E20084BCFA /* keyborad@2x.png */ = {isa = PBXFileReference; lastKnownFileType = image.png; path = "keyborad@2x.png"; sourceTree = "<group>"; };
		74E5E9C1192210E20084BCFA /* keyborad_HL@2x.png */ = {isa = PBXFileReference; lastKnownFileType = image.png; path = "keyborad_HL@2x.png"; sourceTree = "<group>"; };
		74E5E9C2192210E20084BCFA /* MessageVideoPlay@2x.png */ = {isa = PBXFileReference; lastKnownFileType = image.png; path = "MessageVideoPlay@2x.png"; sourceTree = "<group>"; };
		74E5E9C3192210E20084BCFA /* multiMedia@2x.png */ = {isa = PBXFileReference; lastKnownFileType = image.png; path = "multiMedia@2x.png"; sourceTree = "<group>"; };
		74E5E9C4192210E20084BCFA /* multiMedia_HL@2x.png */ = {isa = PBXFileReference; lastKnownFileType = image.png; path = "multiMedia_HL@2x.png"; sourceTree = "<group>"; };
		74E5E9C5192210E20084BCFA /* ReceiverVoiceNodePlaying000@2x.png */ = {isa = PBXFileReference; lastKnownFileType = image.png; path = "ReceiverVoiceNodePlaying000@2x.png"; sourceTree = "<group>"; };
		74E5E9C6192210E20084BCFA /* ReceiverVoiceNodePlaying001@2x.png */ = {isa = PBXFileReference; lastKnownFileType = image.png; path = "ReceiverVoiceNodePlaying001@2x.png"; sourceTree = "<group>"; };
		74E5E9C7192210E20084BCFA /* ReceiverVoiceNodePlaying002@2x.png */ = {isa = PBXFileReference; lastKnownFileType = image.png; path = "ReceiverVoiceNodePlaying002@2x.png"; sourceTree = "<group>"; };
		74E5E9C8192210E20084BCFA /* ReceiverVoiceNodePlaying003@2x.png */ = {isa = PBXFileReference; lastKnownFileType = image.png; path = "ReceiverVoiceNodePlaying003@2x.png"; sourceTree = "<group>"; };
		74E5E9C9192210E20084BCFA /* ReceiverVoiceNodePlaying@2x.png */ = {isa = PBXFileReference; lastKnownFileType = image.png; path = "ReceiverVoiceNodePlaying@2x.png"; sourceTree = "<group>"; };
		74E5E9CA192210E20084BCFA /* RecordCancel@2x.png */ = {isa = PBXFileReference; lastKnownFileType = image.png; path = "RecordCancel@2x.png"; sourceTree = "<group>"; };
		74E5E9CB192210E20084BCFA /* RecordingBkg@2x.png */ = {isa = PBXFileReference; lastKnownFileType = image.png; path = "RecordingBkg@2x.png"; sourceTree = "<group>"; };
		74E5E9CC192210E20084BCFA /* RecordingSignal001@2x.png */ = {isa = PBXFileReference; lastKnownFileType = image.png; path = "RecordingSignal001@2x.png"; sourceTree = "<group>"; };
		74E5E9CD192210E20084BCFA /* RecordingSignal002@2x.png */ = {isa = PBXFileReference; lastKnownFileType = image.png; path = "RecordingSignal002@2x.png"; sourceTree = "<group>"; };
		74E5E9CE192210E20084BCFA /* RecordingSignal003@2x.png */ = {isa = PBXFileReference; lastKnownFileType = image.png; path = "RecordingSignal003@2x.png"; sourceTree = "<group>"; };
		74E5E9CF192210E20084BCFA /* RecordingSignal004@2x.png */ = {isa = PBXFileReference; lastKnownFileType = image.png; path = "RecordingSignal004@2x.png"; sourceTree = "<group>"; };
		74E5E9D0192210E20084BCFA /* RecordingSignal005@2x.png */ = {isa = PBXFileReference; lastKnownFileType = image.png; path = "RecordingSignal005@2x.png"; sourceTree = "<group>"; };
		74E5E9D1192210E20084BCFA /* RecordingSignal006@2x.png */ = {isa = PBXFileReference; lastKnownFileType = image.png; path = "RecordingSignal006@2x.png"; sourceTree = "<group>"; };
		74E5E9D2192210E20084BCFA /* RecordingSignal007@2x.png */ = {isa = PBXFileReference; lastKnownFileType = image.png; path = "RecordingSignal007@2x.png"; sourceTree = "<group>"; };
		74E5E9D3192210E20084BCFA /* RecordingSignal008@2x.png */ = {isa = PBXFileReference; lastKnownFileType = image.png; path = "RecordingSignal008@2x.png"; sourceTree = "<group>"; };
		74E5E9D4192210E20084BCFA /* section0_emotion0@2x.png */ = {isa = PBXFileReference; lastKnownFileType = image.png; path = "section0_emotion0@2x.png"; sourceTree = "<group>"; };
		74E5E9D5192210E20084BCFA /* section0_emotion10@2x.png */ = {isa = PBXFileReference; lastKnownFileType = image.png; path = "section0_emotion10@2x.png"; sourceTree = "<group>"; };
		74E5E9D6192210E20084BCFA /* section0_emotion11@2x.png */ = {isa = PBXFileReference; lastKnownFileType = image.png; path = "section0_emotion11@2x.png"; sourceTree = "<group>"; };
		74E5E9D7192210E20084BCFA /* section0_emotion12@2x.png */ = {isa = PBXFileReference; lastKnownFileType = image.png; path = "section0_emotion12@2x.png"; sourceTree = "<group>"; };
		74E5E9D8192210E20084BCFA /* section0_emotion13@2x.png */ = {isa = PBXFileReference; lastKnownFileType = image.png; path = "section0_emotion13@2x.png"; sourceTree = "<group>"; };
		74E5E9D9192210E20084BCFA /* section0_emotion14@2x.png */ = {isa = PBXFileReference; lastKnownFileType = image.png; path = "section0_emotion14@2x.png"; sourceTree = "<group>"; };
		74E5E9DA192210E20084BCFA /* section0_emotion15@2x.png */ = {isa = PBXFileReference; lastKnownFileType = image.png; path = "section0_emotion15@2x.png"; sourceTree = "<group>"; };
		74E5E9DB192210E20084BCFA /* section0_emotion1@2x.png */ = {isa = PBXFileReference; lastKnownFileType = image.png; path = "section0_emotion1@2x.png"; sourceTree = "<group>"; };
		74E5E9DC192210E20084BCFA /* section0_emotion2@2x.png */ = {isa = PBXFileReference; lastKnownFileType = image.png; path = "section0_emotion2@2x.png"; sourceTree = "<group>"; };
		74E5E9DD192210E20084BCFA /* section0_emotion3@2x.png */ = {isa = PBXFileReference; lastKnownFileType = image.png; path = "section0_emotion3@2x.png"; sourceTree = "<group>"; };
		74E5E9DE192210E20084BCFA /* section0_emotion4@2x.png */ = {isa = PBXFileReference; lastKnownFileType = image.png; path = "section0_emotion4@2x.png"; sourceTree = "<group>"; };
		74E5E9DF192210E20084BCFA /* section0_emotion5@2x.png */ = {isa = PBXFileReference; lastKnownFileType = image.png; path = "section0_emotion5@2x.png"; sourceTree = "<group>"; };
		74E5E9E0192210E20084BCFA /* section0_emotion6@2x.png */ = {isa = PBXFileReference; lastKnownFileType = image.png; path = "section0_emotion6@2x.png"; sourceTree = "<group>"; };
		74E5E9E1192210E20084BCFA /* section0_emotion7@2x.png */ = {isa = PBXFileReference; lastKnownFileType = image.png; path = "section0_emotion7@2x.png"; sourceTree = "<group>"; };
		74E5E9E2192210E20084BCFA /* section0_emotion8@2x.png */ = {isa = PBXFileReference; lastKnownFileType = image.png; path = "section0_emotion8@2x.png"; sourceTree = "<group>"; };
		74E5E9E3192210E20084BCFA /* section0_emotion9@2x.png */ = {isa = PBXFileReference; lastKnownFileType = image.png; path = "section0_emotion9@2x.png"; sourceTree = "<group>"; };
		74E5E9E4192210E20084BCFA /* SenderVoiceNodePlaying000@2x.png */ = {isa = PBXFileReference; lastKnownFileType = image.png; path = "SenderVoiceNodePlaying000@2x.png"; sourceTree = "<group>"; };
		74E5E9E5192210E20084BCFA /* SenderVoiceNodePlaying001@2x.png */ = {isa = PBXFileReference; lastKnownFileType = image.png; path = "SenderVoiceNodePlaying001@2x.png"; sourceTree = "<group>"; };
		74E5E9E6192210E20084BCFA /* SenderVoiceNodePlaying002@2x.png */ = {isa = PBXFileReference; lastKnownFileType = image.png; path = "SenderVoiceNodePlaying002@2x.png"; sourceTree = "<group>"; };
		74E5E9E7192210E20084BCFA /* SenderVoiceNodePlaying003@2x.png */ = {isa = PBXFileReference; lastKnownFileType = image.png; path = "SenderVoiceNodePlaying003@2x.png"; sourceTree = "<group>"; };
		74E5E9E8192210E20084BCFA /* SenderVoiceNodePlaying@2x.png */ = {isa = PBXFileReference; lastKnownFileType = image.png; path = "SenderVoiceNodePlaying@2x.png"; sourceTree = "<group>"; };
		74E5E9E9192210E20084BCFA /* sharemore_friendcard@2x.png */ = {isa = PBXFileReference; lastKnownFileType = image.png; path = "sharemore_friendcard@2x.png"; sourceTree = "<group>"; };
		74E5E9EA192210E20084BCFA /* sharemore_location@2x.png */ = {isa = PBXFileReference; lastKnownFileType = image.png; path = "sharemore_location@2x.png"; sourceTree = "<group>"; };
		74E5E9EB192210E20084BCFA /* sharemore_myfav@2x.png */ = {isa = PBXFileReference; lastKnownFileType = image.png; path = "sharemore_myfav@2x.png"; sourceTree = "<group>"; };
		74E5E9EC192210E20084BCFA /* sharemore_openapi@2x.png */ = {isa = PBXFileReference; lastKnownFileType = image.png; path = "sharemore_openapi@2x.png"; sourceTree = "<group>"; };
		74E5E9ED192210E20084BCFA /* sharemore_pic@2x.png */ = {isa = PBXFileReference; lastKnownFileType = image.png; path = "sharemore_pic@2x.png"; sourceTree = "<group>"; };
		74E5E9EE192210E20084BCFA /* sharemore_video@2x.png */ = {isa = PBXFileReference; lastKnownFileType = image.png; path = "sharemore_video@2x.png"; sourceTree = "<group>"; };
		74E5E9EF192210E20084BCFA /* sharemore_videovoip@2x.png */ = {isa = PBXFileReference; lastKnownFileType = image.png; path = "sharemore_videovoip@2x.png"; sourceTree = "<group>"; };
		74E5E9F0192210E20084BCFA /* sharemore_voiceinput@2x.png */ = {isa = PBXFileReference; lastKnownFileType = image.png; path = "sharemore_voiceinput@2x.png"; sourceTree = "<group>"; };
		74E5E9F1192210E20084BCFA /* sharemore_voipvoice@2x.png */ = {isa = PBXFileReference; lastKnownFileType = image.png; path = "sharemore_voipvoice@2x.png"; sourceTree = "<group>"; };
		74E5E9F2192210E20084BCFA /* sharemore_wxtalk@2x.png */ = {isa = PBXFileReference; lastKnownFileType = image.png; path = "sharemore_wxtalk@2x.png"; sourceTree = "<group>"; };
		74E5E9F3192210E20084BCFA /* voice@2x.png */ = {isa = PBXFileReference; lastKnownFileType = image.png; path = "voice@2x.png"; sourceTree = "<group>"; };
		74E5E9F4192210E20084BCFA /* voice_HL@2x.png */ = {isa = PBXFileReference; lastKnownFileType = image.png; path = "voice_HL@2x.png"; sourceTree = "<group>"; };
		74E5E9F5192210E20084BCFA /* VoiceBtn_Black@2x.png */ = {isa = PBXFileReference; lastKnownFileType = image.png; path = "VoiceBtn_Black@2x.png"; sourceTree = "<group>"; };
		74E5E9F6192210E20084BCFA /* VoiceBtn_BlackHL@2x.png */ = {isa = PBXFileReference; lastKnownFileType = image.png; path = "VoiceBtn_BlackHL@2x.png"; sourceTree = "<group>"; };
		74E5E9F7192210E20084BCFA /* weChatBubble_Receiving_Cavern@2x.png */ = {isa = PBXFileReference; lastKnownFileType = image.png; path = "weChatBubble_Receiving_Cavern@2x.png"; sourceTree = "<group>"; };
		74E5E9F8192210E20084BCFA /* weChatBubble_Receiving_Solid@2x.png */ = {isa = PBXFileReference; lastKnownFileType = image.png; path = "weChatBubble_Receiving_Solid@2x.png"; sourceTree = "<group>"; };
		74E5E9F9192210E20084BCFA /* weChatBubble_Sending_Cavern@2x.png */ = {isa = PBXFileReference; lastKnownFileType = image.png; path = "weChatBubble_Sending_Cavern@2x.png"; sourceTree = "<group>"; };
		74E5E9FA192210E20084BCFA /* weChatBubble_Sending_Solid@2x.png */ = {isa = PBXFileReference; lastKnownFileType = image.png; path = "weChatBubble_Sending_Solid@2x.png"; sourceTree = "<group>"; };
		74E5E9FB192210E20084BCFA /* zh-Hans */ = {isa = PBXFileReference; lastKnownFileType = text.plist.strings; name = "zh-Hans"; path = "zh-Hans.lproj/MessageDisplayKitString.strings"; sourceTree = "<group>"; };
		7D1738571A1EDDEA0064A7F2 /* msg_chat_voice_unread.png */ = {isa = PBXFileReference; lastKnownFileType = image.png; path = msg_chat_voice_unread.png; sourceTree = "<group>"; };
		7D1738581A1EDDEA0064A7F2 /* msg_chat_voice_unread@2x.png */ = {isa = PBXFileReference; lastKnownFileType = image.png; path = "msg_chat_voice_unread@2x.png"; sourceTree = "<group>"; };
/* End PBXFileReference section */

/* Begin PBXFrameworksBuildPhase section */
		74180C70190F496E00A35C82 /* Frameworks */ = {
			isa = PBXFrameworksBuildPhase;
			buildActionMask = 2147483647;
			files = (
				74180C79190F496E00A35C82 /* CoreGraphics.framework in Frameworks */,
				74180C7B190F496E00A35C82 /* UIKit.framework in Frameworks */,
				74180CEE190F560700A35C82 /* MessageDisplayFramework.framework in Frameworks */,
				74180C77190F496E00A35C82 /* Foundation.framework in Frameworks */,
			);
			runOnlyForDeploymentPostprocessing = 0;
		};
		74180C94190F496E00A35C82 /* Frameworks */ = {
			isa = PBXFrameworksBuildPhase;
			buildActionMask = 2147483647;
			files = (
				74180C99190F496E00A35C82 /* XCTest.framework in Frameworks */,
				74180C9B190F496E00A35C82 /* UIKit.framework in Frameworks */,
				74180C9A190F496E00A35C82 /* Foundation.framework in Frameworks */,
			);
			runOnlyForDeploymentPostprocessing = 0;
		};
/* End PBXFrameworksBuildPhase section */

/* Begin PBXGroup section */
		74180C6A190F496E00A35C82 = {
			isa = PBXGroup;
			children = (
				74180C7C190F496E00A35C82 /* MessageDisplayKitStoryBoradExample */,
				74180C9E190F496E00A35C82 /* MessageDisplayKitStoryBoradExampleTests */,
				74180C75190F496E00A35C82 /* Frameworks */,
				74180C74190F496E00A35C82 /* Products */,
			);
			sourceTree = "<group>";
		};
		74180C74190F496E00A35C82 /* Products */ = {
			isa = PBXGroup;
			children = (
				74180C73190F496E00A35C82 /* MessageDisplayKitStoryBoradExample.app */,
				74180C97190F496E00A35C82 /* MessageDisplayKitStoryBoradExampleTests.xctest */,
			);
			name = Products;
			sourceTree = "<group>";
		};
		74180C75190F496E00A35C82 /* Frameworks */ = {
			isa = PBXGroup;
			children = (
				74180C76190F496E00A35C82 /* Foundation.framework */,
				74180C78190F496E00A35C82 /* CoreGraphics.framework */,
				74180C7A190F496E00A35C82 /* UIKit.framework */,
				74180C98190F496E00A35C82 /* XCTest.framework */,
			);
			name = Frameworks;
			sourceTree = "<group>";
		};
		74180C7C190F496E00A35C82 /* MessageDisplayKitStoryBoradExample */ = {
			isa = PBXGroup;
			children = (
				74180CEC190F55EB00A35C82 /* Vendor */,
				74180C85190F496E00A35C82 /* AppDelegate.h */,
				74180C86190F496E00A35C82 /* AppDelegate.m */,
				74180C88190F496E00A35C82 /* Main_iPhone.storyboard */,
				74180C8B190F496E00A35C82 /* Main_iPad.storyboard */,
				74180C8E190F496E00A35C82 /* ViewController.h */,
				74180C8F190F496E00A35C82 /* ViewController.m */,
				74180CE7190F54C100A35C82 /* XHDemoWeChatMessageTableViewController.h */,
				74180CE8190F54C100A35C82 /* XHDemoWeChatMessageTableViewController.m */,
				74180C7D190F496E00A35C82 /* Supporting Files */,
			);
			path = MessageDisplayKitStoryBoradExample;
			sourceTree = "<group>";
		};
		74180C7D190F496E00A35C82 /* Supporting Files */ = {
			isa = PBXGroup;
			children = (
				749019B7191D39850049AFF9 /* ExampleResources */,
				744FBDCE1915FFD500FB4A65 /* Default-568h@2x.png */,
				744FBDCF1915FFD500FB4A65 /* Default@2x.png */,
				74180C7E190F496E00A35C82 /* MessageDisplayKitStoryBoradExample-Info.plist */,
				74180C7F190F496E00A35C82 /* InfoPlist.strings */,
				74180C82190F496E00A35C82 /* main.m */,
				74180C84190F496E00A35C82 /* MessageDisplayKitStoryBoradExample-Prefix.pch */,
			);
			name = "Supporting Files";
			sourceTree = "<group>";
		};
		74180C9E190F496E00A35C82 /* MessageDisplayKitStoryBoradExampleTests */ = {
			isa = PBXGroup;
			children = (
				74180CA4190F496E00A35C82 /* MessageDisplayKitStoryBoradExampleTests.m */,
				74180C9F190F496E00A35C82 /* Supporting Files */,
			);
			path = MessageDisplayKitStoryBoradExampleTests;
			sourceTree = "<group>";
		};
		74180C9F190F496E00A35C82 /* Supporting Files */ = {
			isa = PBXGroup;
			children = (
				74180CA0190F496E00A35C82 /* MessageDisplayKitStoryBoradExampleTests-Info.plist */,
				74180CA1190F496E00A35C82 /* InfoPlist.strings */,
			);
			name = "Supporting Files";
			sourceTree = "<group>";
		};
		74180CEC190F55EB00A35C82 /* Vendor */ = {
			isa = PBXGroup;
			children = (
				74E5E9B4192210E20084BCFA /* Resources */,
				74180CED190F560700A35C82 /* MessageDisplayFramework.framework */,
			);
			path = Vendor;
			sourceTree = "<group>";
		};
		749019B7191D39850049AFF9 /* ExampleResources */ = {
			isa = PBXGroup;
			children = (
				749019B8191D39850049AFF9 /* avator@2x.png */,
				749019BB191D39850049AFF9 /* IMG_1555.MOV */,
				749019BC191D39850049AFF9 /* placeholderImage@2x.png */,
				749019BD191D39850049AFF9 /* TableViewBackgroundImage@2x.png */,
			);
			name = ExampleResources;
			path = ../../MessageDisplayExample/MessageDisplayExample/ExampleResources;
			sourceTree = "<group>";
		};
		74E5E9B4192210E20084BCFA /* Resources */ = {
			isa = PBXGroup;
			children = (
				7D1738571A1EDDEA0064A7F2 /* msg_chat_voice_unread.png */,
				7D1738581A1EDDEA0064A7F2 /* msg_chat_voice_unread@2x.png */,
				74E5E9B5192210E20084BCFA /* MessageDisplayKitString.strings */,
				74E5E9B7192210E20084BCFA /* face@2x.png */,
				74E5E9B8192210E20084BCFA /* face_HL@2x.png */,
				74E5E9B9192210E20084BCFA /* Fav_Cell_Loc@2x.png */,
				74E5E9BA192210E20084BCFA /* input-bar-background.png */,
				74E5E9BB192210E20084BCFA /* input-bar-background@2x.png */,
				74E5E9BC192210E20084BCFA /* input-bar-flat.png */,
				74E5E9BD192210E20084BCFA /* input-bar-flat@2x.png */,
				74E5E9BE192210E20084BCFA /* input-field-cover.png */,
				74E5E9BF192210E20084BCFA /* input-field-cover@2x.png */,
				74E5E9C0192210E20084BCFA /* keyborad@2x.png */,
				74E5E9C1192210E20084BCFA /* keyborad_HL@2x.png */,
				74E5E9C2192210E20084BCFA /* MessageVideoPlay@2x.png */,
				74E5E9C3192210E20084BCFA /* multiMedia@2x.png */,
				74E5E9C4192210E20084BCFA /* multiMedia_HL@2x.png */,
				74E5E9C5192210E20084BCFA /* ReceiverVoiceNodePlaying000@2x.png */,
				74E5E9C6192210E20084BCFA /* ReceiverVoiceNodePlaying001@2x.png */,
				74E5E9C7192210E20084BCFA /* ReceiverVoiceNodePlaying002@2x.png */,
				74E5E9C8192210E20084BCFA /* ReceiverVoiceNodePlaying003@2x.png */,
				74E5E9C9192210E20084BCFA /* ReceiverVoiceNodePlaying@2x.png */,
				74E5E9CA192210E20084BCFA /* RecordCancel@2x.png */,
				74E5E9CB192210E20084BCFA /* RecordingBkg@2x.png */,
				74E5E9CC192210E20084BCFA /* RecordingSignal001@2x.png */,
				74E5E9CD192210E20084BCFA /* RecordingSignal002@2x.png */,
				74E5E9CE192210E20084BCFA /* RecordingSignal003@2x.png */,
				74E5E9CF192210E20084BCFA /* RecordingSignal004@2x.png */,
				74E5E9D0192210E20084BCFA /* RecordingSignal005@2x.png */,
				74E5E9D1192210E20084BCFA /* RecordingSignal006@2x.png */,
				74E5E9D2192210E20084BCFA /* RecordingSignal007@2x.png */,
				74E5E9D3192210E20084BCFA /* RecordingSignal008@2x.png */,
				74E5E9D4192210E20084BCFA /* section0_emotion0@2x.png */,
				74E5E9D5192210E20084BCFA /* section0_emotion10@2x.png */,
				74E5E9D6192210E20084BCFA /* section0_emotion11@2x.png */,
				74E5E9D7192210E20084BCFA /* section0_emotion12@2x.png */,
				74E5E9D8192210E20084BCFA /* section0_emotion13@2x.png */,
				74E5E9D9192210E20084BCFA /* section0_emotion14@2x.png */,
				74E5E9DA192210E20084BCFA /* section0_emotion15@2x.png */,
				74E5E9DB192210E20084BCFA /* section0_emotion1@2x.png */,
				74E5E9DC192210E20084BCFA /* section0_emotion2@2x.png */,
				74E5E9DD192210E20084BCFA /* section0_emotion3@2x.png */,
				74E5E9DE192210E20084BCFA /* section0_emotion4@2x.png */,
				74E5E9DF192210E20084BCFA /* section0_emotion5@2x.png */,
				74E5E9E0192210E20084BCFA /* section0_emotion6@2x.png */,
				74E5E9E1192210E20084BCFA /* section0_emotion7@2x.png */,
				74E5E9E2192210E20084BCFA /* section0_emotion8@2x.png */,
				74E5E9E3192210E20084BCFA /* section0_emotion9@2x.png */,
				74E5E9E4192210E20084BCFA /* SenderVoiceNodePlaying000@2x.png */,
				74E5E9E5192210E20084BCFA /* SenderVoiceNodePlaying001@2x.png */,
				74E5E9E6192210E20084BCFA /* SenderVoiceNodePlaying002@2x.png */,
				74E5E9E7192210E20084BCFA /* SenderVoiceNodePlaying003@2x.png */,
				74E5E9E8192210E20084BCFA /* SenderVoiceNodePlaying@2x.png */,
				74E5E9E9192210E20084BCFA /* sharemore_friendcard@2x.png */,
				74E5E9EA192210E20084BCFA /* sharemore_location@2x.png */,
				74E5E9EB192210E20084BCFA /* sharemore_myfav@2x.png */,
				74E5E9EC192210E20084BCFA /* sharemore_openapi@2x.png */,
				74E5E9ED192210E20084BCFA /* sharemore_pic@2x.png */,
				74E5E9EE192210E20084BCFA /* sharemore_video@2x.png */,
				74E5E9EF192210E20084BCFA /* sharemore_videovoip@2x.png */,
				74E5E9F0192210E20084BCFA /* sharemore_voiceinput@2x.png */,
				74E5E9F1192210E20084BCFA /* sharemore_voipvoice@2x.png */,
				74E5E9F2192210E20084BCFA /* sharemore_wxtalk@2x.png */,
				74E5E9F3192210E20084BCFA /* voice@2x.png */,
				74E5E9F4192210E20084BCFA /* voice_HL@2x.png */,
				74E5E9F5192210E20084BCFA /* VoiceBtn_Black@2x.png */,
				74E5E9F6192210E20084BCFA /* VoiceBtn_BlackHL@2x.png */,
				74E5E9F7192210E20084BCFA /* weChatBubble_Receiving_Cavern@2x.png */,
				74E5E9F8192210E20084BCFA /* weChatBubble_Receiving_Solid@2x.png */,
				74E5E9F9192210E20084BCFA /* weChatBubble_Sending_Cavern@2x.png */,
				74E5E9FA192210E20084BCFA /* weChatBubble_Sending_Solid@2x.png */,
			);
			name = Resources;
			path = ../../../../MessageDisplayKit/Resources;
			sourceTree = "<group>";
		};
/* End PBXGroup section */

/* Begin PBXNativeTarget section */
		74180C72190F496E00A35C82 /* MessageDisplayKitStoryBoradExample */ = {
			isa = PBXNativeTarget;
			buildConfigurationList = 74180CA8190F496E00A35C82 /* Build configuration list for PBXNativeTarget "MessageDisplayKitStoryBoradExample" */;
			buildPhases = (
				74180C6F190F496E00A35C82 /* Sources */,
				74180C70190F496E00A35C82 /* Frameworks */,
				74180C71190F496E00A35C82 /* Resources */,
			);
			buildRules = (
			);
			dependencies = (
			);
			name = MessageDisplayKitStoryBoradExample;
			productName = MessageDisplayKitStoryBoradExample;
			productReference = 74180C73190F496E00A35C82 /* MessageDisplayKitStoryBoradExample.app */;
			productType = "com.apple.product-type.application";
		};
		74180C96190F496E00A35C82 /* MessageDisplayKitStoryBoradExampleTests */ = {
			isa = PBXNativeTarget;
			buildConfigurationList = 74180CAB190F496E00A35C82 /* Build configuration list for PBXNativeTarget "MessageDisplayKitStoryBoradExampleTests" */;
			buildPhases = (
				74180C93190F496E00A35C82 /* Sources */,
				74180C94190F496E00A35C82 /* Frameworks */,
				74180C95190F496E00A35C82 /* Resources */,
			);
			buildRules = (
			);
			dependencies = (
				74180C9D190F496E00A35C82 /* PBXTargetDependency */,
			);
			name = MessageDisplayKitStoryBoradExampleTests;
			productName = MessageDisplayKitStoryBoradExampleTests;
			productReference = 74180C97190F496E00A35C82 /* MessageDisplayKitStoryBoradExampleTests.xctest */;
			productType = "com.apple.product-type.bundle.unit-test";
		};
/* End PBXNativeTarget section */

/* Begin PBXProject section */
		74180C6B190F496E00A35C82 /* Project object */ = {
			isa = PBXProject;
			attributes = {
				LastUpgradeCheck = 0510;
				ORGANIZATIONNAME = "曾宪华 开发团队(http://iyilunba.com ) 本人QQ:543413507 本人QQ群（142557668）.";
				TargetAttributes = {
					74180C96190F496E00A35C82 = {
						TestTargetID = 74180C72190F496E00A35C82;
					};
				};
			};
			buildConfigurationList = 74180C6E190F496E00A35C82 /* Build configuration list for PBXProject "MessageDisplayKitStoryBoradExample" */;
			compatibilityVersion = "Xcode 3.2";
			developmentRegion = English;
			hasScannedForEncodings = 0;
			knownRegions = (
				en,
				Base,
				"zh-Hans",
			);
			mainGroup = 74180C6A190F496E00A35C82;
			productRefGroup = 74180C74190F496E00A35C82 /* Products */;
			projectDirPath = "";
			projectRoot = "";
			targets = (
				74180C72190F496E00A35C82 /* MessageDisplayKitStoryBoradExample */,
				74180C96190F496E00A35C82 /* MessageDisplayKitStoryBoradExampleTests */,
			);
		};
/* End PBXProject section */

/* Begin PBXResourcesBuildPhase section */
		74180C71190F496E00A35C82 /* Resources */ = {
			isa = PBXResourcesBuildPhase;
			buildActionMask = 2147483647;
			files = (
				74E5EA18192210E20084BCFA /* RecordingSignal007@2x.png in Resources */,
				74E5EA1F192210E20084BCFA /* section0_emotion14@2x.png in Resources */,
				74E5EA3C192210E20084BCFA /* VoiceBtn_BlackHL@2x.png in Resources */,
				74E5EA16192210E20084BCFA /* RecordingSignal005@2x.png in Resources */,
				74E5EA3A192210E20084BCFA /* voice_HL@2x.png in Resources */,
				74180C8D190F496E00A35C82 /* Main_iPad.storyboard in Resources */,
				74E5EA1C192210E20084BCFA /* section0_emotion11@2x.png in Resources */,
				74E5E9FD192210E20084BCFA /* face@2x.png in Resources */,
				74E5EA22192210E20084BCFA /* section0_emotion2@2x.png in Resources */,
				74E5E9FC192210E20084BCFA /* MessageDisplayKitString.strings in Resources */,
				7D1738591A1EDDEA0064A7F2 /* msg_chat_voice_unread.png in Resources */,
				744FBDD01915FFD500FB4A65 /* Default-568h@2x.png in Resources */,
				749019C3191D39850049AFF9 /* TableViewBackgroundImage@2x.png in Resources */,
				74E5EA26192210E20084BCFA /* section0_emotion6@2x.png in Resources */,
				74E5EA17192210E20084BCFA /* RecordingSignal006@2x.png in Resources */,
				74E5EA2A192210E20084BCFA /* SenderVoiceNodePlaying000@2x.png in Resources */,
				74E5EA0A192210E20084BCFA /* multiMedia_HL@2x.png in Resources */,
				74E5EA21192210E20084BCFA /* section0_emotion1@2x.png in Resources */,
				74E5EA01192210E20084BCFA /* input-bar-background@2x.png in Resources */,
				74E5EA32192210E20084BCFA /* sharemore_openapi@2x.png in Resources */,
				74E5EA15192210E20084BCFA /* RecordingSignal004@2x.png in Resources */,
				74E5EA0E192210E20084BCFA /* ReceiverVoiceNodePlaying003@2x.png in Resources */,
				74E5EA08192210E20084BCFA /* MessageVideoPlay@2x.png in Resources */,
				74180C8A190F496E00A35C82 /* Main_iPhone.storyboard in Resources */,
				74E5EA11192210E20084BCFA /* RecordingBkg@2x.png in Resources */,
				74E5EA1B192210E20084BCFA /* section0_emotion10@2x.png in Resources */,
				74E5EA2B192210E20084BCFA /* SenderVoiceNodePlaying001@2x.png in Resources */,
				74E5EA24192210E20084BCFA /* section0_emotion4@2x.png in Resources */,
				74E5EA1E192210E20084BCFA /* section0_emotion13@2x.png in Resources */,
				74E5EA23192210E20084BCFA /* section0_emotion3@2x.png in Resources */,
				74E5EA09192210E20084BCFA /* multiMedia@2x.png in Resources */,
				74E5EA19192210E20084BCFA /* RecordingSignal008@2x.png in Resources */,
				74E5EA35192210E20084BCFA /* sharemore_videovoip@2x.png in Resources */,
				74E5EA2D192210E20084BCFA /* SenderVoiceNodePlaying003@2x.png in Resources */,
				74E5E9FE192210E20084BCFA /* face_HL@2x.png in Resources */,
				74E5EA06192210E20084BCFA /* keyborad@2x.png in Resources */,
				74E5EA3F192210E20084BCFA /* weChatBubble_Sending_Cavern@2x.png in Resources */,
				74E5EA1D192210E20084BCFA /* section0_emotion12@2x.png in Resources */,
				74E5EA27192210E20084BCFA /* section0_emotion7@2x.png in Resources */,
				74E5EA2F192210E20084BCFA /* sharemore_friendcard@2x.png in Resources */,
				74E5EA0D192210E20084BCFA /* ReceiverVoiceNodePlaying002@2x.png in Resources */,
				74E5EA14192210E20084BCFA /* RecordingSignal003@2x.png in Resources */,
				74E5EA20192210E20084BCFA /* section0_emotion15@2x.png in Resources */,
				74E5EA31192210E20084BCFA /* sharemore_myfav@2x.png in Resources */,
				74E5EA3B192210E20084BCFA /* VoiceBtn_Black@2x.png in Resources */,
				74E5EA37192210E20084BCFA /* sharemore_voipvoice@2x.png in Resources */,
				74E5EA07192210E20084BCFA /* keyborad_HL@2x.png in Resources */,
				74E5E9FF192210E20084BCFA /* Fav_Cell_Loc@2x.png in Resources */,
				74E5EA29192210E20084BCFA /* section0_emotion9@2x.png in Resources */,
				74E5EA03192210E20084BCFA /* input-bar-flat@2x.png in Resources */,
				7D17385A1A1EDDEA0064A7F2 /* msg_chat_voice_unread@2x.png in Resources */,
				74E5EA2C192210E20084BCFA /* SenderVoiceNodePlaying002@2x.png in Resources */,
				74E5EA33192210E20084BCFA /* sharemore_pic@2x.png in Resources */,
				74E5EA0F192210E20084BCFA /* ReceiverVoiceNodePlaying@2x.png in Resources */,
				74E5EA12192210E20084BCFA /* RecordingSignal001@2x.png in Resources */,
				74180C81190F496E00A35C82 /* InfoPlist.strings in Resources */,
				74E5EA25192210E20084BCFA /* section0_emotion5@2x.png in Resources */,
				74E5EA0C192210E20084BCFA /* ReceiverVoiceNodePlaying001@2x.png in Resources */,
				74E5EA10192210E20084BCFA /* RecordCancel@2x.png in Resources */,
				74E5EA00192210E20084BCFA /* input-bar-background.png in Resources */,
				74E5EA28192210E20084BCFA /* section0_emotion8@2x.png in Resources */,
				74E5EA36192210E20084BCFA /* sharemore_voiceinput@2x.png in Resources */,
				74E5EA04192210E20084BCFA /* input-field-cover.png in Resources */,
				74E5EA30192210E20084BCFA /* sharemore_location@2x.png in Resources */,
				74E5EA38192210E20084BCFA /* sharemore_wxtalk@2x.png in Resources */,
				74E5EA3D192210E20084BCFA /* weChatBubble_Receiving_Cavern@2x.png in Resources */,
				74E5EA39192210E20084BCFA /* voice@2x.png in Resources */,
				74E5EA02192210E20084BCFA /* input-bar-flat.png in Resources */,
				74E5EA3E192210E20084BCFA /* weChatBubble_Receiving_Solid@2x.png in Resources */,
				74E5EA40192210E20084BCFA /* weChatBubble_Sending_Solid@2x.png in Resources */,
				749019C2191D39850049AFF9 /* placeholderImage@2x.png in Resources */,
				744FBDD11915FFD500FB4A65 /* Default@2x.png in Resources */,
				749019BE191D39850049AFF9 /* avator@2x.png in Resources */,
				74E5EA13192210E20084BCFA /* RecordingSignal002@2x.png in Resources */,
				74E5EA2E192210E20084BCFA /* SenderVoiceNodePlaying@2x.png in Resources */,
				74E5EA34192210E20084BCFA /* sharemore_video@2x.png in Resources */,
				749019C1191D39850049AFF9 /* IMG_1555.MOV in Resources */,
				74E5EA0B192210E20084BCFA /* ReceiverVoiceNodePlaying000@2x.png in Resources */,
				74E5EA1A192210E20084BCFA /* section0_emotion0@2x.png in Resources */,
				74E5EA05192210E20084BCFA /* input-field-cover@2x.png in Resources */,
			);
			runOnlyForDeploymentPostprocessing = 0;
		};
		74180C95190F496E00A35C82 /* Resources */ = {
			isa = PBXResourcesBuildPhase;
			buildActionMask = 2147483647;
			files = (
				74180CA3190F496E00A35C82 /* InfoPlist.strings in Resources */,
			);
			runOnlyForDeploymentPostprocessing = 0;
		};
/* End PBXResourcesBuildPhase section */

/* Begin PBXSourcesBuildPhase section */
		74180C6F190F496E00A35C82 /* Sources */ = {
			isa = PBXSourcesBuildPhase;
			buildActionMask = 2147483647;
			files = (
				74180CE9190F54C100A35C82 /* XHDemoWeChatMessageTableViewController.m in Sources */,
				74180C90190F496E00A35C82 /* ViewController.m in Sources */,
				74180C87190F496E00A35C82 /* AppDelegate.m in Sources */,
				74180C83190F496E00A35C82 /* main.m in Sources */,
			);
			runOnlyForDeploymentPostprocessing = 0;
		};
		74180C93190F496E00A35C82 /* Sources */ = {
			isa = PBXSourcesBuildPhase;
			buildActionMask = 2147483647;
			files = (
				74180CA5190F496E00A35C82 /* MessageDisplayKitStoryBoradExampleTests.m in Sources */,
			);
			runOnlyForDeploymentPostprocessing = 0;
		};
/* End PBXSourcesBuildPhase section */

/* Begin PBXTargetDependency section */
		74180C9D190F496E00A35C82 /* PBXTargetDependency */ = {
			isa = PBXTargetDependency;
			target = 74180C72190F496E00A35C82 /* MessageDisplayKitStoryBoradExample */;
			targetProxy = 74180C9C190F496E00A35C82 /* PBXContainerItemProxy */;
		};
/* End PBXTargetDependency section */

/* Begin PBXVariantGroup section */
		74180C7F190F496E00A35C82 /* InfoPlist.strings */ = {
			isa = PBXVariantGroup;
			children = (
				74180C80190F496E00A35C82 /* en */,
			);
			name = InfoPlist.strings;
			sourceTree = "<group>";
		};
		74180C88190F496E00A35C82 /* Main_iPhone.storyboard */ = {
			isa = PBXVariantGroup;
			children = (
				74180C89190F496E00A35C82 /* Base */,
			);
			name = Main_iPhone.storyboard;
			sourceTree = "<group>";
		};
		74180C8B190F496E00A35C82 /* Main_iPad.storyboard */ = {
			isa = PBXVariantGroup;
			children = (
				74180C8C190F496E00A35C82 /* Base */,
			);
			name = Main_iPad.storyboard;
			sourceTree = "<group>";
		};
		74180CA1190F496E00A35C82 /* InfoPlist.strings */ = {
			isa = PBXVariantGroup;
			children = (
				74180CA2190F496E00A35C82 /* en */,
			);
			name = InfoPlist.strings;
			sourceTree = "<group>";
		};
		74E5E9B5192210E20084BCFA /* MessageDisplayKitString.strings */ = {
			isa = PBXVariantGroup;
			children = (
				74E5E9B6192210E20084BCFA /* en */,
				74E5E9FB192210E20084BCFA /* zh-Hans */,
			);
			name = MessageDisplayKitString.strings;
			sourceTree = "<group>";
		};
/* End PBXVariantGroup section */

/* Begin XCBuildConfiguration section */
		74180CA6190F496E00A35C82 /* Debug */ = {
			isa = XCBuildConfiguration;
			buildSettings = {
				ALWAYS_SEARCH_USER_PATHS = NO;
				CLANG_CXX_LANGUAGE_STANDARD = "gnu++0x";
				CLANG_CXX_LIBRARY = "libc++";
				CLANG_ENABLE_MODULES = YES;
				CLANG_ENABLE_OBJC_ARC = YES;
				CLANG_WARN_BOOL_CONVERSION = YES;
				CLANG_WARN_CONSTANT_CONVERSION = YES;
				CLANG_WARN_DIRECT_OBJC_ISA_USAGE = YES_ERROR;
				CLANG_WARN_EMPTY_BODY = YES;
				CLANG_WARN_ENUM_CONVERSION = YES;
				CLANG_WARN_INT_CONVERSION = YES;
				CLANG_WARN_OBJC_ROOT_CLASS = YES_ERROR;
				CLANG_WARN__DUPLICATE_METHOD_MATCH = YES;
				"CODE_SIGN_IDENTITY[sdk=iphoneos*]" = "iPhone Developer";
				COPY_PHASE_STRIP = NO;
				GCC_C_LANGUAGE_STANDARD = gnu99;
				GCC_DYNAMIC_NO_PIC = NO;
				GCC_OPTIMIZATION_LEVEL = 0;
				GCC_PREPROCESSOR_DEFINITIONS = (
					"DEBUG=1",
					"$(inherited)",
				);
				GCC_SYMBOLS_PRIVATE_EXTERN = NO;
				GCC_WARN_64_TO_32_BIT_CONVERSION = YES;
				GCC_WARN_ABOUT_RETURN_TYPE = YES_ERROR;
				GCC_WARN_UNDECLARED_SELECTOR = YES;
				GCC_WARN_UNINITIALIZED_AUTOS = YES_AGGRESSIVE;
				GCC_WARN_UNUSED_FUNCTION = YES;
				GCC_WARN_UNUSED_VARIABLE = YES;
				IPHONEOS_DEPLOYMENT_TARGET = 7.1;
				ONLY_ACTIVE_ARCH = YES;
				SDKROOT = iphoneos;
				TARGETED_DEVICE_FAMILY = "1,2";
			};
			name = Debug;
		};
		74180CA7190F496E00A35C82 /* Release */ = {
			isa = XCBuildConfiguration;
			buildSettings = {
				ALWAYS_SEARCH_USER_PATHS = NO;
				CLANG_CXX_LANGUAGE_STANDARD = "gnu++0x";
				CLANG_CXX_LIBRARY = "libc++";
				CLANG_ENABLE_MODULES = YES;
				CLANG_ENABLE_OBJC_ARC = YES;
				CLANG_WARN_BOOL_CONVERSION = YES;
				CLANG_WARN_CONSTANT_CONVERSION = YES;
				CLANG_WARN_DIRECT_OBJC_ISA_USAGE = YES_ERROR;
				CLANG_WARN_EMPTY_BODY = YES;
				CLANG_WARN_ENUM_CONVERSION = YES;
				CLANG_WARN_INT_CONVERSION = YES;
				CLANG_WARN_OBJC_ROOT_CLASS = YES_ERROR;
				CLANG_WARN__DUPLICATE_METHOD_MATCH = YES;
				"CODE_SIGN_IDENTITY[sdk=iphoneos*]" = "iPhone Developer";
				COPY_PHASE_STRIP = YES;
				ENABLE_NS_ASSERTIONS = NO;
				GCC_C_LANGUAGE_STANDARD = gnu99;
				GCC_WARN_64_TO_32_BIT_CONVERSION = YES;
				GCC_WARN_ABOUT_RETURN_TYPE = YES_ERROR;
				GCC_WARN_UNDECLARED_SELECTOR = YES;
				GCC_WARN_UNINITIALIZED_AUTOS = YES_AGGRESSIVE;
				GCC_WARN_UNUSED_FUNCTION = YES;
				GCC_WARN_UNUSED_VARIABLE = YES;
				IPHONEOS_DEPLOYMENT_TARGET = 7.1;
				SDKROOT = iphoneos;
				TARGETED_DEVICE_FAMILY = "1,2";
				VALIDATE_PRODUCT = YES;
			};
			name = Release;
		};
		74180CA9190F496E00A35C82 /* Debug */ = {
			isa = XCBuildConfiguration;
			buildSettings = {
				ASSETCATALOG_COMPILER_APPICON_NAME = AppIcon;
				ASSETCATALOG_COMPILER_LAUNCHIMAGE_NAME = LaunchImage;
				FRAMEWORK_SEARCH_PATHS = "$(inherited)";
				GCC_PRECOMPILE_PREFIX_HEADER = YES;
				GCC_PREFIX_HEADER = "MessageDisplayKitStoryBoradExample/MessageDisplayKitStoryBoradExample-Prefix.pch";
				INFOPLIST_FILE = "MessageDisplayKitStoryBoradExample/MessageDisplayKitStoryBoradExample-Info.plist";
				IPHONEOS_DEPLOYMENT_TARGET = 6.0;
				OTHER_LDFLAGS = (
					"-all_load",
					"-ObjC",
				);
				PRODUCT_NAME = "$(TARGET_NAME)";
				WRAPPER_EXTENSION = app;
			};
			name = Debug;
		};
		74180CAA190F496E00A35C82 /* Release */ = {
			isa = XCBuildConfiguration;
			buildSettings = {
				ASSETCATALOG_COMPILER_APPICON_NAME = AppIcon;
				ASSETCATALOG_COMPILER_LAUNCHIMAGE_NAME = LaunchImage;
				FRAMEWORK_SEARCH_PATHS = "$(inherited)";
				GCC_PRECOMPILE_PREFIX_HEADER = YES;
				GCC_PREFIX_HEADER = "MessageDisplayKitStoryBoradExample/MessageDisplayKitStoryBoradExample-Prefix.pch";
				INFOPLIST_FILE = "MessageDisplayKitStoryBoradExample/MessageDisplayKitStoryBoradExample-Info.plist";
				IPHONEOS_DEPLOYMENT_TARGET = 6.0;
				OTHER_LDFLAGS = (
					"-all_load",
					"-ObjC",
				);
				PRODUCT_NAME = "$(TARGET_NAME)";
				WRAPPER_EXTENSION = app;
			};
			name = Release;
		};
		74180CAC190F496E00A35C82 /* Debug */ = {
			isa = XCBuildConfiguration;
			buildSettings = {
				BUNDLE_LOADER = "$(BUILT_PRODUCTS_DIR)/MessageDisplayKitStoryBoradExample.app/MessageDisplayKitStoryBoradExample";
				FRAMEWORK_SEARCH_PATHS = (
					"$(SDKROOT)/Developer/Library/Frameworks",
					"$(inherited)",
					"$(DEVELOPER_FRAMEWORKS_DIR)",
				);
				GCC_PRECOMPILE_PREFIX_HEADER = YES;
				GCC_PREFIX_HEADER = "MessageDisplayKitStoryBoradExample/MessageDisplayKitStoryBoradExample-Prefix.pch";
				GCC_PREPROCESSOR_DEFINITIONS = (
					"DEBUG=1",
					"$(inherited)",
				);
				INFOPLIST_FILE = "MessageDisplayKitStoryBoradExampleTests/MessageDisplayKitStoryBoradExampleTests-Info.plist";
				PRODUCT_NAME = "$(TARGET_NAME)";
				TEST_HOST = "$(BUNDLE_LOADER)";
				WRAPPER_EXTENSION = xctest;
			};
			name = Debug;
		};
		74180CAD190F496E00A35C82 /* Release */ = {
			isa = XCBuildConfiguration;
			buildSettings = {
				BUNDLE_LOADER = "$(BUILT_PRODUCTS_DIR)/MessageDisplayKitStoryBoradExample.app/MessageDisplayKitStoryBoradExample";
				FRAMEWORK_SEARCH_PATHS = (
					"$(SDKROOT)/Developer/Library/Frameworks",
					"$(inherited)",
					"$(DEVELOPER_FRAMEWORKS_DIR)",
				);
				GCC_PRECOMPILE_PREFIX_HEADER = YES;
				GCC_PREFIX_HEADER = "MessageDisplayKitStoryBoradExample/MessageDisplayKitStoryBoradExample-Prefix.pch";
				INFOPLIST_FILE = "MessageDisplayKitStoryBoradExampleTests/MessageDisplayKitStoryBoradExampleTests-Info.plist";
				PRODUCT_NAME = "$(TARGET_NAME)";
				TEST_HOST = "$(BUNDLE_LOADER)";
				WRAPPER_EXTENSION = xctest;
			};
			name = Release;
		};
/* End XCBuildConfiguration section */

/* Begin XCConfigurationList section */
		74180C6E190F496E00A35C82 /* Build configuration list for PBXProject "MessageDisplayKitStoryBoradExample" */ = {
			isa = XCConfigurationList;
			buildConfigurations = (
				74180CA6190F496E00A35C82 /* Debug */,
				74180CA7190F496E00A35C82 /* Release */,
			);
			defaultConfigurationIsVisible = 0;
			defaultConfigurationName = Release;
		};
		74180CA8190F496E00A35C82 /* Build configuration list for PBXNativeTarget "MessageDisplayKitStoryBoradExample" */ = {
			isa = XCConfigurationList;
			buildConfigurations = (
				74180CA9190F496E00A35C82 /* Debug */,
				74180CAA190F496E00A35C82 /* Release */,
			);
			defaultConfigurationIsVisible = 0;
			defaultConfigurationName = Release;
		};
		74180CAB190F496E00A35C82 /* Build configuration list for PBXNativeTarget "MessageDisplayKitStoryBoradExampleTests" */ = {
			isa = XCConfigurationList;
			buildConfigurations = (
				74180CAC190F496E00A35C82 /* Debug */,
				74180CAD190F496E00A35C82 /* Release */,
			);
			defaultConfigurationIsVisible = 0;
			defaultConfigurationName = Release;
		};
/* End XCConfigurationList section */
	};
	rootObject = 74180C6B190F496E00A35C82 /* Project object */;
}
